
Microsoft Visual Studio Solution File, Format Version 12.00
# Visual Studio Version 17
VisualStudioVersion = 17.0.31903.59
MinimumVisualStudioVersion = 10.0.40219.1
Project("{2150E333-8FDC-42A3-9474-1A3956D46DE8}") = "eng", "eng", "{7525B257-249C-EE79-B10A-65D0BC27ABA9}"
EndProject
Project("{FAE04EC0-301F-11D3-BF4B-00C04F79EFBC}") = "JayTom.Dws.CodeQualityGuard", "eng\JayTom.Dws.CodeQualityGuard\JayTom.Dws.CodeQualityGuard.csproj", "{48CA000D-797A-4A2D-97D9-0D643B370320}"
EndProject
Project("{FAE04EC0-301F-11D3-BF4B-00C04F79EFBC}") = "JayTom.Dws.Camera", "JayTom.Dws.Camera\JayTom.Dws.Camera.csproj", "{48BE8BD7-F1B5-401C-BB79-2AB560852F15}"
EndProject
Project("{FAE04EC0-301F-11D3-BF4B-00C04F79EFBC}") = "JayTom.Dws.Ocr", "JayTom.Dws.Ocr\JayTom.Dws.Ocr.csproj", "{14009EDA-DEAE-49BB-B6EE-C951EC81B540}"
EndProject
Project("{FAE04EC0-301F-11D3-BF4B-00C04F79EFBC}") = "JayTom.Dws.Client", "JayTom.Dws.Client\JayTom.Dws.Client.csproj", "{DA561C00-64C3-4716-96E7-8ECA31DDE301}"
EndProject
Project("{FAE04EC0-301F-11D3-BF4B-00C04F79EFBC}") = "JayTom.Dws.Infrastructure", "JayTom.Dws.Infrastructure\JayTom.Dws.Infrastructure.csproj", "{036B5560-E3CE-46DA-890F-BED43536095A}"
EndProject
Project("{FAE04EC0-301F-11D3-BF4B-00C04F79EFBC}") = "JayTom.Dws.Domain", "JayTom.Dws.Domain\JayTom.Dws.Domain.csproj", "{07BD52F2-FB5A-4380-9AA8-A0F587094E99}"
EndProject
Project("{FAE04EC0-301F-11D3-BF4B-00C04F79EFBC}") = "JayTom.Dws.Interface", "JayTom.Dws.Interface\JayTom.Dws.Interface.csproj", "{94EAE8C3-16D3-4C9E-8643-E43798E45404}"
EndProject
Project("{FAE04EC0-301F-11D3-BF4B-00C04F79EFBC}") = "JayTom.Dws.Plugin", "JayTom.Dws.Plugin\JayTom.Dws.Plugin.csproj", "{A21483D0-B5DB-49FE-B0D9-ED1B41B4DBC0}"
EndProject
Project("{FAE04EC0-301F-11D3-BF4B-00C04F79EFBC}") = "JayTom.Dws.Utils", "JayTom.Dws.Utils\JayTom.Dws.Utils.csproj", "{6B7AB8EC-31A6-4BBB-A2E9-1AF3BC261C52}"
EndProject
Project("{FAE04EC0-301F-11D3-BF4B-00C04F79EFBC}") = "JayTom.Dws.License", "JayTom.Dws.License\JayTom.Dws.License.csproj", "{A0589EC9-E08F-4041-AE15-32A82BEF9B14}"
EndProject
Project("{FAE04EC0-301F-11D3-BF4B-00C04F79EFBC}") = "JayTom.Dws.Nvr", "JayTom.Dws.Nvr\JayTom.Dws.Nvr.csproj", "{3FD37B5A-B64A-4653-B08C-C71BBDB39ECB}"
EndProject
Project("{FAE04EC0-301F-11D3-BF4B-00C04F79EFBC}") = "JayTom.Dws.PluginInterface", "JayTom.Dws.PluginInterface\JayTom.Dws.PluginInterface.csproj", "{F31BDBBA-3872-43AA-B4CC-7BA72CB52F7B}"
EndProject
Project("{FAE04EC0-301F-11D3-BF4B-00C04F79EFBC}") = "JayTom.Dws.LicenseTool", "JayTom.Dws.LicenseTool\JayTom.Dws.LicenseTool.csproj", "{65EEF32C-54B8-4B7D-870B-9EB19ED023B2}"
EndProject
Project("{2150E333-8FDC-42A3-9474-1A3956D46DE8}") = "tests", "tests", "{0AB3BF05-4346-4AA6-1389-037BE0695223}"
EndProject
Project("{FAE04EC0-301F-11D3-BF4B-00C04F79EFBC}") = "JayTom.Dws.Tests", "JayTom.Dws.Tests\JayTom.Dws.Tests.csproj", "{F452EE26-61D7-4366-BE79-194E66D49FE9}"
EndProject
Project("{FAE04EC0-301F-11D3-BF4B-00C04F79EFBC}") = "JayTom.Dws.Abstractions", "JayTom.Dws.Abstractions\JayTom.Dws.Abstractions.csproj", "{1D446348-F066-4818-BBE0-6F39F1DC5272}"
EndProject
Project("{FAE04EC0-301F-11D3-BF4B-00C04F79EFBC}") = "JayTom.Dws.Application", "JayTom.Dws.Application\JayTom.Dws.Application.csproj", "{561C3CB5-98EE-4588-BC7C-C94808A5FFB6}"
EndProject
Project("{FAE04EC0-301F-11D3-BF4B-00C04F79EFBC}") = "JayTom.Dws.Excel", "JayTom.Dws.Excel\JayTom.Dws.Excel.csproj", "{E0A9AB62-CE87-48AC-88DE-0C97641E2083}"
EndProject
Project("{FAE04EC0-301F-11D3-BF4B-00C04F79EFBC}") = "JayTom.Dws.Models", "JayTom.Dws.Models\JayTom.Dws.Models.csproj", "{F68271D5-31ED-4D17-8929-5640A1D0F87E}"
EndProject
Project("{FAE04EC0-301F-11D3-BF4B-00C04F79EFBC}") = "JayTom.Dws.Plugin.Abstractions", "JayTom.Dws.Plugin.Abstractions\JayTom.Dws.Plugin.Abstractions.csproj", "{F4D73901-191D-44E0-B812-86B4EF9CB4E2}"
EndProject
Global
	GlobalSection(SolutionConfigurationPlatforms) = preSolution
		Debug|Any CPU = Debug|Any CPU
		Debug|x64 = Debug|x64
		Debug|x86 = Debug|x86
		Release|Any CPU = Release|Any CPU
		Release|x64 = Release|x64
		Release|x86 = Release|x86
	EndGlobalSection
	GlobalSection(ProjectConfigurationPlatforms) = postSolution
		{48CA000D-797A-4A2D-97D9-0D643B370320}.Debug|Any CPU.ActiveCfg = Debug|Any CPU
		{48CA000D-797A-4A2D-97D9-0D643B370320}.Debug|Any CPU.Build.0 = Debug|Any CPU
		{48CA000D-797A-4A2D-97D9-0D643B370320}.Debug|x64.ActiveCfg = Debug|Any CPU
		{48CA000D-797A-4A2D-97D9-0D643B370320}.Debug|x64.Build.0 = Debug|Any CPU
		{48CA000D-797A-4A2D-97D9-0D643B370320}.Debug|x86.ActiveCfg = Debug|Any CPU
		{48CA000D-797A-4A2D-97D9-0D643B370320}.Debug|x86.Build.0 = Debug|Any CPU
		{48CA000D-797A-4A2D-97D9-0D643B370320}.Release|Any CPU.ActiveCfg = Release|Any CPU
		{48CA000D-797A-4A2D-97D9-0D643B370320}.Release|Any CPU.Build.0 = Release|Any CPU
		{48CA000D-797A-4A2D-97D9-0D643B370320}.Release|x64.ActiveCfg = Release|Any CPU
		{48CA000D-797A-4A2D-97D9-0D643B370320}.Release|x64.Build.0 = Release|Any CPU
		{48CA000D-797A-4A2D-97D9-0D643B370320}.Release|x86.ActiveCfg = Release|Any CPU
		{48CA000D-797A-4A2D-97D9-0D643B370320}.Release|x86.Build.0 = Release|Any CPU
		{48BE8BD7-F1B5-401C-BB79-2AB560852F15}.Debug|Any CPU.ActiveCfg = Debug|x64
		{48BE8BD7-F1B5-401C-BB79-2AB560852F15}.Debug|Any CPU.Build.0 = Debug|x64
		{48BE8BD7-F1B5-401C-BB79-2AB560852F15}.Debug|x64.ActiveCfg = Debug|x64
		{48BE8BD7-F1B5-401C-BB79-2AB560852F15}.Debug|x64.Build.0 = Debug|x64
		{48BE8BD7-F1B5-401C-BB79-2AB560852F15}.Debug|x86.ActiveCfg = Debug|x64
		{48BE8BD7-F1B5-401C-BB79-2AB560852F15}.Debug|x86.Build.0 = Debug|x64
		{48BE8BD7-F1B5-401C-BB79-2AB560852F15}.Release|Any CPU.ActiveCfg = Release|x64
		{48BE8BD7-F1B5-401C-BB79-2AB560852F15}.Release|Any CPU.Build.0 = Release|x64
		{48BE8BD7-F1B5-401C-BB79-2AB560852F15}.Release|x64.ActiveCfg = Release|x64
		{48BE8BD7-F1B5-401C-BB79-2AB560852F15}.Release|x64.Build.0 = Release|x64
		{48BE8BD7-F1B5-401C-BB79-2AB560852F15}.Release|x86.ActiveCfg = Release|x64
		{48BE8BD7-F1B5-401C-BB79-2AB560852F15}.Release|x86.Build.0 = Release|x64
		{14009EDA-DEAE-49BB-B6EE-C951EC81B540}.Debug|Any CPU.ActiveCfg = Debug|x64
		{14009EDA-DEAE-49BB-B6EE-C951EC81B540}.Debug|Any CPU.Build.0 = Debug|x64
		{14009EDA-DEAE-49BB-B6EE-C951EC81B540}.Debug|x64.ActiveCfg = Debug|x64
		{14009EDA-DEAE-49BB-B6EE-C951EC81B540}.Debug|x64.Build.0 = Debug|x64
		{14009EDA-DEAE-49BB-B6EE-C951EC81B540}.Debug|x86.ActiveCfg = Debug|x64
		{14009EDA-DEAE-49BB-B6EE-C951EC81B540}.Debug|x86.Build.0 = Debug|x64
		{14009EDA-DEAE-49BB-B6EE-C951EC81B540}.Release|Any CPU.ActiveCfg = Release|x64
		{14009EDA-DEAE-49BB-B6EE-C951EC81B540}.Release|Any CPU.Build.0 = Release|x64
		{14009EDA-DEAE-49BB-B6EE-C951EC81B540}.Release|x64.ActiveCfg = Release|x64
		{14009EDA-DEAE-49BB-B6EE-C951EC81B540}.Release|x64.Build.0 = Release|x64
		{14009EDA-DEAE-49BB-B6EE-C951EC81B540}.Release|x86.ActiveCfg = Release|x64
		{14009EDA-DEAE-49BB-B6EE-C951EC81B540}.Release|x86.Build.0 = Release|x64
		{DA561C00-64C3-4716-96E7-8ECA31DDE301}.Debug|Any CPU.ActiveCfg = Debug|x64
		{DA561C00-64C3-4716-96E7-8ECA31DDE301}.Debug|Any CPU.Build.0 = Debug|x64
		{DA561C00-64C3-4716-96E7-8ECA31DDE301}.Debug|x64.ActiveCfg = Debug|x64
		{DA561C00-64C3-4716-96E7-8ECA31DDE301}.Debug|x64.Build.0 = Debug|x64
		{DA561C00-64C3-4716-96E7-8ECA31DDE301}.Debug|x86.ActiveCfg = Debug|x64
		{DA561C00-64C3-4716-96E7-8ECA31DDE301}.Debug|x86.Build.0 = Debug|x64
		{DA561C00-64C3-4716-96E7-8ECA31DDE301}.Release|Any CPU.ActiveCfg = Release|x64
		{DA561C00-64C3-4716-96E7-8ECA31DDE301}.Release|Any CPU.Build.0 = Release|x64
		{DA561C00-64C3-4716-96E7-8ECA31DDE301}.Release|x64.ActiveCfg = Release|x64
		{DA561C00-64C3-4716-96E7-8ECA31DDE301}.Release|x64.Build.0 = Release|x64
		{DA561C00-64C3-4716-96E7-8ECA31DDE301}.Release|x86.ActiveCfg = Release|x64
		{DA561C00-64C3-4716-96E7-8ECA31DDE301}.Release|x86.Build.0 = Release|x64
		{036B5560-E3CE-46DA-890F-BED43536095A}.Debug|Any CPU.ActiveCfg = Debug|x64
		{036B5560-E3CE-46DA-890F-BED43536095A}.Debug|Any CPU.Build.0 = Debug|x64
		{036B5560-E3CE-46DA-890F-BED43536095A}.Debug|x64.ActiveCfg = Debug|x64
		{036B5560-E3CE-46DA-890F-BED43536095A}.Debug|x64.Build.0 = Debug|x64
		{036B5560-E3CE-46DA-890F-BED43536095A}.Debug|x86.ActiveCfg = Debug|x64
		{036B5560-E3CE-46DA-890F-BED43536095A}.Debug|x86.Build.0 = Debug|x64
		{036B5560-E3CE-46DA-890F-BED43536095A}.Release|Any CPU.ActiveCfg = Release|x64
		{036B5560-E3CE-46DA-890F-BED43536095A}.Release|Any CPU.Build.0 = Release|x64
		{036B5560-E3CE-46DA-890F-BED43536095A}.Release|x64.ActiveCfg = Release|x64
		{036B5560-E3CE-46DA-890F-BED43536095A}.Release|x64.Build.0 = Release|x64
		{036B5560-E3CE-46DA-890F-BED43536095A}.Release|x86.ActiveCfg = Release|x64
		{036B5560-E3CE-46DA-890F-BED43536095A}.Release|x86.Build.0 = Release|x64
		{07BD52F2-FB5A-4380-9AA8-A0F587094E99}.Debug|Any CPU.ActiveCfg = Debug|x64
		{07BD52F2-FB5A-4380-9AA8-A0F587094E99}.Debug|Any CPU.Build.0 = Debug|x64
		{07BD52F2-FB5A-4380-9AA8-A0F587094E99}.Debug|x64.ActiveCfg = Debug|x64
		{07BD52F2-FB5A-4380-9AA8-A0F587094E99}.Debug|x64.Build.0 = Debug|x64
		{07BD52F2-FB5A-4380-9AA8-A0F587094E99}.Debug|x86.ActiveCfg = Debug|x64
		{07BD52F2-FB5A-4380-9AA8-A0F587094E99}.Debug|x86.Build.0 = Debug|x64
		{07BD52F2-FB5A-4380-9AA8-A0F587094E99}.Release|Any CPU.ActiveCfg = Release|x64
		{07BD52F2-FB5A-4380-9AA8-A0F587094E99}.Release|Any CPU.Build.0 = Release|x64
		{07BD52F2-FB5A-4380-9AA8-A0F587094E99}.Release|x64.ActiveCfg = Release|x64
		{07BD52F2-FB5A-4380-9AA8-A0F587094E99}.Release|x64.Build.0 = Release|x64
		{07BD52F2-FB5A-4380-9AA8-A0F587094E99}.Release|x86.ActiveCfg = Release|x64
		{07BD52F2-FB5A-4380-9AA8-A0F587094E99}.Release|x86.Build.0 = Release|x64
		{94EAE8C3-16D3-4C9E-8643-E43798E45404}.Debug|Any CPU.ActiveCfg = Debug|x64
		{94EAE8C3-16D3-4C9E-8643-E43798E45404}.Debug|Any CPU.Build.0 = Debug|x64
		{94EAE8C3-16D3-4C9E-8643-E43798E45404}.Debug|x64.ActiveCfg = Debug|x64
		{94EAE8C3-16D3-4C9E-8643-E43798E45404}.Debug|x64.Build.0 = Debug|x64
		{94EAE8C3-16D3-4C9E-8643-E43798E45404}.Debug|x86.ActiveCfg = Debug|x64
		{94EAE8C3-16D3-4C9E-8643-E43798E45404}.Debug|x86.Build.0 = Debug|x64
		{94EAE8C3-16D3-4C9E-8643-E43798E45404}.Release|Any CPU.ActiveCfg = Release|x64
		{94EAE8C3-16D3-4C9E-8643-E43798E45404}.Release|Any CPU.Build.0 = Release|x64
		{94EAE8C3-16D3-4C9E-8643-E43798E45404}.Release|x64.ActiveCfg = Release|x64
		{94EAE8C3-16D3-4C9E-8643-E43798E45404}.Release|x64.Build.0 = Release|x64
		{94EAE8C3-16D3-4C9E-8643-E43798E45404}.Release|x86.ActiveCfg = Release|x64
		{94EAE8C3-16D3-4C9E-8643-E43798E45404}.Release|x86.Build.0 = Release|x64
		{A21483D0-B5DB-49FE-B0D9-ED1B41B4DBC0}.Debug|Any CPU.ActiveCfg = Debug|x64
		{A21483D0-B5DB-49FE-B0D9-ED1B41B4DBC0}.Debug|Any CPU.Build.0 = Debug|x64
		{A21483D0-B5DB-49FE-B0D9-ED1B41B4DBC0}.Debug|x64.ActiveCfg = Debug|x64
		{A21483D0-B5DB-49FE-B0D9-ED1B41B4DBC0}.Debug|x64.Build.0 = Debug|x64
		{A21483D0-B5DB-49FE-B0D9-ED1B41B4DBC0}.Debug|x86.ActiveCfg = Debug|x64
		{A21483D0-B5DB-49FE-B0D9-ED1B41B4DBC0}.Debug|x86.Build.0 = Debug|x64
		{A21483D0-B5DB-49FE-B0D9-ED1B41B4DBC0}.Release|Any CPU.ActiveCfg = Release|x64
		{A21483D0-B5DB-49FE-B0D9-ED1B41B4DBC0}.Release|Any CPU.Build.0 = Release|x64
		{A21483D0-B5DB-49FE-B0D9-ED1B41B4DBC0}.Release|x64.ActiveCfg = Release|x64
		{A21483D0-B5DB-49FE-B0D9-ED1B41B4DBC0}.Release|x64.Build.0 = Release|x64
		{A21483D0-B5DB-49FE-B0D9-ED1B41B4DBC0}.Release|x86.ActiveCfg = Release|x64
		{A21483D0-B5DB-49FE-B0D9-ED1B41B4DBC0}.Release|x86.Build.0 = Release|x64
		{6B7AB8EC-31A6-4BBB-A2E9-1AF3BC261C52}.Debug|Any CPU.ActiveCfg = Debug|x64
		{6B7AB8EC-31A6-4BBB-A2E9-1AF3BC261C52}.Debug|Any CPU.Build.0 = Debug|x64
		{6B7AB8EC-31A6-4BBB-A2E9-1AF3BC261C52}.Debug|x64.ActiveCfg = Debug|x64
		{6B7AB8EC-31A6-4BBB-A2E9-1AF3BC261C52}.Debug|x64.Build.0 = Debug|x64
		{6B7AB8EC-31A6-4BBB-A2E9-1AF3BC261C52}.Debug|x86.ActiveCfg = Debug|x64
		{6B7AB8EC-31A6-4BBB-A2E9-1AF3BC261C52}.Debug|x86.Build.0 = Debug|x64
		{6B7AB8EC-31A6-4BBB-A2E9-1AF3BC261C52}.Release|Any CPU.ActiveCfg = Release|x64
		{6B7AB8EC-31A6-4BBB-A2E9-1AF3BC261C52}.Release|Any CPU.Build.0 = Release|x64
		{6B7AB8EC-31A6-4BBB-A2E9-1AF3BC261C52}.Release|x64.ActiveCfg = Release|x64
		{6B7AB8EC-31A6-4BBB-A2E9-1AF3BC261C52}.Release|x64.Build.0 = Release|x64
		{6B7AB8EC-31A6-4BBB-A2E9-1AF3BC261C52}.Release|x86.ActiveCfg = Release|x64
		{6B7AB8EC-31A6-4BBB-A2E9-1AF3BC261C52}.Release|x86.Build.0 = Release|x64
		{A0589EC9-E08F-4041-AE15-32A82BEF9B14}.Debug|Any CPU.ActiveCfg = Debug|x64
		{A0589EC9-E08F-4041-AE15-32A82BEF9B14}.Debug|Any CPU.Build.0 = Debug|x64
		{A0589EC9-E08F-4041-AE15-32A82BEF9B14}.Debug|x64.ActiveCfg = Debug|x64
		{A0589EC9-E08F-4041-AE15-32A82BEF9B14}.Debug|x64.Build.0 = Debug|x64
		{A0589EC9-E08F-4041-AE15-32A82BEF9B14}.Debug|x86.ActiveCfg = Debug|x64
		{A0589EC9-E08F-4041-AE15-32A82BEF9B14}.Debug|x86.Build.0 = Debug|x64
		{A0589EC9-E08F-4041-AE15-32A82BEF9B14}.Release|Any CPU.ActiveCfg = Release|x64
		{A0589EC9-E08F-4041-AE15-32A82BEF9B14}.Release|Any CPU.Build.0 = Release|x64
		{A0589EC9-E08F-4041-AE15-32A82BEF9B14}.Release|x64.ActiveCfg = Release|x64
		{A0589EC9-E08F-4041-AE15-32A82BEF9B14}.Release|x64.Build.0 = Release|x64
		{A0589EC9-E08F-4041-AE15-32A82BEF9B14}.Release|x86.ActiveCfg = Release|x64
		{A0589EC9-E08F-4041-AE15-32A82BEF9B14}.Release|x86.Build.0 = Release|x64
		{3FD37B5A-B64A-4653-B08C-C71BBDB39ECB}.Debug|Any CPU.ActiveCfg = Debug|x64
		{3FD37B5A-B64A-4653-B08C-C71BBDB39ECB}.Debug|Any CPU.Build.0 = Debug|x64
		{3FD37B5A-B64A-4653-B08C-C71BBDB39ECB}.Debug|x64.ActiveCfg = Debug|x64
		{3FD37B5A-B64A-4653-B08C-C71BBDB39ECB}.Debug|x64.Build.0 = Debug|x64
		{3FD37B5A-B64A-4653-B08C-C71BBDB39ECB}.Debug|x86.ActiveCfg = Debug|x64
		{3FD37B5A-B64A-4653-B08C-C71BBDB39ECB}.Debug|x86.Build.0 = Debug|x64
		{3FD37B5A-B64A-4653-B08C-C71BBDB39ECB}.Release|Any CPU.ActiveCfg = Release|x64
		{3FD37B5A-B64A-4653-B08C-C71BBDB39ECB}.Release|Any CPU.Build.0 = Release|x64
		{3FD37B5A-B64A-4653-B08C-C71BBDB39ECB}.Release|x64.ActiveCfg = Release|x64
		{3FD37B5A-B64A-4653-B08C-C71BBDB39ECB}.Release|x64.Build.0 = Release|x64
		{3FD37B5A-B64A-4653-B08C-C71BBDB39ECB}.Release|x86.ActiveCfg = Release|x64
		{3FD37B5A-B64A-4653-B08C-C71BBDB39ECB}.Release|x86.Build.0 = Release|x64
		{F31BDBBA-3872-43AA-B4CC-7BA72CB52F7B}.Debug|Any CPU.ActiveCfg = Debug|x64
		{F31BDBBA-3872-43AA-B4CC-7BA72CB52F7B}.Debug|Any CPU.Build.0 = Debug|x64
		{F31BDBBA-3872-43AA-B4CC-7BA72CB52F7B}.Debug|x64.ActiveCfg = Debug|x64
		{F31BDBBA-3872-43AA-B4CC-7BA72CB52F7B}.Debug|x64.Build.0 = Debug|x64
		{F31BDBBA-3872-43AA-B4CC-7BA72CB52F7B}.Debug|x86.ActiveCfg = Debug|x64
		{F31BDBBA-3872-43AA-B4CC-7BA72CB52F7B}.Debug|x86.Build.0 = Debug|x64
		{F31BDBBA-3872-43AA-B4CC-7BA72CB52F7B}.Release|Any CPU.ActiveCfg = Release|x64
		{F31BDBBA-3872-43AA-B4CC-7BA72CB52F7B}.Release|Any CPU.Build.0 = Release|x64
		{F31BDBBA-3872-43AA-B4CC-7BA72CB52F7B}.Release|x64.ActiveCfg = Release|x64
		{F31BDBBA-3872-43AA-B4CC-7BA72CB52F7B}.Release|x64.Build.0 = Release|x64
		{F31BDBBA-3872-43AA-B4CC-7BA72CB52F7B}.Release|x86.ActiveCfg = Release|x64
		{F31BDBBA-3872-43AA-B4CC-7BA72CB52F7B}.Release|x86.Build.0 = Release|x64
		{65EEF32C-54B8-4B7D-870B-9EB19ED023B2}.Debug|Any CPU.ActiveCfg = Debug|x64
		{65EEF32C-54B8-4B7D-870B-9EB19ED023B2}.Debug|Any CPU.Build.0 = Debug|x64
		{65EEF32C-54B8-4B7D-870B-9EB19ED023B2}.Debug|x64.ActiveCfg = Debug|x64
		{65EEF32C-54B8-4B7D-870B-9EB19ED023B2}.Debug|x64.Build.0 = Debug|x64
		{65EEF32C-54B8-4B7D-870B-9EB19ED023B2}.Debug|x86.ActiveCfg = Debug|x64
		{65EEF32C-54B8-4B7D-870B-9EB19ED023B2}.Debug|x86.Build.0 = Debug|x64
		{65EEF32C-54B8-4B7D-870B-9EB19ED023B2}.Release|Any CPU.ActiveCfg = Release|x64
		{65EEF32C-54B8-4B7D-870B-9EB19ED023B2}.Release|Any CPU.Build.0 = Release|x64
		{65EEF32C-54B8-4B7D-870B-9EB19ED023B2}.Release|x64.ActiveCfg = Release|x64
		{65EEF32C-54B8-4B7D-870B-9EB19ED023B2}.Release|x64.Build.0 = Release|x64
		{65EEF32C-54B8-4B7D-870B-9EB19ED023B2}.Release|x86.ActiveCfg = Release|x64
		{65EEF32C-54B8-4B7D-870B-9EB19ED023B2}.Release|x86.Build.0 = Release|x64
		{F452EE26-61D7-4366-BE79-194E66D49FE9}.Debug|Any CPU.ActiveCfg = Debug|x64
		{F452EE26-61D7-4366-BE79-194E66D49FE9}.Debug|Any CPU.Build.0 = Debug|x64
		{F452EE26-61D7-4366-BE79-194E66D49FE9}.Debug|x64.ActiveCfg = Debug|x64
		{F452EE26-61D7-4366-BE79-194E66D49FE9}.Debug|x64.Build.0 = Debug|x64
		{F452EE26-61D7-4366-BE79-194E66D49FE9}.Debug|x86.ActiveCfg = Debug|x64
		{F452EE26-61D7-4366-BE79-194E66D49FE9}.Debug|x86.Build.0 = Debug|x64
		{F452EE26-61D7-4366-BE79-194E66D49FE9}.Release|Any CPU.ActiveCfg = Release|x64
		{F452EE26-61D7-4366-BE79-194E66D49FE9}.Release|Any CPU.Build.0 = Release|x64
		{F452EE26-61D7-4366-BE79-194E66D49FE9}.Release|x64.ActiveCfg = Release|x64
		{F452EE26-61D7-4366-BE79-194E66D49FE9}.Release|x64.Build.0 = Release|x64
		{F452EE26-61D7-4366-BE79-194E66D49FE9}.Release|x86.ActiveCfg = Release|x64
		{F452EE26-61D7-4366-BE79-194E66D49FE9}.Release|x86.Build.0 = Release|x64
		{1D446348-F066-4818-BBE0-6F39F1DC5272}.Debug|Any CPU.ActiveCfg = Debug|Any CPU
		{1D446348-F066-4818-BBE0-6F39F1DC5272}.Debug|Any CPU.Build.0 = Debug|Any CPU
		{1D446348-F066-4818-BBE0-6F39F1DC5272}.Debug|x64.ActiveCfg = Debug|Any CPU
		{1D446348-F066-4818-BBE0-6F39F1DC5272}.Debug|x64.Build.0 = Debug|Any CPU
		{1D446348-F066-4818-BBE0-6F39F1DC5272}.Debug|x86.ActiveCfg = Debug|Any CPU
		{1D446348-F066-4818-BBE0-6F39F1DC5272}.Debug|x86.Build.0 = Debug|Any CPU
		{1D446348-F066-4818-BBE0-6F39F1DC5272}.Release|Any CPU.ActiveCfg = Release|Any CPU
		{1D446348-F066-4818-BBE0-6F39F1DC5272}.Release|Any CPU.Build.0 = Release|Any CPU
		{1D446348-F066-4818-BBE0-6F39F1DC5272}.Release|x64.ActiveCfg = Release|Any CPU
		{1D446348-F066-4818-BBE0-6F39F1DC5272}.Release|x64.Build.0 = Release|Any CPU
		{1D446348-F066-4818-BBE0-6F39F1DC5272}.Release|x86.ActiveCfg = Release|Any CPU
		{1D446348-F066-4818-BBE0-6F39F1DC5272}.Release|x86.Build.0 = Release|Any CPU
		{561C3CB5-98EE-4588-BC7C-C94808A5FFB6}.Debug|Any CPU.ActiveCfg = Debug|x64
		{561C3CB5-98EE-4588-BC7C-C94808A5FFB6}.Debug|Any CPU.Build.0 = Debug|x64
		{561C3CB5-98EE-4588-BC7C-C94808A5FFB6}.Debug|x64.ActiveCfg = Debug|x64
		{561C3CB5-98EE-4588-BC7C-C94808A5FFB6}.Debug|x64.Build.0 = Debug|x64
		{561C3CB5-98EE-4588-BC7C-C94808A5FFB6}.Debug|x86.ActiveCfg = Debug|x64
		{561C3CB5-98EE-4588-BC7C-C94808A5FFB6}.Debug|x86.Build.0 = Debug|x64
		{561C3CB5-98EE-4588-BC7C-C94808A5FFB6}.Release|Any CPU.ActiveCfg = Release|x64
		{561C3CB5-98EE-4588-BC7C-C94808A5FFB6}.Release|Any CPU.Build.0 = Release|x64
		{561C3CB5-98EE-4588-BC7C-C94808A5FFB6}.Release|x64.ActiveCfg = Release|x64
		{561C3CB5-98EE-4588-BC7C-C94808A5FFB6}.Release|x64.Build.0 = Release|x64
		{561C3CB5-98EE-4588-BC7C-C94808A5FFB6}.Release|x86.ActiveCfg = Release|x64
		{561C3CB5-98EE-4588-BC7C-C94808A5FFB6}.Release|x86.Build.0 = Release|x64
		{E0A9AB62-CE87-48AC-88DE-0C97641E2083}.Debug|Any CPU.ActiveCfg = Debug|x64
		{E0A9AB62-CE87-48AC-88DE-0C97641E2083}.Debug|Any CPU.Build.0 = Debug|x64
		{E0A9AB62-CE87-48AC-88DE-0C97641E2083}.Debug|x64.ActiveCfg = Debug|x64
		{E0A9AB62-CE87-48AC-88DE-0C97641E2083}.Debug|x64.Build.0 = Debug|x64
		{E0A9AB62-CE87-48AC-88DE-0C97641E2083}.Debug|x86.ActiveCfg = Debug|x64
		{E0A9AB62-CE87-48AC-88DE-0C97641E2083}.Debug|x86.Build.0 = Debug|x64
		{E0A9AB62-CE87-48AC-88DE-0C97641E2083}.Release|Any CPU.ActiveCfg = Release|x64
		{E0A9AB62-CE87-48AC-88DE-0C97641E2083}.Release|Any CPU.Build.0 = Release|x64
		{E0A9AB62-CE87-48AC-88DE-0C97641E2083}.Release|x64.ActiveCfg = Release|x64
		{E0A9AB62-CE87-48AC-88DE-0C97641E2083}.Release|x64.Build.0 = Release|x64
		{E0A9AB62-CE87-48AC-88DE-0C97641E2083}.Release|x86.ActiveCfg = Release|x64
		{E0A9AB62-CE87-48AC-88DE-0C97641E2083}.Release|x86.Build.0 = Release|x64
		{F68271D5-31ED-4D17-8929-5640A1D0F87E}.Debug|Any CPU.ActiveCfg = Debug|Any CPU
		{F68271D5-31ED-4D17-8929-5640A1D0F87E}.Debug|Any CPU.Build.0 = Debug|Any CPU
		{F68271D5-31ED-4D17-8929-5640A1D0F87E}.Debug|x64.ActiveCfg = Debug|Any CPU
		{F68271D5-31ED-4D17-8929-5640A1D0F87E}.Debug|x64.Build.0 = Debug|Any CPU
		{F68271D5-31ED-4D17-8929-5640A1D0F87E}.Debug|x86.ActiveCfg = Debug|Any CPU
		{F68271D5-31ED-4D17-8929-5640A1D0F87E}.Debug|x86.Build.0 = Debug|Any CPU
		{F68271D5-31ED-4D17-8929-5640A1D0F87E}.Release|Any CPU.ActiveCfg = Release|Any CPU
		{F68271D5-31ED-4D17-8929-5640A1D0F87E}.Release|Any CPU.Build.0 = Release|Any CPU
		{F68271D5-31ED-4D17-8929-5640A1D0F87E}.Release|x64.ActiveCfg = Release|Any CPU
		{F68271D5-31ED-4D17-8929-5640A1D0F87E}.Release|x64.Build.0 = Release|Any CPU
		{F68271D5-31ED-4D17-8929-5640A1D0F87E}.Release|x86.ActiveCfg = Release|Any CPU
		{F68271D5-31ED-4D17-8929-5640A1D0F87E}.Release|x86.Build.0 = Release|Any CPU
		{F4D73901-191D-44E0-B812-86B4EF9CB4E2}.Debug|Any CPU.ActiveCfg = Debug|Any CPU
		{F4D73901-191D-44E0-B812-86B4EF9CB4E2}.Debug|Any CPU.Build.0 = Debug|Any CPU
		{F4D73901-191D-44E0-B812-86B4EF9CB4E2}.Debug|x64.ActiveCfg = Debug|Any CPU
		{F4D73901-191D-44E0-B812-86B4EF9CB4E2}.Debug|x64.Build.0 = Debug|Any CPU
		{F4D73901-191D-44E0-B812-86B4EF9CB4E2}.Debug|x86.ActiveCfg = Debug|Any CPU
		{F4D73901-191D-44E0-B812-86B4EF9CB4E2}.Debug|x86.Build.0 = Debug|Any CPU
		{F4D73901-191D-44E0-B812-86B4EF9CB4E2}.Release|Any CPU.ActiveCfg = Release|Any CPU
		{F4D73901-191D-44E0-B812-86B4EF9CB4E2}.Release|Any CPU.Build.0 = Release|Any CPU
		{F4D73901-191D-44E0-B812-86B4EF9CB4E2}.Release|x64.ActiveCfg = Release|Any CPU
		{F4D73901-191D-44E0-B812-86B4EF9CB4E2}.Release|x64.Build.0 = Release|Any CPU
		{F4D73901-191D-44E0-B812-86B4EF9CB4E2}.Release|x86.ActiveCfg = Release|Any CPU
		{F4D73901-191D-44E0-B812-86B4EF9CB4E2}.Release|x86.Build.0 = Release|Any CPU
	EndGlobalSection
	GlobalSection(SolutionProperties) = preSolution
		HideSolutionNode = FALSE
	EndGlobalSection
	GlobalSection(NestedProjects) = preSolution
		{48CA000D-797A-4A2D-97D9-0D643B370320} = {7525B257-249C-EE79-B10A-65D0BC27ABA9}
		{F452EE26-61D7-4366-BE79-194E66D49FE9} = {0AB3BF05-4346-4AA6-1389-037BE0695223}
	EndGlobalSection
EndGlobal
