
Microsoft Visual Studio Solution File, Format Version 12.00
# Visual Studio Version 17
VisualStudioVersion = 17.5.33530.505
MinimumVisualStudioVersion = 10.0.40219.1
Project("{9A19103F-16F7-4668-BE54-9A1E7A4F7556}") = "JayTom.Dws.Client", "JayTom.Dws.Client\JayTom.Dws.Client.csproj", "{E441E480-04B3-4ACA-9B4A-50D56DAE5743}"
EndProject
Project("{2150E333-8FDC-42A3-9474-1A3956D46DE8}") = "Client", "Client", "{D0239141-95E0-4E00-9931-03DD632177FF}"
EndProject
Project("{9A19103F-16F7-4668-BE54-9A1E7A4F7556}") = "JayTom.Dws.ManagementStudio", "JayTom.Dws.ManagementStudio\JayTom.Dws.ManagementStudio.csproj", "{E58FF881-F127-41C5-9C55-327BA9DAD76F}"
EndProject
Project("{9A19103F-16F7-4668-BE54-9A1E7A4F7556}") = "JayTom.Dws.UpdaterClient", "JayTom.Dws.UpdaterClient\JayTom.Dws.UpdaterClient.csproj", "{ABF37FFE-820A-4BDE-8197-05026250DC91}"
EndProject
Project("{2150E333-8FDC-42A3-9474-1A3956D46DE8}") = "Api", "Api", "{11441402-0D1B-406F-AE3A-108D3401B66C}"
EndProject
Project("{9A19103F-16F7-4668-BE54-9A1E7A4F7556}") = "JayTom.Dws.ManagementApi", "JayTom.Dws.ManagementApi\JayTom.Dws.ManagementApi.csproj", "{32766EA9-739C-4843-B9CB-7F825E015899}"
EndProject
Project("{2150E333-8FDC-42A3-9474-1A3956D46DE8}") = "Application", "Application", "{E768BC6F-0B63-4C51-B2A7-F862385BD290}"
EndProject
Project("{2150E333-8FDC-42A3-9474-1A3956D46DE8}") = "Data", "Data", "{ADD80C28-9CC3-4E94-B93B-551214D8519A}"
EndProject
Project("{2150E333-8FDC-42A3-9474-1A3956D46DE8}") = "Domain", "Domain", "{D054C488-B91F-4F47-A46E-F19597E28F9E}"
EndProject
Project("{2150E333-8FDC-42A3-9474-1A3956D46DE8}") = "Infrastructure", "Infrastructure", "{EC37A0B8-2073-40DE-B212-43C5C943F692}"
EndProject
Project("{2150E333-8FDC-42A3-9474-1A3956D46DE8}") = "Interface", "Interface", "{3D2640A0-3F3F-4AF6-836C-AD8F7652F407}"
EndProject
Project("{2150E333-8FDC-42A3-9474-1A3956D46DE8}") = "Plugin", "Plugin", "{799E403B-D484-4C9D-8895-DB058A858146}"
EndProject
Project("{2150E333-8FDC-42A3-9474-1A3956D46DE8}") = "Service", "Service", "{0745A0EB-7B17-4A6E-91FC-CD27F12CE3B1}"
EndProject
Project("{2150E333-8FDC-42A3-9474-1A3956D46DE8}") = "Test", "Test", "{84DF72DC-A0A8-451F-AE8C-1E81A215A2DE}"
EndProject
Project("{2150E333-8FDC-42A3-9474-1A3956D46DE8}") = "Utils", "Utils", "{0CA233C0-8E44-4DCF-B66F-CE52DC1E4714}"
EndProject
Project("{2150E333-8FDC-42A3-9474-1A3956D46DE8}") = "Device", "Device", "{3925DB83-41E1-4AC0-B8BA-D1EE05AEC57E}"
EndProject
Project("{9A19103F-16F7-4668-BE54-9A1E7A4F7556}") = "JayTom.Dws.Data", "JayTom.Dws.Data\JayTom.Dws.Data.csproj", "{EEFD3271-D0F3-4580-8735-0D65BDAD6D3B}"
EndProject
Project("{9A19103F-16F7-4668-BE54-9A1E7A4F7556}") = "JayTom.Dws.Device", "JayTom.Dws.Device\JayTom.Dws.Device.csproj", "{7913DDB2-25E4-4612-A6B5-B32114F3B1C5}"
EndProject
Project("{9A19103F-16F7-4668-BE54-9A1E7A4F7556}") = "JayTom.Dws.Domain", "JayTom.Dws.Domain\JayTom.Dws.Domain.csproj", "{DABF8544-DEAC-4E5F-8426-ADEE882ED399}"
EndProject
Project("{9A19103F-16F7-4668-BE54-9A1E7A4F7556}") = "JayTom.Dws.Infrastructure", "JayTom.Dws.Infrastructure\JayTom.Dws.Infrastructure.csproj", "{F213B73B-3974-4DD6-8AC7-AFD59FEFB78C}"
EndProject
Project("{9A19103F-16F7-4668-BE54-9A1E7A4F7556}") = "JayTom.Dws.Application", "JayTom.Dws.Application\JayTom.Dws.Application.csproj", "{B28477FC-5D33-451B-9400-56D71B395FBF}"
EndProject
Project("{9A19103F-16F7-4668-BE54-9A1E7A4F7556}") = "JayTom.Dws.Plugin", "JayTom.Dws.Plugin\JayTom.Dws.Plugin.csproj", "{B70B714F-443F-482F-BAC9-353E54F3A7FB}"
EndProject
Project("{9A19103F-16F7-4668-BE54-9A1E7A4F7556}") = "JayTom.Dws.Utils", "JayTom.Dws.Utils\JayTom.Dws.Utils.csproj", "{1812569F-A118-4069-9F42-4DA623887F07}"
EndProject
Project("{9A19103F-16F7-4668-BE54-9A1E7A4F7556}") = "WpfApp1", "WpfApp1\WpfApp1.csproj", "{114D337D-D0A4-4CAE-BE05-059DF183CB7E}"
EndProject
Project("{9A19103F-16F7-4668-BE54-9A1E7A4F7556}") = "WinFormsApp1", "WinFormsApp1\WinFormsApp1.csproj", "{D8D483F5-A9DB-4BF5-B001-371741A67359}"
EndProject
Project("{9A19103F-16F7-4668-BE54-9A1E7A4F7556}") = "ConsoleApp1", "ConsoleApp1\ConsoleApp1.csproj", "{BE22CC8F-C859-47A9-8CEF-9190A31CEC6C}"
EndProject
Project("{9A19103F-16F7-4668-BE54-9A1E7A4F7556}") = "JayTom.Dws.Interface", "JayTom.Dws.Interface\JayTom.Dws.Interface.csproj", "{EF352ED7-4556-4F68-9267-F86BD4052174}"
EndProject
Project("{2150E333-8FDC-42A3-9474-1A3956D46DE8}") = "TemporaryClients", "TemporaryClients", "{E036EF03-359A-4A29-8304-FC2DAA6DF3B7}"
EndProject
Project("{9A19103F-16F7-4668-BE54-9A1E7A4F7556}") = "JayTom.Dws.TemporaryClient", "JayTom.Dws.TemporaryClient\JayTom.Dws.TemporaryClient.csproj", "{E458E58E-07F0-43BB-B065-D59744B0A621}"
EndProject
Project("{2150E333-8FDC-42A3-9474-1A3956D46DE8}") = "PluginInterface", "PluginInterface", "{1DE02A2E-314C-4824-9DDE-CB6BEB2434A8}"
EndProject
Project("{2150E333-8FDC-42A3-9474-1A3956D46DE8}") = "DashboardPagePlugin", "DashboardPagePlugin", "{E2FAB7B5-EF10-4365-BCAC-0A12A136B5F6}"
EndProject
Project("{2150E333-8FDC-42A3-9474-1A3956D46DE8}") = "DataValidationLogicPlugin", "DataValidationLogicPlugin", "{D0A2A26F-D54C-47F6-9660-66C58B98FE20}"
EndProject
Project("{2150E333-8FDC-42A3-9474-1A3956D46DE8}") = "PrinterDevicePlugin", "PrinterDevicePlugin", "{075D1562-5FC7-4CC3-888D-E6BD0F159BE8}"
EndProject
Project("{2150E333-8FDC-42A3-9474-1A3956D46DE8}") = "UploadApiPlugin", "UploadApiPlugin", "{D03D45B7-9ACD-44CA-A054-91F46C3B972A}"
EndProject
Project("{2150E333-8FDC-42A3-9474-1A3956D46DE8}") = "PluginModules", "PluginModules", "{E4AC1982-856C-4351-BCE6-CF8DC9FB8ACA}"
EndProject
Project("{9A19103F-16F7-4668-BE54-9A1E7A4F7556}") = "JayTom.Dws.PluginInterface", "JayTom.Dws.PluginInterface\JayTom.Dws.PluginInterface.csproj", "{EAC420D1-8CEE-4B11-BD41-50D7F5CDA575}"
EndProject
Project("{9A19103F-16F7-4668-BE54-9A1E7A4F7556}") = "WebApplication1", "WebApplication1\WebApplication1.csproj", "{D2955B03-CA9A-472F-9861-4E70BCBD67D8}"
EndProject
Project("{9A19103F-16F7-4668-BE54-9A1E7A4F7556}") = "WpfApp2", "WpfApp2\WpfApp2.csproj", "{B17D4455-1E7E-4CB0-88DC-3F1777C8C265}"
EndProject
Project("{9A19103F-16F7-4668-BE54-9A1E7A4F7556}") = "HuaraytechTest", "HuaraytechTest\HuaraytechTest.csproj", "{37818A33-70BB-4FDD-9CA2-B018EC8B7882}"
EndProject
Project("{9A19103F-16F7-4668-BE54-9A1E7A4F7556}") = "Wpf.HuaraytechTest", "Wpf.HuaraytechTest\Wpf.HuaraytechTest.csproj", "{B34F9186-EBBF-4D08-8C9B-6073C16DBF52}"
EndProject
Project("{9A19103F-16F7-4668-BE54-9A1E7A4F7556}") = "JayTom.Dws.Camera", "JayTom.Dws.Camera\JayTom.Dws.Camera.csproj", "{2C4296EE-5178-4443-8A34-7D878B051C95}"
EndProject
Project("{9A19103F-16F7-4668-BE54-9A1E7A4F7556}") = "HikvisionIndustrialCameraTest", "HikvisionIndustrialCameraTest\HikvisionIndustrialCameraTest.csproj", "{2DF98EDC-F0C1-4B32-9050-253BD2311664}"
EndProject
Project("{9A19103F-16F7-4668-BE54-9A1E7A4F7556}") = "Wpf.HikvisionIndustrialCameraTest", "Wpf.HikvisionIndustrialCameraTest\Wpf.HikvisionIndustrialCameraTest.csproj", "{B8F19B0E-16CC-40E6-9EF0-2CFADCCF1669}"
EndProject
Project("{9A19103F-16F7-4668-BE54-9A1E7A4F7556}") = "HikvisionSmartCameraTest", "HikvisionSmartCameraTest\HikvisionSmartCameraTest.csproj", "{D53A8361-D360-486E-B369-E8CFA80A9A1C}"
EndProject
Project("{9A19103F-16F7-4668-BE54-9A1E7A4F7556}") = "Wpf.HikvisionSmartCameraTest", "Wpf.HikvisionSmartCameraTest\Wpf.HikvisionSmartCameraTest.csproj", "{B550D089-0D3E-4694-BE5F-92C740C11BB2}"
EndProject
Project("{9A19103F-16F7-4668-BE54-9A1E7A4F7556}") = "ConsoleApp2", "ConsoleApp2\ConsoleApp2.csproj", "{F6F21E03-075F-478D-9CCA-7AA4166D6C0F}"
EndProject
Project("{9A19103F-16F7-4668-BE54-9A1E7A4F7556}") = "ConsoleApp3", "ConsoleApp3\ConsoleApp3.csproj", "{F3EE5A9C-0B65-4D2E-AF4D-E09915FACE8A}"
EndProject
Project("{2150E333-8FDC-42A3-9474-1A3956D46DE8}") = "HomeToolPlugin", "HomeToolPlugin", "{79960304-F5F4-49FA-B8B8-B2A6F0F750C2}"
EndProject
Project("{9A19103F-16F7-4668-BE54-9A1E7A4F7556}") = "CameraTest", "CameraTest\CameraTest.csproj", "{D9FDBB2A-CF59-4828-9796-C95D8655FE40}"
EndProject
Project("{9A19103F-16F7-4668-BE54-9A1E7A4F7556}") = "IraypleTest", "IraypleTest\IraypleTest.csproj", "{A366E7AE-B4E0-4A64-B9DE-74126DC3CABC}"
EndProject
Project("{9A19103F-16F7-4668-BE54-9A1E7A4F7556}") = "ConsoleApp4", "ConsoleApp4\ConsoleApp4.csproj", "{8654348C-0FEC-40CC-8330-1CE2B4FFC10A}"
EndProject
Project("{2150E333-8FDC-42A3-9474-1A3956D46DE8}") = "UsbCamera", "UsbCamera", "{3EBAC104-24EB-4631-807B-45664FC5B941}"
EndProject
Project("{9A19103F-16F7-4668-BE54-9A1E7A4F7556}") = "UsbCameraTest", "UsbCameraTest\UsbCameraTest.csproj", "{C2F237F7-DA85-45C7-9B26-1805ADA47A41}"
EndProject
Project("{9A19103F-16F7-4668-BE54-9A1E7A4F7556}") = "WayzimTest", "WayzimTest\WayzimTest.csproj", "{682FA4E4-78A5-4222-97E8-D6AAAF8FB9A8}"
EndProject
Project("{9A19103F-16F7-4668-BE54-9A1E7A4F7556}") = "JayTom.Dws.Ocr", "JayTom.Dws.Ocr\JayTom.Dws.Ocr.csproj", "{64C5D784-A45B-4521-8CDE-171155095437}"
EndProject
Project("{9A19103F-16F7-4668-BE54-9A1E7A4F7556}") = "BaiDuOcrTest", "BaiDuOcrTest\BaiDuOcrTest.csproj", "{CB582F51-96A2-49A1-860D-CE1C2CD7FD8F}"
EndProject
Project("{9A19103F-16F7-4668-BE54-9A1E7A4F7556}") = "OnnxTest", "OnnxTest\OnnxTest.csproj", "{F81B8C7D-4AF4-4D73-9761-3C99F863F5DC}"
EndProject
Project("{9A19103F-16F7-4668-BE54-9A1E7A4F7556}") = "YoloTest", "YoloTest\YoloTest.csproj", "{8ED3A779-5B4C-40E4-8E4C-C070201A9172}"
EndProject
Project("{2150E333-8FDC-42A3-9474-1A3956D46DE8}") = "License", "License", "{542601B8-5A6D-48EC-90F7-9AD229E4F69B}"
EndProject
Project("{9A19103F-16F7-4668-BE54-9A1E7A4F7556}") = "JayTom.Dws.License", "JayTom.Dws.License\JayTom.Dws.License.csproj", "{8D18D1DB-8FEE-4C39-8B66-FA0CF4877C0C}"
EndProject
Project("{9A19103F-16F7-4668-BE54-9A1E7A4F7556}") = "JayTom.Dws.LicenseApi", "JayTom.Dws.LicenseApi\JayTom.Dws.LicenseApi.csproj", "{383080A1-7D39-4EE2-97EC-C224220A9D90}"
EndProject
Project("{9A19103F-16F7-4668-BE54-9A1E7A4F7556}") = "JayTom.Dws.VideoApi", "JayTom.Dws.VideoApi\JayTom.Dws.VideoApi.csproj", "{0213019F-8C80-4309-9391-7402CC8684CA}"
EndProject
Project("{9A19103F-16F7-4668-BE54-9A1E7A4F7556}") = "ConsoleApp5", "ConsoleApp5\ConsoleApp5.csproj", "{2D8C5A77-C915-4D21-9B3C-C6AA738969D2}"
EndProject
Project("{9A19103F-16F7-4668-BE54-9A1E7A4F7556}") = "JayTom.Dws.VideoApiClient", "JayTom.Dws.VideoApiClient\JayTom.Dws.VideoApiClient.csproj", "{CCD73C47-D98C-4C9A-9C7B-B0D76D57B530}"
EndProject
Project("{9A19103F-16F7-4668-BE54-9A1E7A4F7556}") = "OpenCVTest", "OpenCVTest\OpenCVTest.csproj", "{629EC530-D126-42BD-8A86-4A9BD21E2CD0}"
EndProject
Project("{9A19103F-16F7-4668-BE54-9A1E7A4F7556}") = "BaseDaHuatech.Wpf", "BaseDaHuatech.Wpf\BaseDaHuatech.Wpf.csproj", "{3A74B332-EC71-44A6-9690-2AE33C5FA289}"
EndProject
Project("{9A19103F-16F7-4668-BE54-9A1E7A4F7556}") = "JayTom.Dws.Nvr", "JayTom.Dws.Nvr\JayTom.Dws.Nvr.csproj", "{07E1AE54-1FD4-415E-8599-6DE4399C90E0}"
EndProject
Project("{9A19103F-16F7-4668-BE54-9A1E7A4F7556}") = "WpfApp3", "WpfApp3\WpfApp3.csproj", "{6FCB17A9-EB58-477A-9AA6-781E3DC9BCBD}"
EndProject
Project("{2150E333-8FDC-42A3-9474-1A3956D46DE8}") = "DB", "DB", "{910A07DD-4F21-4FA5-9BD0-7D7087B5360F}"
EndProject
Project("{9A19103F-16F7-4668-BE54-9A1E7A4F7556}") = "LicenseDBTest", "LicenseDBTest\LicenseDBTest.csproj", "{8BEA2ED7-893E-45CB-9ED4-4F2AE0B04B73}"
EndProject
Project("{9A19103F-16F7-4668-BE54-9A1E7A4F7556}") = "MudBlazorTemplates1", "MudBlazorTemplates1\MudBlazorTemplates1.csproj", "{937BC9ED-F572-4E4B-8934-96E301902129}"
EndProject
Project("{9A19103F-16F7-4668-BE54-9A1E7A4F7556}") = "JayTom.Dws.LicenseApiClient", "JayTom.Dws.LicenseApiClient\JayTom.Dws.LicenseApiClient.csproj", "{B5EC9292-C200-46EC-955F-A3B04BA30942}"
EndProject
Project("{9A19103F-16F7-4668-BE54-9A1E7A4F7556}") = "JayTom.Dws.CloudApi", "JayTom.Dws.CloudApi\JayTom.Dws.CloudApi.csproj", "{6CE3598C-D3CC-46D2-9257-22B4E22DE865}"
EndProject
Project("{2150E333-8FDC-42A3-9474-1A3956D46DE8}") = "Test-DBCore", "Test-DBCore", "{951179A9-A7EF-472F-BE38-8256912E0629}"
EndProject
Project("{9A19103F-16F7-4668-BE54-9A1E7A4F7556}") = "JayTom.Dws.CloudApiDbTest", "JayTom.Dws.CloudApiDbTest\JayTom.Dws.CloudApiDbTest.csproj", "{13356E27-0FE5-45CA-893B-24A93741A07B}"
EndProject
Project("{9A19103F-16F7-4668-BE54-9A1E7A4F7556}") = "JayTom.Dws.CloudApiClient", "JayTom.Dws.CloudApiClient\JayTom.Dws.CloudApiClient.csproj", "{3FD86E37-0806-40AC-81A1-660F772AB5DA}"
EndProject
Project("{2150E333-8FDC-42A3-9474-1A3956D46DE8}") = "Test-Api", "Test-Api", "{771FEC7A-2904-46BA-BFE8-D64821B2FF44}"
EndProject
Project("{9A19103F-16F7-4668-BE54-9A1E7A4F7556}") = "ApiTest", "ApiTest\ApiTest.csproj", "{CDCC88FE-6473-4C30-BB6A-DEBBC19B30B2}"
EndProject
Project("{2150E333-8FDC-42A3-9474-1A3956D46DE8}") = "Test-Plc", "Test-Plc", "{A79EE624-3D44-480E-BA3B-285032D07979}"
EndProject
Project("{9A19103F-16F7-4668-BE54-9A1E7A4F7556}") = "ConsoleApp6", "ConsoleApp6\ConsoleApp6.csproj", "{9510B038-0056-4568-82C2-FB119F99BFCA}"
EndProject
Project("{2150E333-8FDC-42A3-9474-1A3956D46DE8}") = "Test-GenerateMachineCode", "Test-GenerateMachineCode", "{C5637145-49DC-44E2-BCDD-6F8EA7563AC5}"
EndProject
Project("{9A19103F-16F7-4668-BE54-9A1E7A4F7556}") = "GenerateMachineCode", "GenerateMachineCode\GenerateMachineCode.csproj", "{262D6224-774B-4237-BB88-96CC44EB61D6}"
EndProject
Project("{9A19103F-16F7-4668-BE54-9A1E7A4F7556}") = "JayTom.Dws.LicenseApiDbTest", "JayTom.Dws.LicenseApiDbTest\JayTom.Dws.LicenseApiDbTest.csproj", "{9683A1CE-F5F7-4DD6-BD10-D567F4BADECC}"
EndProject
Project("{2150E333-8FDC-42A3-9474-1A3956D46DE8}") = "Test-License", "Test-License", "{F5EE8716-C64C-498C-A810-7237E75DC57C}"
EndProject
Project("{9A19103F-16F7-4668-BE54-9A1E7A4F7556}") = "LicenseTest", "LicenseTest\LicenseTest.csproj", "{D5C19F74-7681-49B7-9677-68D55367603E}"
EndProject
Project("{9A19103F-16F7-4668-BE54-9A1E7A4F7556}") = "WeightForwarder", "WeightForwarder\WeightForwarder.csproj", "{868F9850-22DF-4330-B5ED-04436397F1ED}"
EndProject
Project("{9A19103F-16F7-4668-BE54-9A1E7A4F7556}") = "TCPTest2", "TCPTest2\TCPTest2.csproj", "{A2C3F780-88DF-4C03-9279-9F574DE392AC}"
EndProject
Project("{9A19103F-16F7-4668-BE54-9A1E7A4F7556}") = "ExitTestDemo", "ExitTestDemo\ExitTestDemo.csproj", "{E7FFDE0A-A67D-46E3-A3B0-865D11325C6F}"
EndProject
Project("{2150E333-8FDC-42A3-9474-1A3956D46DE8}") = "ForTest", "ForTest", "{52E64F17-3D3B-4296-ABE2-35DE4D499EE0}"
EndProject
Project("{9A19103F-16F7-4668-BE54-9A1E7A4F7556}") = "ForTestPr", "ForTestPr\ForTestPr.csproj", "{677A0543-5573-48F1-A709-EBFBFBF3FBA8}"
EndProject
Project("{9A19103F-16F7-4668-BE54-9A1E7A4F7556}") = "JayTom.Dws.PostSoapApi", "JayTom.Dws.PostSoapApi\JayTom.Dws.PostSoapApi.csproj", "{CAAE640B-CFCD-4760-A0DB-5656E650A4B5}"
EndProject
Project("{2150E333-8FDC-42A3-9474-1A3956D46DE8}") = "WindowsBackgroundService", "WindowsBackgroundService", "{40539D0B-115F-4D80-81DB-D8BE32E59E91}"
EndProject
Project("{9A19103F-16F7-4668-BE54-9A1E7A4F7556}") = "PostSoapCoreService", "PostSoapCoreService\PostSoapCoreService.csproj", "{D65477C8-69A0-4705-B6E8-2D8BF89CEED1}"
EndProject
Project("{9A19103F-16F7-4668-BE54-9A1E7A4F7556}") = "JayTom.Dws.Service", "JayTom.Dws.Service\JayTom.Dws.Service.csproj", "{4E97E36E-05E6-4F6B-971A-0CCA5DD5E4D7}"
EndProject
Project("{2150E333-8FDC-42A3-9474-1A3956D46DE8}") = "CrossCutting", "CrossCutting", "{F81CDD9A-1D8B-4D8E-88FD-BEF32A1C66F5}"
EndProject
Project("{9A19103F-16F7-4668-BE54-9A1E7A4F7556}") = "JayTom.Dws.CrossCutting", "JayTom.Dws.CrossCutting\JayTom.Dws.CrossCutting.csproj", "{E8340FCA-29C0-4C7B-AAE8-A0548501D928}"
EndProject
Project("{9A19103F-16F7-4668-BE54-9A1E7A4F7556}") = "JayTom.Dws.SystemStatusMonitorService", "JayTom.Dws.SystemStatusMonitorService\JayTom.Dws.SystemStatusMonitorService.csproj", "{F1CBA702-9C69-4A0A-B880-D6A9E2126264}"
EndProject
Project("{9A19103F-16F7-4668-BE54-9A1E7A4F7556}") = "SignalRTest", "SignalRTest\SignalRTest.csproj", "{96F32458-F331-41A1-A61D-6224E79BCF35}"
EndProject
Project("{9A19103F-16F7-4668-BE54-9A1E7A4F7556}") = "JayTom.Dws.DataInteractionService", "JayTom.Dws.DataInteractionService\JayTom.Dws.DataInteractionService.csproj", "{9379C7DD-B56D-4B06-BF88-EE1858574C82}"
EndProject
Project("{9A19103F-16F7-4668-BE54-9A1E7A4F7556}") = "JayTom.Dws.UploadCloudService", "JayTom.Dws.UploadCloudService\JayTom.Dws.UploadCloudService.csproj", "{98C31D74-2370-432A-9C92-D4C0F011D913}"
EndProject
Project("{9A19103F-16F7-4668-BE54-9A1E7A4F7556}") = "JayTom.Dws.VideoApiDbTest", "JayTom.Dws.VideoApiDbTest\JayTom.Dws.VideoApiDbTest.csproj", "{681D6223-6E3E-40BC-BDD4-661FB6F4630E}"
EndProject
Global
	GlobalSection(SolutionConfigurationPlatforms) = preSolution
		Debug|Any CPU = Debug|Any CPU
		Debug|x64 = Debug|x64
		Debug|x86 = Debug|x86
		Release|Any CPU = Release|Any CPU
		Release|x64 = Release|x64
		Release|x86 = Release|x86
	EndGlobalSection
	GlobalSection(ProjectConfigurationPlatforms) = postSolution
		{E441E480-04B3-4ACA-9B4A-50D56DAE5743}.Debug|Any CPU.ActiveCfg = Debug|Any CPU
		{E441E480-04B3-4ACA-9B4A-50D56DAE5743}.Debug|Any CPU.Build.0 = Debug|Any CPU
		{E441E480-04B3-4ACA-9B4A-50D56DAE5743}.Debug|x64.ActiveCfg = Debug|x64
		{E441E480-04B3-4ACA-9B4A-50D56DAE5743}.Debug|x64.Build.0 = Debug|x64
		{E441E480-04B3-4ACA-9B4A-50D56DAE5743}.Debug|x86.ActiveCfg = Debug|x86
		{E441E480-04B3-4ACA-9B4A-50D56DAE5743}.Debug|x86.Build.0 = Debug|x86
		{E441E480-04B3-4ACA-9B4A-50D56DAE5743}.Release|Any CPU.ActiveCfg = Release|Any CPU
		{E441E480-04B3-4ACA-9B4A-50D56DAE5743}.Release|Any CPU.Build.0 = Release|Any CPU
		{E441E480-04B3-4ACA-9B4A-50D56DAE5743}.Release|x64.ActiveCfg = Release|x64
		{E441E480-04B3-4ACA-9B4A-50D56DAE5743}.Release|x64.Build.0 = Release|x64
		{E441E480-04B3-4ACA-9B4A-50D56DAE5743}.Release|x86.ActiveCfg = Release|x86
		{E441E480-04B3-4ACA-9B4A-50D56DAE5743}.Release|x86.Build.0 = Release|x86
		{E58FF881-F127-41C5-9C55-327BA9DAD76F}.Debug|Any CPU.ActiveCfg = Debug|Any CPU
		{E58FF881-F127-41C5-9C55-327BA9DAD76F}.Debug|Any CPU.Build.0 = Debug|Any CPU
		{E58FF881-F127-41C5-9C55-327BA9DAD76F}.Debug|x64.ActiveCfg = Debug|x64
		{E58FF881-F127-41C5-9C55-327BA9DAD76F}.Debug|x64.Build.0 = Debug|x64
		{E58FF881-F127-41C5-9C55-327BA9DAD76F}.Debug|x86.ActiveCfg = Debug|x86
		{E58FF881-F127-41C5-9C55-327BA9DAD76F}.Debug|x86.Build.0 = Debug|x86
		{E58FF881-F127-41C5-9C55-327BA9DAD76F}.Release|Any CPU.ActiveCfg = Release|Any CPU
		{E58FF881-F127-41C5-9C55-327BA9DAD76F}.Release|Any CPU.Build.0 = Release|Any CPU
		{E58FF881-F127-41C5-9C55-327BA9DAD76F}.Release|x64.ActiveCfg = Release|x64
		{E58FF881-F127-41C5-9C55-327BA9DAD76F}.Release|x64.Build.0 = Release|x64
		{E58FF881-F127-41C5-9C55-327BA9DAD76F}.Release|x86.ActiveCfg = Release|x86
		{E58FF881-F127-41C5-9C55-327BA9DAD76F}.Release|x86.Build.0 = Release|x86
		{ABF37FFE-820A-4BDE-8197-05026250DC91}.Debug|Any CPU.ActiveCfg = Debug|Any CPU
		{ABF37FFE-820A-4BDE-8197-05026250DC91}.Debug|Any CPU.Build.0 = Debug|Any CPU
		{ABF37FFE-820A-4BDE-8197-05026250DC91}.Debug|x64.ActiveCfg = Debug|x64
		{ABF37FFE-820A-4BDE-8197-05026250DC91}.Debug|x64.Build.0 = Debug|x64
		{ABF37FFE-820A-4BDE-8197-05026250DC91}.Debug|x86.ActiveCfg = Debug|x86
		{ABF37FFE-820A-4BDE-8197-05026250DC91}.Debug|x86.Build.0 = Debug|x86
		{ABF37FFE-820A-4BDE-8197-05026250DC91}.Release|Any CPU.ActiveCfg = Release|Any CPU
		{ABF37FFE-820A-4BDE-8197-05026250DC91}.Release|Any CPU.Build.0 = Release|Any CPU
		{ABF37FFE-820A-4BDE-8197-05026250DC91}.Release|x64.ActiveCfg = Release|x64
		{ABF37FFE-820A-4BDE-8197-05026250DC91}.Release|x64.Build.0 = Release|x64
		{ABF37FFE-820A-4BDE-8197-05026250DC91}.Release|x86.ActiveCfg = Release|x86
		{ABF37FFE-820A-4BDE-8197-05026250DC91}.Release|x86.Build.0 = Release|x86
		{32766EA9-739C-4843-B9CB-7F825E015899}.Debug|Any CPU.ActiveCfg = Debug|Any CPU
		{32766EA9-739C-4843-B9CB-7F825E015899}.Debug|Any CPU.Build.0 = Debug|Any CPU
		{32766EA9-739C-4843-B9CB-7F825E015899}.Debug|x64.ActiveCfg = Debug|x64
		{32766EA9-739C-4843-B9CB-7F825E015899}.Debug|x64.Build.0 = Debug|x64
		{32766EA9-739C-4843-B9CB-7F825E015899}.Debug|x86.ActiveCfg = Debug|x86
		{32766EA9-739C-4843-B9CB-7F825E015899}.Debug|x86.Build.0 = Debug|x86
		{32766EA9-739C-4843-B9CB-7F825E015899}.Release|Any CPU.ActiveCfg = Release|Any CPU
		{32766EA9-739C-4843-B9CB-7F825E015899}.Release|Any CPU.Build.0 = Release|Any CPU
		{32766EA9-739C-4843-B9CB-7F825E015899}.Release|x64.ActiveCfg = Release|x64
		{32766EA9-739C-4843-B9CB-7F825E015899}.Release|x64.Build.0 = Release|x64
		{32766EA9-739C-4843-B9CB-7F825E015899}.Release|x86.ActiveCfg = Release|x86
		{32766EA9-739C-4843-B9CB-7F825E015899}.Release|x86.Build.0 = Release|x86
		{EEFD3271-D0F3-4580-8735-0D65BDAD6D3B}.Debug|Any CPU.ActiveCfg = Debug|Any CPU
		{EEFD3271-D0F3-4580-8735-0D65BDAD6D3B}.Debug|Any CPU.Build.0 = Debug|Any CPU
		{EEFD3271-D0F3-4580-8735-0D65BDAD6D3B}.Debug|x64.ActiveCfg = Debug|x64
		{EEFD3271-D0F3-4580-8735-0D65BDAD6D3B}.Debug|x64.Build.0 = Debug|x64
		{EEFD3271-D0F3-4580-8735-0D65BDAD6D3B}.Debug|x86.ActiveCfg = Debug|x86
		{EEFD3271-D0F3-4580-8735-0D65BDAD6D3B}.Debug|x86.Build.0 = Debug|x86
		{EEFD3271-D0F3-4580-8735-0D65BDAD6D3B}.Release|Any CPU.ActiveCfg = Release|Any CPU
		{EEFD3271-D0F3-4580-8735-0D65BDAD6D3B}.Release|Any CPU.Build.0 = Release|Any CPU
		{EEFD3271-D0F3-4580-8735-0D65BDAD6D3B}.Release|x64.ActiveCfg = Release|x64
		{EEFD3271-D0F3-4580-8735-0D65BDAD6D3B}.Release|x64.Build.0 = Release|x64
		{EEFD3271-D0F3-4580-8735-0D65BDAD6D3B}.Release|x86.ActiveCfg = Release|x86
		{EEFD3271-D0F3-4580-8735-0D65BDAD6D3B}.Release|x86.Build.0 = Release|x86
		{7913DDB2-25E4-4612-A6B5-B32114F3B1C5}.Debug|Any CPU.ActiveCfg = Debug|Any CPU
		{7913DDB2-25E4-4612-A6B5-B32114F3B1C5}.Debug|Any CPU.Build.0 = Debug|Any CPU
		{7913DDB2-25E4-4612-A6B5-B32114F3B1C5}.Debug|x64.ActiveCfg = Debug|x64
		{7913DDB2-25E4-4612-A6B5-B32114F3B1C5}.Debug|x64.Build.0 = Debug|x64
		{7913DDB2-25E4-4612-A6B5-B32114F3B1C5}.Debug|x86.ActiveCfg = Debug|x86
		{7913DDB2-25E4-4612-A6B5-B32114F3B1C5}.Debug|x86.Build.0 = Debug|x86
		{7913DDB2-25E4-4612-A6B5-B32114F3B1C5}.Release|Any CPU.ActiveCfg = Release|Any CPU
		{7913DDB2-25E4-4612-A6B5-B32114F3B1C5}.Release|Any CPU.Build.0 = Release|Any CPU
		{7913DDB2-25E4-4612-A6B5-B32114F3B1C5}.Release|x64.ActiveCfg = Release|x64
		{7913DDB2-25E4-4612-A6B5-B32114F3B1C5}.Release|x64.Build.0 = Release|x64
		{7913DDB2-25E4-4612-A6B5-B32114F3B1C5}.Release|x86.ActiveCfg = Release|x86
		{7913DDB2-25E4-4612-A6B5-B32114F3B1C5}.Release|x86.Build.0 = Release|x86
		{DABF8544-DEAC-4E5F-8426-ADEE882ED399}.Debug|Any CPU.ActiveCfg = Debug|Any CPU
		{DABF8544-DEAC-4E5F-8426-ADEE882ED399}.Debug|Any CPU.Build.0 = Debug|Any CPU
		{DABF8544-DEAC-4E5F-8426-ADEE882ED399}.Debug|x64.ActiveCfg = Debug|x64
		{DABF8544-DEAC-4E5F-8426-ADEE882ED399}.Debug|x64.Build.0 = Debug|x64
		{DABF8544-DEAC-4E5F-8426-ADEE882ED399}.Debug|x86.ActiveCfg = Debug|x86
		{DABF8544-DEAC-4E5F-8426-ADEE882ED399}.Debug|x86.Build.0 = Debug|x86
		{DABF8544-DEAC-4E5F-8426-ADEE882ED399}.Release|Any CPU.ActiveCfg = Release|Any CPU
		{DABF8544-DEAC-4E5F-8426-ADEE882ED399}.Release|Any CPU.Build.0 = Release|Any CPU
		{DABF8544-DEAC-4E5F-8426-ADEE882ED399}.Release|x64.ActiveCfg = Release|x64
		{DABF8544-DEAC-4E5F-8426-ADEE882ED399}.Release|x64.Build.0 = Release|x64
		{DABF8544-DEAC-4E5F-8426-ADEE882ED399}.Release|x86.ActiveCfg = Release|x86
		{DABF8544-DEAC-4E5F-8426-ADEE882ED399}.Release|x86.Build.0 = Release|x86
		{F213B73B-3974-4DD6-8AC7-AFD59FEFB78C}.Debug|Any CPU.ActiveCfg = Debug|Any CPU
		{F213B73B-3974-4DD6-8AC7-AFD59FEFB78C}.Debug|Any CPU.Build.0 = Debug|Any CPU
		{F213B73B-3974-4DD6-8AC7-AFD59FEFB78C}.Debug|x64.ActiveCfg = Debug|x64
		{F213B73B-3974-4DD6-8AC7-AFD59FEFB78C}.Debug|x64.Build.0 = Debug|x64
		{F213B73B-3974-4DD6-8AC7-AFD59FEFB78C}.Debug|x86.ActiveCfg = Debug|x86
		{F213B73B-3974-4DD6-8AC7-AFD59FEFB78C}.Debug|x86.Build.0 = Debug|x86
		{F213B73B-3974-4DD6-8AC7-AFD59FEFB78C}.Release|Any CPU.ActiveCfg = Release|Any CPU
		{F213B73B-3974-4DD6-8AC7-AFD59FEFB78C}.Release|Any CPU.Build.0 = Release|Any CPU
		{F213B73B-3974-4DD6-8AC7-AFD59FEFB78C}.Release|x64.ActiveCfg = Release|x64
		{F213B73B-3974-4DD6-8AC7-AFD59FEFB78C}.Release|x64.Build.0 = Release|x64
		{F213B73B-3974-4DD6-8AC7-AFD59FEFB78C}.Release|x86.ActiveCfg = Release|x86
		{F213B73B-3974-4DD6-8AC7-AFD59FEFB78C}.Release|x86.Build.0 = Release|x86
		{B28477FC-5D33-451B-9400-56D71B395FBF}.Debug|Any CPU.ActiveCfg = Debug|Any CPU
		{B28477FC-5D33-451B-9400-56D71B395FBF}.Debug|Any CPU.Build.0 = Debug|Any CPU
		{B28477FC-5D33-451B-9400-56D71B395FBF}.Debug|x64.ActiveCfg = Debug|x64
		{B28477FC-5D33-451B-9400-56D71B395FBF}.Debug|x64.Build.0 = Debug|x64
		{B28477FC-5D33-451B-9400-56D71B395FBF}.Debug|x86.ActiveCfg = Debug|x86
		{B28477FC-5D33-451B-9400-56D71B395FBF}.Debug|x86.Build.0 = Debug|x86
		{B28477FC-5D33-451B-9400-56D71B395FBF}.Release|Any CPU.ActiveCfg = Release|Any CPU
		{B28477FC-5D33-451B-9400-56D71B395FBF}.Release|Any CPU.Build.0 = Release|Any CPU
		{B28477FC-5D33-451B-9400-56D71B395FBF}.Release|x64.ActiveCfg = Release|x64
		{B28477FC-5D33-451B-9400-56D71B395FBF}.Release|x64.Build.0 = Release|x64
		{B28477FC-5D33-451B-9400-56D71B395FBF}.Release|x86.ActiveCfg = Release|x86
		{B28477FC-5D33-451B-9400-56D71B395FBF}.Release|x86.Build.0 = Release|x86
		{B70B714F-443F-482F-BAC9-353E54F3A7FB}.Debug|Any CPU.ActiveCfg = Debug|Any CPU
		{B70B714F-443F-482F-BAC9-353E54F3A7FB}.Debug|Any CPU.Build.0 = Debug|Any CPU
		{B70B714F-443F-482F-BAC9-353E54F3A7FB}.Debug|x64.ActiveCfg = Debug|x64
		{B70B714F-443F-482F-BAC9-353E54F3A7FB}.Debug|x64.Build.0 = Debug|x64
		{B70B714F-443F-482F-BAC9-353E54F3A7FB}.Debug|x86.ActiveCfg = Debug|x86
		{B70B714F-443F-482F-BAC9-353E54F3A7FB}.Debug|x86.Build.0 = Debug|x86
		{B70B714F-443F-482F-BAC9-353E54F3A7FB}.Release|Any CPU.ActiveCfg = Release|Any CPU
		{B70B714F-443F-482F-BAC9-353E54F3A7FB}.Release|Any CPU.Build.0 = Release|Any CPU
		{B70B714F-443F-482F-BAC9-353E54F3A7FB}.Release|x64.ActiveCfg = Release|x64
		{B70B714F-443F-482F-BAC9-353E54F3A7FB}.Release|x64.Build.0 = Release|x64
		{B70B714F-443F-482F-BAC9-353E54F3A7FB}.Release|x86.ActiveCfg = Release|x86
		{B70B714F-443F-482F-BAC9-353E54F3A7FB}.Release|x86.Build.0 = Release|x86
		{1812569F-A118-4069-9F42-4DA623887F07}.Debug|Any CPU.ActiveCfg = Debug|Any CPU
		{1812569F-A118-4069-9F42-4DA623887F07}.Debug|Any CPU.Build.0 = Debug|Any CPU
		{1812569F-A118-4069-9F42-4DA623887F07}.Debug|x64.ActiveCfg = Debug|x64
		{1812569F-A118-4069-9F42-4DA623887F07}.Debug|x64.Build.0 = Debug|x64
		{1812569F-A118-4069-9F42-4DA623887F07}.Debug|x86.ActiveCfg = Debug|x86
		{1812569F-A118-4069-9F42-4DA623887F07}.Debug|x86.Build.0 = Debug|x86
		{1812569F-A118-4069-9F42-4DA623887F07}.Release|Any CPU.ActiveCfg = Release|Any CPU
		{1812569F-A118-4069-9F42-4DA623887F07}.Release|Any CPU.Build.0 = Release|Any CPU
		{1812569F-A118-4069-9F42-4DA623887F07}.Release|x64.ActiveCfg = Release|x64
		{1812569F-A118-4069-9F42-4DA623887F07}.Release|x64.Build.0 = Release|x64
		{1812569F-A118-4069-9F42-4DA623887F07}.Release|x86.ActiveCfg = Release|x86
		{1812569F-A118-4069-9F42-4DA623887F07}.Release|x86.Build.0 = Release|x86
		{114D337D-D0A4-4CAE-BE05-059DF183CB7E}.Debug|Any CPU.ActiveCfg = Debug|Any CPU
		{114D337D-D0A4-4CAE-BE05-059DF183CB7E}.Debug|Any CPU.Build.0 = Debug|Any CPU
		{114D337D-D0A4-4CAE-BE05-059DF183CB7E}.Debug|x64.ActiveCfg = Debug|x64
		{114D337D-D0A4-4CAE-BE05-059DF183CB7E}.Debug|x64.Build.0 = Debug|x64
		{114D337D-D0A4-4CAE-BE05-059DF183CB7E}.Debug|x86.ActiveCfg = Debug|x64
		{114D337D-D0A4-4CAE-BE05-059DF183CB7E}.Debug|x86.Build.0 = Debug|x64
		{114D337D-D0A4-4CAE-BE05-059DF183CB7E}.Release|Any CPU.ActiveCfg = Release|x64
		{114D337D-D0A4-4CAE-BE05-059DF183CB7E}.Release|x64.ActiveCfg = Release|x64
		{114D337D-D0A4-4CAE-BE05-059DF183CB7E}.Release|x64.Build.0 = Release|x64
		{114D337D-D0A4-4CAE-BE05-059DF183CB7E}.Release|x86.ActiveCfg = Release|x86
		{114D337D-D0A4-4CAE-BE05-059DF183CB7E}.Release|x86.Build.0 = Release|x86
		{D8D483F5-A9DB-4BF5-B001-371741A67359}.Debug|Any CPU.ActiveCfg = Debug|Any CPU
		{D8D483F5-A9DB-4BF5-B001-371741A67359}.Debug|Any CPU.Build.0 = Debug|Any CPU
		{D8D483F5-A9DB-4BF5-B001-371741A67359}.Debug|x64.ActiveCfg = Debug|x64
		{D8D483F5-A9DB-4BF5-B001-371741A67359}.Debug|x64.Build.0 = Debug|x64
		{D8D483F5-A9DB-4BF5-B001-371741A67359}.Debug|x86.ActiveCfg = Debug|x64
		{D8D483F5-A9DB-4BF5-B001-371741A67359}.Debug|x86.Build.0 = Debug|x64
		{D8D483F5-A9DB-4BF5-B001-371741A67359}.Release|Any CPU.ActiveCfg = Release|Any CPU
		{D8D483F5-A9DB-4BF5-B001-371741A67359}.Release|Any CPU.Build.0 = Release|Any CPU
		{D8D483F5-A9DB-4BF5-B001-371741A67359}.Release|x64.ActiveCfg = Release|x64
		{D8D483F5-A9DB-4BF5-B001-371741A67359}.Release|x64.Build.0 = Release|x64
		{D8D483F5-A9DB-4BF5-B001-371741A67359}.Release|x86.ActiveCfg = Release|x86
		{D8D483F5-A9DB-4BF5-B001-371741A67359}.Release|x86.Build.0 = Release|x86
		{BE22CC8F-C859-47A9-8CEF-9190A31CEC6C}.Debug|Any CPU.ActiveCfg = Debug|Any CPU
		{BE22CC8F-C859-47A9-8CEF-9190A31CEC6C}.Debug|Any CPU.Build.0 = Debug|Any CPU
		{BE22CC8F-C859-47A9-8CEF-9190A31CEC6C}.Debug|x64.ActiveCfg = Debug|Any CPU
		{BE22CC8F-C859-47A9-8CEF-9190A31CEC6C}.Debug|x64.Build.0 = Debug|Any CPU
		{BE22CC8F-C859-47A9-8CEF-9190A31CEC6C}.Debug|x86.ActiveCfg = Debug|Any CPU
		{BE22CC8F-C859-47A9-8CEF-9190A31CEC6C}.Debug|x86.Build.0 = Debug|Any CPU
		{BE22CC8F-C859-47A9-8CEF-9190A31CEC6C}.Release|Any CPU.ActiveCfg = Release|Any CPU
		{BE22CC8F-C859-47A9-8CEF-9190A31CEC6C}.Release|Any CPU.Build.0 = Release|Any CPU
		{BE22CC8F-C859-47A9-8CEF-9190A31CEC6C}.Release|x64.ActiveCfg = Release|Any CPU
		{BE22CC8F-C859-47A9-8CEF-9190A31CEC6C}.Release|x64.Build.0 = Release|Any CPU
		{BE22CC8F-C859-47A9-8CEF-9190A31CEC6C}.Release|x86.ActiveCfg = Release|Any CPU
		{BE22CC8F-C859-47A9-8CEF-9190A31CEC6C}.Release|x86.Build.0 = Release|Any CPU
		{EF352ED7-4556-4F68-9267-F86BD4052174}.Debug|Any CPU.ActiveCfg = Debug|Any CPU
		{EF352ED7-4556-4F68-9267-F86BD4052174}.Debug|Any CPU.Build.0 = Debug|Any CPU
		{EF352ED7-4556-4F68-9267-F86BD4052174}.Debug|x64.ActiveCfg = Debug|Any CPU
		{EF352ED7-4556-4F68-9267-F86BD4052174}.Debug|x64.Build.0 = Debug|Any CPU
		{EF352ED7-4556-4F68-9267-F86BD4052174}.Debug|x86.ActiveCfg = Debug|Any CPU
		{EF352ED7-4556-4F68-9267-F86BD4052174}.Debug|x86.Build.0 = Debug|Any CPU
		{EF352ED7-4556-4F68-9267-F86BD4052174}.Release|Any CPU.ActiveCfg = Release|Any CPU
		{EF352ED7-4556-4F68-9267-F86BD4052174}.Release|Any CPU.Build.0 = Release|Any CPU
		{EF352ED7-4556-4F68-9267-F86BD4052174}.Release|x64.ActiveCfg = Release|Any CPU
		{EF352ED7-4556-4F68-9267-F86BD4052174}.Release|x64.Build.0 = Release|Any CPU
		{EF352ED7-4556-4F68-9267-F86BD4052174}.Release|x86.ActiveCfg = Release|Any CPU
		{EF352ED7-4556-4F68-9267-F86BD4052174}.Release|x86.Build.0 = Release|Any CPU
		{E458E58E-07F0-43BB-B065-D59744B0A621}.Debug|Any CPU.ActiveCfg = Debug|Any CPU
		{E458E58E-07F0-43BB-B065-D59744B0A621}.Debug|Any CPU.Build.0 = Debug|Any CPU
		{E458E58E-07F0-43BB-B065-D59744B0A621}.Debug|x64.ActiveCfg = Debug|Any CPU
		{E458E58E-07F0-43BB-B065-D59744B0A621}.Debug|x64.Build.0 = Debug|Any CPU
		{E458E58E-07F0-43BB-B065-D59744B0A621}.Debug|x86.ActiveCfg = Debug|Any CPU
		{E458E58E-07F0-43BB-B065-D59744B0A621}.Debug|x86.Build.0 = Debug|Any CPU
		{E458E58E-07F0-43BB-B065-D59744B0A621}.Release|Any CPU.ActiveCfg = Release|Any CPU
		{E458E58E-07F0-43BB-B065-D59744B0A621}.Release|Any CPU.Build.0 = Release|Any CPU
		{E458E58E-07F0-43BB-B065-D59744B0A621}.Release|x64.ActiveCfg = Release|Any CPU
		{E458E58E-07F0-43BB-B065-D59744B0A621}.Release|x64.Build.0 = Release|Any CPU
		{E458E58E-07F0-43BB-B065-D59744B0A621}.Release|x86.ActiveCfg = Release|Any CPU
		{E458E58E-07F0-43BB-B065-D59744B0A621}.Release|x86.Build.0 = Release|Any CPU
		{EAC420D1-8CEE-4B11-BD41-50D7F5CDA575}.Debug|Any CPU.ActiveCfg = Debug|Any CPU
		{EAC420D1-8CEE-4B11-BD41-50D7F5CDA575}.Debug|Any CPU.Build.0 = Debug|Any CPU
		{EAC420D1-8CEE-4B11-BD41-50D7F5CDA575}.Debug|x64.ActiveCfg = Debug|Any CPU
		{EAC420D1-8CEE-4B11-BD41-50D7F5CDA575}.Debug|x64.Build.0 = Debug|Any CPU
		{EAC420D1-8CEE-4B11-BD41-50D7F5CDA575}.Debug|x86.ActiveCfg = Debug|Any CPU
		{EAC420D1-8CEE-4B11-BD41-50D7F5CDA575}.Debug|x86.Build.0 = Debug|Any CPU
		{EAC420D1-8CEE-4B11-BD41-50D7F5CDA575}.Release|Any CPU.ActiveCfg = Release|Any CPU
		{EAC420D1-8CEE-4B11-BD41-50D7F5CDA575}.Release|Any CPU.Build.0 = Release|Any CPU
		{EAC420D1-8CEE-4B11-BD41-50D7F5CDA575}.Release|x64.ActiveCfg = Release|Any CPU
		{EAC420D1-8CEE-4B11-BD41-50D7F5CDA575}.Release|x64.Build.0 = Release|Any CPU
		{EAC420D1-8CEE-4B11-BD41-50D7F5CDA575}.Release|x86.ActiveCfg = Release|Any CPU
		{EAC420D1-8CEE-4B11-BD41-50D7F5CDA575}.Release|x86.Build.0 = Release|Any CPU
		{D2955B03-CA9A-472F-9861-4E70BCBD67D8}.Debug|Any CPU.ActiveCfg = Debug|Any CPU
		{D2955B03-CA9A-472F-9861-4E70BCBD67D8}.Debug|Any CPU.Build.0 = Debug|Any CPU
		{D2955B03-CA9A-472F-9861-4E70BCBD67D8}.Debug|x64.ActiveCfg = Debug|Any CPU
		{D2955B03-CA9A-472F-9861-4E70BCBD67D8}.Debug|x64.Build.0 = Debug|Any CPU
		{D2955B03-CA9A-472F-9861-4E70BCBD67D8}.Debug|x86.ActiveCfg = Debug|Any CPU
		{D2955B03-CA9A-472F-9861-4E70BCBD67D8}.Debug|x86.Build.0 = Debug|Any CPU
		{D2955B03-CA9A-472F-9861-4E70BCBD67D8}.Release|Any CPU.ActiveCfg = Release|Any CPU
		{D2955B03-CA9A-472F-9861-4E70BCBD67D8}.Release|Any CPU.Build.0 = Release|Any CPU
		{D2955B03-CA9A-472F-9861-4E70BCBD67D8}.Release|x64.ActiveCfg = Release|Any CPU
		{D2955B03-CA9A-472F-9861-4E70BCBD67D8}.Release|x64.Build.0 = Release|Any CPU
		{D2955B03-CA9A-472F-9861-4E70BCBD67D8}.Release|x86.ActiveCfg = Release|Any CPU
		{D2955B03-CA9A-472F-9861-4E70BCBD67D8}.Release|x86.Build.0 = Release|Any CPU
		{B17D4455-1E7E-4CB0-88DC-3F1777C8C265}.Debug|Any CPU.ActiveCfg = Debug|Any CPU
		{B17D4455-1E7E-4CB0-88DC-3F1777C8C265}.Debug|Any CPU.Build.0 = Debug|Any CPU
		{B17D4455-1E7E-4CB0-88DC-3F1777C8C265}.Debug|x64.ActiveCfg = Debug|Any CPU
		{B17D4455-1E7E-4CB0-88DC-3F1777C8C265}.Debug|x64.Build.0 = Debug|Any CPU
		{B17D4455-1E7E-4CB0-88DC-3F1777C8C265}.Debug|x86.ActiveCfg = Debug|Any CPU
		{B17D4455-1E7E-4CB0-88DC-3F1777C8C265}.Debug|x86.Build.0 = Debug|Any CPU
		{B17D4455-1E7E-4CB0-88DC-3F1777C8C265}.Release|Any CPU.ActiveCfg = Release|Any CPU
		{B17D4455-1E7E-4CB0-88DC-3F1777C8C265}.Release|Any CPU.Build.0 = Release|Any CPU
		{B17D4455-1E7E-4CB0-88DC-3F1777C8C265}.Release|x64.ActiveCfg = Release|Any CPU
		{B17D4455-1E7E-4CB0-88DC-3F1777C8C265}.Release|x64.Build.0 = Release|Any CPU
		{B17D4455-1E7E-4CB0-88DC-3F1777C8C265}.Release|x86.ActiveCfg = Release|Any CPU
		{B17D4455-1E7E-4CB0-88DC-3F1777C8C265}.Release|x86.Build.0 = Release|Any CPU
		{37818A33-70BB-4FDD-9CA2-B018EC8B7882}.Debug|Any CPU.ActiveCfg = Debug|Any CPU
		{37818A33-70BB-4FDD-9CA2-B018EC8B7882}.Debug|Any CPU.Build.0 = Debug|Any CPU
		{37818A33-70BB-4FDD-9CA2-B018EC8B7882}.Debug|x64.ActiveCfg = Debug|Any CPU
		{37818A33-70BB-4FDD-9CA2-B018EC8B7882}.Debug|x64.Build.0 = Debug|Any CPU
		{37818A33-70BB-4FDD-9CA2-B018EC8B7882}.Debug|x86.ActiveCfg = Debug|Any CPU
		{37818A33-70BB-4FDD-9CA2-B018EC8B7882}.Debug|x86.Build.0 = Debug|Any CPU
		{37818A33-70BB-4FDD-9CA2-B018EC8B7882}.Release|Any CPU.ActiveCfg = Release|Any CPU
		{37818A33-70BB-4FDD-9CA2-B018EC8B7882}.Release|Any CPU.Build.0 = Release|Any CPU
		{37818A33-70BB-4FDD-9CA2-B018EC8B7882}.Release|x64.ActiveCfg = Release|Any CPU
		{37818A33-70BB-4FDD-9CA2-B018EC8B7882}.Release|x64.Build.0 = Release|Any CPU
		{37818A33-70BB-4FDD-9CA2-B018EC8B7882}.Release|x86.ActiveCfg = Release|Any CPU
		{37818A33-70BB-4FDD-9CA2-B018EC8B7882}.Release|x86.Build.0 = Release|Any CPU
		{B34F9186-EBBF-4D08-8C9B-6073C16DBF52}.Debug|Any CPU.ActiveCfg = Debug|Any CPU
		{B34F9186-EBBF-4D08-8C9B-6073C16DBF52}.Debug|Any CPU.Build.0 = Debug|Any CPU
		{B34F9186-EBBF-4D08-8C9B-6073C16DBF52}.Debug|x64.ActiveCfg = Debug|Any CPU
		{B34F9186-EBBF-4D08-8C9B-6073C16DBF52}.Debug|x64.Build.0 = Debug|Any CPU
		{B34F9186-EBBF-4D08-8C9B-6073C16DBF52}.Debug|x86.ActiveCfg = Debug|Any CPU
		{B34F9186-EBBF-4D08-8C9B-6073C16DBF52}.Debug|x86.Build.0 = Debug|Any CPU
		{B34F9186-EBBF-4D08-8C9B-6073C16DBF52}.Release|Any CPU.ActiveCfg = Release|Any CPU
		{B34F9186-EBBF-4D08-8C9B-6073C16DBF52}.Release|Any CPU.Build.0 = Release|Any CPU
		{B34F9186-EBBF-4D08-8C9B-6073C16DBF52}.Release|x64.ActiveCfg = Release|Any CPU
		{B34F9186-EBBF-4D08-8C9B-6073C16DBF52}.Release|x64.Build.0 = Release|Any CPU
		{B34F9186-EBBF-4D08-8C9B-6073C16DBF52}.Release|x86.ActiveCfg = Release|Any CPU
		{B34F9186-EBBF-4D08-8C9B-6073C16DBF52}.Release|x86.Build.0 = Release|Any CPU
		{2C4296EE-5178-4443-8A34-7D878B051C95}.Debug|Any CPU.ActiveCfg = Debug|Any CPU
		{2C4296EE-5178-4443-8A34-7D878B051C95}.Debug|Any CPU.Build.0 = Debug|Any CPU
		{2C4296EE-5178-4443-8A34-7D878B051C95}.Debug|x64.ActiveCfg = Debug|Any CPU
		{2C4296EE-5178-4443-8A34-7D878B051C95}.Debug|x64.Build.0 = Debug|Any CPU
		{2C4296EE-5178-4443-8A34-7D878B051C95}.Debug|x86.ActiveCfg = Debug|Any CPU
		{2C4296EE-5178-4443-8A34-7D878B051C95}.Debug|x86.Build.0 = Debug|Any CPU
		{2C4296EE-5178-4443-8A34-7D878B051C95}.Release|Any CPU.ActiveCfg = Release|Any CPU
		{2C4296EE-5178-4443-8A34-7D878B051C95}.Release|Any CPU.Build.0 = Release|Any CPU
		{2C4296EE-5178-4443-8A34-7D878B051C95}.Release|x64.ActiveCfg = Release|Any CPU
		{2C4296EE-5178-4443-8A34-7D878B051C95}.Release|x64.Build.0 = Release|Any CPU
		{2C4296EE-5178-4443-8A34-7D878B051C95}.Release|x86.ActiveCfg = Release|Any CPU
		{2C4296EE-5178-4443-8A34-7D878B051C95}.Release|x86.Build.0 = Release|Any CPU
		{2DF98EDC-F0C1-4B32-9050-253BD2311664}.Debug|Any CPU.ActiveCfg = Debug|Any CPU
		{2DF98EDC-F0C1-4B32-9050-253BD2311664}.Debug|Any CPU.Build.0 = Debug|Any CPU
		{2DF98EDC-F0C1-4B32-9050-253BD2311664}.Debug|x64.ActiveCfg = Debug|Any CPU
		{2DF98EDC-F0C1-4B32-9050-253BD2311664}.Debug|x64.Build.0 = Debug|Any CPU
		{2DF98EDC-F0C1-4B32-9050-253BD2311664}.Debug|x86.ActiveCfg = Debug|Any CPU
		{2DF98EDC-F0C1-4B32-9050-253BD2311664}.Debug|x86.Build.0 = Debug|Any CPU
		{2DF98EDC-F0C1-4B32-9050-253BD2311664}.Release|Any CPU.ActiveCfg = Release|Any CPU
		{2DF98EDC-F0C1-4B32-9050-253BD2311664}.Release|Any CPU.Build.0 = Release|Any CPU
		{2DF98EDC-F0C1-4B32-9050-253BD2311664}.Release|x64.ActiveCfg = Release|Any CPU
		{2DF98EDC-F0C1-4B32-9050-253BD2311664}.Release|x64.Build.0 = Release|Any CPU
		{2DF98EDC-F0C1-4B32-9050-253BD2311664}.Release|x86.ActiveCfg = Release|Any CPU
		{2DF98EDC-F0C1-4B32-9050-253BD2311664}.Release|x86.Build.0 = Release|Any CPU
		{B8F19B0E-16CC-40E6-9EF0-2CFADCCF1669}.Debug|Any CPU.ActiveCfg = Debug|Any CPU
		{B8F19B0E-16CC-40E6-9EF0-2CFADCCF1669}.Debug|Any CPU.Build.0 = Debug|Any CPU
		{B8F19B0E-16CC-40E6-9EF0-2CFADCCF1669}.Debug|x64.ActiveCfg = Debug|Any CPU
		{B8F19B0E-16CC-40E6-9EF0-2CFADCCF1669}.Debug|x64.Build.0 = Debug|Any CPU
		{B8F19B0E-16CC-40E6-9EF0-2CFADCCF1669}.Debug|x86.ActiveCfg = Debug|Any CPU
		{B8F19B0E-16CC-40E6-9EF0-2CFADCCF1669}.Debug|x86.Build.0 = Debug|Any CPU
		{B8F19B0E-16CC-40E6-9EF0-2CFADCCF1669}.Release|Any CPU.ActiveCfg = Release|Any CPU
		{B8F19B0E-16CC-40E6-9EF0-2CFADCCF1669}.Release|Any CPU.Build.0 = Release|Any CPU
		{B8F19B0E-16CC-40E6-9EF0-2CFADCCF1669}.Release|x64.ActiveCfg = Release|Any CPU
		{B8F19B0E-16CC-40E6-9EF0-2CFADCCF1669}.Release|x64.Build.0 = Release|Any CPU
		{B8F19B0E-16CC-40E6-9EF0-2CFADCCF1669}.Release|x86.ActiveCfg = Release|Any CPU
		{B8F19B0E-16CC-40E6-9EF0-2CFADCCF1669}.Release|x86.Build.0 = Release|Any CPU
		{D53A8361-D360-486E-B369-E8CFA80A9A1C}.Debug|Any CPU.ActiveCfg = Debug|Any CPU
		{D53A8361-D360-486E-B369-E8CFA80A9A1C}.Debug|Any CPU.Build.0 = Debug|Any CPU
		{D53A8361-D360-486E-B369-E8CFA80A9A1C}.Debug|x64.ActiveCfg = Debug|Any CPU
		{D53A8361-D360-486E-B369-E8CFA80A9A1C}.Debug|x64.Build.0 = Debug|Any CPU
		{D53A8361-D360-486E-B369-E8CFA80A9A1C}.Debug|x86.ActiveCfg = Debug|Any CPU
		{D53A8361-D360-486E-B369-E8CFA80A9A1C}.Debug|x86.Build.0 = Debug|Any CPU
		{D53A8361-D360-486E-B369-E8CFA80A9A1C}.Release|Any CPU.ActiveCfg = Release|Any CPU
		{D53A8361-D360-486E-B369-E8CFA80A9A1C}.Release|Any CPU.Build.0 = Release|Any CPU
		{D53A8361-D360-486E-B369-E8CFA80A9A1C}.Release|x64.ActiveCfg = Release|Any CPU
		{D53A8361-D360-486E-B369-E8CFA80A9A1C}.Release|x64.Build.0 = Release|Any CPU
		{D53A8361-D360-486E-B369-E8CFA80A9A1C}.Release|x86.ActiveCfg = Release|Any CPU
		{D53A8361-D360-486E-B369-E8CFA80A9A1C}.Release|x86.Build.0 = Release|Any CPU
		{B550D089-0D3E-4694-BE5F-92C740C11BB2}.Debug|Any CPU.ActiveCfg = Debug|Any CPU
		{B550D089-0D3E-4694-BE5F-92C740C11BB2}.Debug|Any CPU.Build.0 = Debug|Any CPU
		{B550D089-0D3E-4694-BE5F-92C740C11BB2}.Debug|x64.ActiveCfg = Debug|Any CPU
		{B550D089-0D3E-4694-BE5F-92C740C11BB2}.Debug|x64.Build.0 = Debug|Any CPU
		{B550D089-0D3E-4694-BE5F-92C740C11BB2}.Debug|x86.ActiveCfg = Debug|Any CPU
		{B550D089-0D3E-4694-BE5F-92C740C11BB2}.Debug|x86.Build.0 = Debug|Any CPU
		{B550D089-0D3E-4694-BE5F-92C740C11BB2}.Release|Any CPU.ActiveCfg = Release|Any CPU
		{B550D089-0D3E-4694-BE5F-92C740C11BB2}.Release|Any CPU.Build.0 = Release|Any CPU
		{B550D089-0D3E-4694-BE5F-92C740C11BB2}.Release|x64.ActiveCfg = Release|Any CPU
		{B550D089-0D3E-4694-BE5F-92C740C11BB2}.Release|x64.Build.0 = Release|Any CPU
		{B550D089-0D3E-4694-BE5F-92C740C11BB2}.Release|x86.ActiveCfg = Release|Any CPU
		{B550D089-0D3E-4694-BE5F-92C740C11BB2}.Release|x86.Build.0 = Release|Any CPU
		{F6F21E03-075F-478D-9CCA-7AA4166D6C0F}.Debug|Any CPU.ActiveCfg = Debug|Any CPU
		{F6F21E03-075F-478D-9CCA-7AA4166D6C0F}.Debug|Any CPU.Build.0 = Debug|Any CPU
		{F6F21E03-075F-478D-9CCA-7AA4166D6C0F}.Debug|x64.ActiveCfg = Debug|Any CPU
		{F6F21E03-075F-478D-9CCA-7AA4166D6C0F}.Debug|x64.Build.0 = Debug|Any CPU
		{F6F21E03-075F-478D-9CCA-7AA4166D6C0F}.Debug|x86.ActiveCfg = Debug|Any CPU
		{F6F21E03-075F-478D-9CCA-7AA4166D6C0F}.Debug|x86.Build.0 = Debug|Any CPU
		{F6F21E03-075F-478D-9CCA-7AA4166D6C0F}.Release|Any CPU.ActiveCfg = Release|Any CPU
		{F6F21E03-075F-478D-9CCA-7AA4166D6C0F}.Release|Any CPU.Build.0 = Release|Any CPU
		{F6F21E03-075F-478D-9CCA-7AA4166D6C0F}.Release|x64.ActiveCfg = Release|Any CPU
		{F6F21E03-075F-478D-9CCA-7AA4166D6C0F}.Release|x64.Build.0 = Release|Any CPU
		{F6F21E03-075F-478D-9CCA-7AA4166D6C0F}.Release|x86.ActiveCfg = Release|Any CPU
		{F6F21E03-075F-478D-9CCA-7AA4166D6C0F}.Release|x86.Build.0 = Release|Any CPU
		{F3EE5A9C-0B65-4D2E-AF4D-E09915FACE8A}.Debug|Any CPU.ActiveCfg = Debug|Any CPU
		{F3EE5A9C-0B65-4D2E-AF4D-E09915FACE8A}.Debug|Any CPU.Build.0 = Debug|Any CPU
		{F3EE5A9C-0B65-4D2E-AF4D-E09915FACE8A}.Debug|x64.ActiveCfg = Debug|Any CPU
		{F3EE5A9C-0B65-4D2E-AF4D-E09915FACE8A}.Debug|x64.Build.0 = Debug|Any CPU
		{F3EE5A9C-0B65-4D2E-AF4D-E09915FACE8A}.Debug|x86.ActiveCfg = Debug|Any CPU
		{F3EE5A9C-0B65-4D2E-AF4D-E09915FACE8A}.Debug|x86.Build.0 = Debug|Any CPU
		{F3EE5A9C-0B65-4D2E-AF4D-E09915FACE8A}.Release|Any CPU.ActiveCfg = Release|Any CPU
		{F3EE5A9C-0B65-4D2E-AF4D-E09915FACE8A}.Release|Any CPU.Build.0 = Release|Any CPU
		{F3EE5A9C-0B65-4D2E-AF4D-E09915FACE8A}.Release|x64.ActiveCfg = Release|Any CPU
		{F3EE5A9C-0B65-4D2E-AF4D-E09915FACE8A}.Release|x64.Build.0 = Release|Any CPU
		{F3EE5A9C-0B65-4D2E-AF4D-E09915FACE8A}.Release|x86.ActiveCfg = Release|Any CPU
		{F3EE5A9C-0B65-4D2E-AF4D-E09915FACE8A}.Release|x86.Build.0 = Release|Any CPU
		{D9FDBB2A-CF59-4828-9796-C95D8655FE40}.Debug|Any CPU.ActiveCfg = Debug|Any CPU
		{D9FDBB2A-CF59-4828-9796-C95D8655FE40}.Debug|Any CPU.Build.0 = Debug|Any CPU
		{D9FDBB2A-CF59-4828-9796-C95D8655FE40}.Debug|x64.ActiveCfg = Debug|Any CPU
		{D9FDBB2A-CF59-4828-9796-C95D8655FE40}.Debug|x64.Build.0 = Debug|Any CPU
		{D9FDBB2A-CF59-4828-9796-C95D8655FE40}.Debug|x86.ActiveCfg = Debug|Any CPU
		{D9FDBB2A-CF59-4828-9796-C95D8655FE40}.Debug|x86.Build.0 = Debug|Any CPU
		{D9FDBB2A-CF59-4828-9796-C95D8655FE40}.Release|Any CPU.ActiveCfg = Release|Any CPU
		{D9FDBB2A-CF59-4828-9796-C95D8655FE40}.Release|Any CPU.Build.0 = Release|Any CPU
		{D9FDBB2A-CF59-4828-9796-C95D8655FE40}.Release|x64.ActiveCfg = Release|Any CPU
		{D9FDBB2A-CF59-4828-9796-C95D8655FE40}.Release|x64.Build.0 = Release|Any CPU
		{D9FDBB2A-CF59-4828-9796-C95D8655FE40}.Release|x86.ActiveCfg = Release|Any CPU
		{D9FDBB2A-CF59-4828-9796-C95D8655FE40}.Release|x86.Build.0 = Release|Any CPU
		{A366E7AE-B4E0-4A64-B9DE-74126DC3CABC}.Debug|Any CPU.ActiveCfg = Debug|Any CPU
		{A366E7AE-B4E0-4A64-B9DE-74126DC3CABC}.Debug|Any CPU.Build.0 = Debug|Any CPU
		{A366E7AE-B4E0-4A64-B9DE-74126DC3CABC}.Debug|x64.ActiveCfg = Debug|Any CPU
		{A366E7AE-B4E0-4A64-B9DE-74126DC3CABC}.Debug|x64.Build.0 = Debug|Any CPU
		{A366E7AE-B4E0-4A64-B9DE-74126DC3CABC}.Debug|x86.ActiveCfg = Debug|Any CPU
		{A366E7AE-B4E0-4A64-B9DE-74126DC3CABC}.Debug|x86.Build.0 = Debug|Any CPU
		{A366E7AE-B4E0-4A64-B9DE-74126DC3CABC}.Release|Any CPU.ActiveCfg = Release|Any CPU
		{A366E7AE-B4E0-4A64-B9DE-74126DC3CABC}.Release|Any CPU.Build.0 = Release|Any CPU
		{A366E7AE-B4E0-4A64-B9DE-74126DC3CABC}.Release|x64.ActiveCfg = Release|Any CPU
		{A366E7AE-B4E0-4A64-B9DE-74126DC3CABC}.Release|x64.Build.0 = Release|Any CPU
		{A366E7AE-B4E0-4A64-B9DE-74126DC3CABC}.Release|x86.ActiveCfg = Release|Any CPU
		{A366E7AE-B4E0-4A64-B9DE-74126DC3CABC}.Release|x86.Build.0 = Release|Any CPU
		{8654348C-0FEC-40CC-8330-1CE2B4FFC10A}.Debug|Any CPU.ActiveCfg = Debug|Any CPU
		{8654348C-0FEC-40CC-8330-1CE2B4FFC10A}.Debug|Any CPU.Build.0 = Debug|Any CPU
		{8654348C-0FEC-40CC-8330-1CE2B4FFC10A}.Debug|x64.ActiveCfg = Debug|Any CPU
		{8654348C-0FEC-40CC-8330-1CE2B4FFC10A}.Debug|x64.Build.0 = Debug|Any CPU
		{8654348C-0FEC-40CC-8330-1CE2B4FFC10A}.Debug|x86.ActiveCfg = Debug|Any CPU
		{8654348C-0FEC-40CC-8330-1CE2B4FFC10A}.Debug|x86.Build.0 = Debug|Any CPU
		{8654348C-0FEC-40CC-8330-1CE2B4FFC10A}.Release|Any CPU.ActiveCfg = Release|Any CPU
		{8654348C-0FEC-40CC-8330-1CE2B4FFC10A}.Release|Any CPU.Build.0 = Release|Any CPU
		{8654348C-0FEC-40CC-8330-1CE2B4FFC10A}.Release|x64.ActiveCfg = Release|Any CPU
		{8654348C-0FEC-40CC-8330-1CE2B4FFC10A}.Release|x64.Build.0 = Release|Any CPU
		{8654348C-0FEC-40CC-8330-1CE2B4FFC10A}.Release|x86.ActiveCfg = Release|Any CPU
		{8654348C-0FEC-40CC-8330-1CE2B4FFC10A}.Release|x86.Build.0 = Release|Any CPU
		{C2F237F7-DA85-45C7-9B26-1805ADA47A41}.Debug|Any CPU.ActiveCfg = Debug|Any CPU
		{C2F237F7-DA85-45C7-9B26-1805ADA47A41}.Debug|Any CPU.Build.0 = Debug|Any CPU
		{C2F237F7-DA85-45C7-9B26-1805ADA47A41}.Debug|x64.ActiveCfg = Debug|Any CPU
		{C2F237F7-DA85-45C7-9B26-1805ADA47A41}.Debug|x64.Build.0 = Debug|Any CPU
		{C2F237F7-DA85-45C7-9B26-1805ADA47A41}.Debug|x86.ActiveCfg = Debug|Any CPU
		{C2F237F7-DA85-45C7-9B26-1805ADA47A41}.Debug|x86.Build.0 = Debug|Any CPU
		{C2F237F7-DA85-45C7-9B26-1805ADA47A41}.Release|Any CPU.ActiveCfg = Release|Any CPU
		{C2F237F7-DA85-45C7-9B26-1805ADA47A41}.Release|Any CPU.Build.0 = Release|Any CPU
		{C2F237F7-DA85-45C7-9B26-1805ADA47A41}.Release|x64.ActiveCfg = Release|Any CPU
		{C2F237F7-DA85-45C7-9B26-1805ADA47A41}.Release|x64.Build.0 = Release|Any CPU
		{C2F237F7-DA85-45C7-9B26-1805ADA47A41}.Release|x86.ActiveCfg = Release|Any CPU
		{C2F237F7-DA85-45C7-9B26-1805ADA47A41}.Release|x86.Build.0 = Release|Any CPU
		{682FA4E4-78A5-4222-97E8-D6AAAF8FB9A8}.Debug|Any CPU.ActiveCfg = Debug|Any CPU
		{682FA4E4-78A5-4222-97E8-D6AAAF8FB9A8}.Debug|Any CPU.Build.0 = Debug|Any CPU
		{682FA4E4-78A5-4222-97E8-D6AAAF8FB9A8}.Debug|x64.ActiveCfg = Debug|Any CPU
		{682FA4E4-78A5-4222-97E8-D6AAAF8FB9A8}.Debug|x64.Build.0 = Debug|Any CPU
		{682FA4E4-78A5-4222-97E8-D6AAAF8FB9A8}.Debug|x86.ActiveCfg = Debug|Any CPU
		{682FA4E4-78A5-4222-97E8-D6AAAF8FB9A8}.Debug|x86.Build.0 = Debug|Any CPU
		{682FA4E4-78A5-4222-97E8-D6AAAF8FB9A8}.Release|Any CPU.ActiveCfg = Release|Any CPU
		{682FA4E4-78A5-4222-97E8-D6AAAF8FB9A8}.Release|Any CPU.Build.0 = Release|Any CPU
		{682FA4E4-78A5-4222-97E8-D6AAAF8FB9A8}.Release|x64.ActiveCfg = Release|Any CPU
		{682FA4E4-78A5-4222-97E8-D6AAAF8FB9A8}.Release|x64.Build.0 = Release|Any CPU
		{682FA4E4-78A5-4222-97E8-D6AAAF8FB9A8}.Release|x86.ActiveCfg = Release|Any CPU
		{682FA4E4-78A5-4222-97E8-D6AAAF8FB9A8}.Release|x86.Build.0 = Release|Any CPU
		{64C5D784-A45B-4521-8CDE-171155095437}.Debug|Any CPU.ActiveCfg = Debug|Any CPU
		{64C5D784-A45B-4521-8CDE-171155095437}.Debug|Any CPU.Build.0 = Debug|Any CPU
		{64C5D784-A45B-4521-8CDE-171155095437}.Debug|x64.ActiveCfg = Debug|Any CPU
		{64C5D784-A45B-4521-8CDE-171155095437}.Debug|x64.Build.0 = Debug|Any CPU
		{64C5D784-A45B-4521-8CDE-171155095437}.Debug|x86.ActiveCfg = Debug|Any CPU
		{64C5D784-A45B-4521-8CDE-171155095437}.Debug|x86.Build.0 = Debug|Any CPU
		{64C5D784-A45B-4521-8CDE-171155095437}.Release|Any CPU.ActiveCfg = Release|Any CPU
		{64C5D784-A45B-4521-8CDE-171155095437}.Release|Any CPU.Build.0 = Release|Any CPU
		{64C5D784-A45B-4521-8CDE-171155095437}.Release|x64.ActiveCfg = Release|Any CPU
		{64C5D784-A45B-4521-8CDE-171155095437}.Release|x64.Build.0 = Release|Any CPU
		{64C5D784-A45B-4521-8CDE-171155095437}.Release|x86.ActiveCfg = Release|Any CPU
		{64C5D784-A45B-4521-8CDE-171155095437}.Release|x86.Build.0 = Release|Any CPU
		{CB582F51-96A2-49A1-860D-CE1C2CD7FD8F}.Debug|Any CPU.ActiveCfg = Debug|Any CPU
		{CB582F51-96A2-49A1-860D-CE1C2CD7FD8F}.Debug|Any CPU.Build.0 = Debug|Any CPU
		{CB582F51-96A2-49A1-860D-CE1C2CD7FD8F}.Debug|x64.ActiveCfg = Debug|Any CPU
		{CB582F51-96A2-49A1-860D-CE1C2CD7FD8F}.Debug|x64.Build.0 = Debug|Any CPU
		{CB582F51-96A2-49A1-860D-CE1C2CD7FD8F}.Debug|x86.ActiveCfg = Debug|Any CPU
		{CB582F51-96A2-49A1-860D-CE1C2CD7FD8F}.Debug|x86.Build.0 = Debug|Any CPU
		{CB582F51-96A2-49A1-860D-CE1C2CD7FD8F}.Release|Any CPU.ActiveCfg = Release|Any CPU
		{CB582F51-96A2-49A1-860D-CE1C2CD7FD8F}.Release|Any CPU.Build.0 = Release|Any CPU
		{CB582F51-96A2-49A1-860D-CE1C2CD7FD8F}.Release|x64.ActiveCfg = Release|Any CPU
		{CB582F51-96A2-49A1-860D-CE1C2CD7FD8F}.Release|x64.Build.0 = Release|Any CPU
		{CB582F51-96A2-49A1-860D-CE1C2CD7FD8F}.Release|x86.ActiveCfg = Release|Any CPU
		{CB582F51-96A2-49A1-860D-CE1C2CD7FD8F}.Release|x86.Build.0 = Release|Any CPU
		{F81B8C7D-4AF4-4D73-9761-3C99F863F5DC}.Debug|Any CPU.ActiveCfg = Debug|Any CPU
		{F81B8C7D-4AF4-4D73-9761-3C99F863F5DC}.Debug|Any CPU.Build.0 = Debug|Any CPU
		{F81B8C7D-4AF4-4D73-9761-3C99F863F5DC}.Debug|x64.ActiveCfg = Debug|Any CPU
		{F81B8C7D-4AF4-4D73-9761-3C99F863F5DC}.Debug|x64.Build.0 = Debug|Any CPU
		{F81B8C7D-4AF4-4D73-9761-3C99F863F5DC}.Debug|x86.ActiveCfg = Debug|Any CPU
		{F81B8C7D-4AF4-4D73-9761-3C99F863F5DC}.Debug|x86.Build.0 = Debug|Any CPU
		{F81B8C7D-4AF4-4D73-9761-3C99F863F5DC}.Release|Any CPU.ActiveCfg = Release|Any CPU
		{F81B8C7D-4AF4-4D73-9761-3C99F863F5DC}.Release|Any CPU.Build.0 = Release|Any CPU
		{F81B8C7D-4AF4-4D73-9761-3C99F863F5DC}.Release|x64.ActiveCfg = Release|Any CPU
		{F81B8C7D-4AF4-4D73-9761-3C99F863F5DC}.Release|x64.Build.0 = Release|Any CPU
		{F81B8C7D-4AF4-4D73-9761-3C99F863F5DC}.Release|x86.ActiveCfg = Release|Any CPU
		{F81B8C7D-4AF4-4D73-9761-3C99F863F5DC}.Release|x86.Build.0 = Release|Any CPU
		{8ED3A779-5B4C-40E4-8E4C-C070201A9172}.Debug|Any CPU.ActiveCfg = Debug|Any CPU
		{8ED3A779-5B4C-40E4-8E4C-C070201A9172}.Debug|Any CPU.Build.0 = Debug|Any CPU
		{8ED3A779-5B4C-40E4-8E4C-C070201A9172}.Debug|x64.ActiveCfg = Debug|Any CPU
		{8ED3A779-5B4C-40E4-8E4C-C070201A9172}.Debug|x64.Build.0 = Debug|Any CPU
		{8ED3A779-5B4C-40E4-8E4C-C070201A9172}.Debug|x86.ActiveCfg = Debug|Any CPU
		{8ED3A779-5B4C-40E4-8E4C-C070201A9172}.Debug|x86.Build.0 = Debug|Any CPU
		{8ED3A779-5B4C-40E4-8E4C-C070201A9172}.Release|Any CPU.ActiveCfg = Release|Any CPU
		{8ED3A779-5B4C-40E4-8E4C-C070201A9172}.Release|Any CPU.Build.0 = Release|Any CPU
		{8ED3A779-5B4C-40E4-8E4C-C070201A9172}.Release|x64.ActiveCfg = Release|Any CPU
		{8ED3A779-5B4C-40E4-8E4C-C070201A9172}.Release|x64.Build.0 = Release|Any CPU
		{8ED3A779-5B4C-40E4-8E4C-C070201A9172}.Release|x86.ActiveCfg = Release|Any CPU
		{8ED3A779-5B4C-40E4-8E4C-C070201A9172}.Release|x86.Build.0 = Release|Any CPU
		{8D18D1DB-8FEE-4C39-8B66-FA0CF4877C0C}.Debug|Any CPU.ActiveCfg = Debug|Any CPU
		{8D18D1DB-8FEE-4C39-8B66-FA0CF4877C0C}.Debug|Any CPU.Build.0 = Debug|Any CPU
		{8D18D1DB-8FEE-4C39-8B66-FA0CF4877C0C}.Debug|x64.ActiveCfg = Debug|Any CPU
		{8D18D1DB-8FEE-4C39-8B66-FA0CF4877C0C}.Debug|x64.Build.0 = Debug|Any CPU
		{8D18D1DB-8FEE-4C39-8B66-FA0CF4877C0C}.Debug|x86.ActiveCfg = Debug|Any CPU
		{8D18D1DB-8FEE-4C39-8B66-FA0CF4877C0C}.Debug|x86.Build.0 = Debug|Any CPU
		{8D18D1DB-8FEE-4C39-8B66-FA0CF4877C0C}.Release|Any CPU.ActiveCfg = Release|Any CPU
		{8D18D1DB-8FEE-4C39-8B66-FA0CF4877C0C}.Release|Any CPU.Build.0 = Release|Any CPU
		{8D18D1DB-8FEE-4C39-8B66-FA0CF4877C0C}.Release|x64.ActiveCfg = Release|Any CPU
		{8D18D1DB-8FEE-4C39-8B66-FA0CF4877C0C}.Release|x64.Build.0 = Release|Any CPU
		{8D18D1DB-8FEE-4C39-8B66-FA0CF4877C0C}.Release|x86.ActiveCfg = Release|Any CPU
		{8D18D1DB-8FEE-4C39-8B66-FA0CF4877C0C}.Release|x86.Build.0 = Release|Any CPU
		{383080A1-7D39-4EE2-97EC-C224220A9D90}.Debug|Any CPU.ActiveCfg = Debug|Any CPU
		{383080A1-7D39-4EE2-97EC-C224220A9D90}.Debug|Any CPU.Build.0 = Debug|Any CPU
		{383080A1-7D39-4EE2-97EC-C224220A9D90}.Debug|x64.ActiveCfg = Debug|Any CPU
		{383080A1-7D39-4EE2-97EC-C224220A9D90}.Debug|x64.Build.0 = Debug|Any CPU
		{383080A1-7D39-4EE2-97EC-C224220A9D90}.Debug|x86.ActiveCfg = Debug|Any CPU
		{383080A1-7D39-4EE2-97EC-C224220A9D90}.Debug|x86.Build.0 = Debug|Any CPU
		{383080A1-7D39-4EE2-97EC-C224220A9D90}.Release|Any CPU.ActiveCfg = Release|Any CPU
		{383080A1-7D39-4EE2-97EC-C224220A9D90}.Release|Any CPU.Build.0 = Release|Any CPU
		{383080A1-7D39-4EE2-97EC-C224220A9D90}.Release|x64.ActiveCfg = Release|Any CPU
		{383080A1-7D39-4EE2-97EC-C224220A9D90}.Release|x64.Build.0 = Release|Any CPU
		{383080A1-7D39-4EE2-97EC-C224220A9D90}.Release|x86.ActiveCfg = Release|Any CPU
		{383080A1-7D39-4EE2-97EC-C224220A9D90}.Release|x86.Build.0 = Release|Any CPU
		{0213019F-8C80-4309-9391-7402CC8684CA}.Debug|Any CPU.ActiveCfg = Debug|Any CPU
		{0213019F-8C80-4309-9391-7402CC8684CA}.Debug|Any CPU.Build.0 = Debug|Any CPU
		{0213019F-8C80-4309-9391-7402CC8684CA}.Debug|x64.ActiveCfg = Debug|Any CPU
		{0213019F-8C80-4309-9391-7402CC8684CA}.Debug|x64.Build.0 = Debug|Any CPU
		{0213019F-8C80-4309-9391-7402CC8684CA}.Debug|x86.ActiveCfg = Debug|Any CPU
		{0213019F-8C80-4309-9391-7402CC8684CA}.Debug|x86.Build.0 = Debug|Any CPU
		{0213019F-8C80-4309-9391-7402CC8684CA}.Release|Any CPU.ActiveCfg = Release|Any CPU
		{0213019F-8C80-4309-9391-7402CC8684CA}.Release|Any CPU.Build.0 = Release|Any CPU
		{0213019F-8C80-4309-9391-7402CC8684CA}.Release|x64.ActiveCfg = Release|Any CPU
		{0213019F-8C80-4309-9391-7402CC8684CA}.Release|x64.Build.0 = Release|Any CPU
		{0213019F-8C80-4309-9391-7402CC8684CA}.Release|x86.ActiveCfg = Release|Any CPU
		{0213019F-8C80-4309-9391-7402CC8684CA}.Release|x86.Build.0 = Release|Any CPU
		{2D8C5A77-C915-4D21-9B3C-C6AA738969D2}.Debug|Any CPU.ActiveCfg = Debug|Any CPU
		{2D8C5A77-C915-4D21-9B3C-C6AA738969D2}.Debug|Any CPU.Build.0 = Debug|Any CPU
		{2D8C5A77-C915-4D21-9B3C-C6AA738969D2}.Debug|x64.ActiveCfg = Debug|Any CPU
		{2D8C5A77-C915-4D21-9B3C-C6AA738969D2}.Debug|x64.Build.0 = Debug|Any CPU
		{2D8C5A77-C915-4D21-9B3C-C6AA738969D2}.Debug|x86.ActiveCfg = Debug|Any CPU
		{2D8C5A77-C915-4D21-9B3C-C6AA738969D2}.Debug|x86.Build.0 = Debug|Any CPU
		{2D8C5A77-C915-4D21-9B3C-C6AA738969D2}.Release|Any CPU.ActiveCfg = Release|Any CPU
		{2D8C5A77-C915-4D21-9B3C-C6AA738969D2}.Release|Any CPU.Build.0 = Release|Any CPU
		{2D8C5A77-C915-4D21-9B3C-C6AA738969D2}.Release|x64.ActiveCfg = Release|Any CPU
		{2D8C5A77-C915-4D21-9B3C-C6AA738969D2}.Release|x64.Build.0 = Release|Any CPU
		{2D8C5A77-C915-4D21-9B3C-C6AA738969D2}.Release|x86.ActiveCfg = Release|Any CPU
		{2D8C5A77-C915-4D21-9B3C-C6AA738969D2}.Release|x86.Build.0 = Release|Any CPU
		{CCD73C47-D98C-4C9A-9C7B-B0D76D57B530}.Debug|Any CPU.ActiveCfg = Debug|Any CPU
		{CCD73C47-D98C-4C9A-9C7B-B0D76D57B530}.Debug|Any CPU.Build.0 = Debug|Any CPU
		{CCD73C47-D98C-4C9A-9C7B-B0D76D57B530}.Debug|x64.ActiveCfg = Debug|Any CPU
		{CCD73C47-D98C-4C9A-9C7B-B0D76D57B530}.Debug|x64.Build.0 = Debug|Any CPU
		{CCD73C47-D98C-4C9A-9C7B-B0D76D57B530}.Debug|x86.ActiveCfg = Debug|Any CPU
		{CCD73C47-D98C-4C9A-9C7B-B0D76D57B530}.Debug|x86.Build.0 = Debug|Any CPU
		{CCD73C47-D98C-4C9A-9C7B-B0D76D57B530}.Release|Any CPU.ActiveCfg = Release|Any CPU
		{CCD73C47-D98C-4C9A-9C7B-B0D76D57B530}.Release|Any CPU.Build.0 = Release|Any CPU
		{CCD73C47-D98C-4C9A-9C7B-B0D76D57B530}.Release|x64.ActiveCfg = Release|Any CPU
		{CCD73C47-D98C-4C9A-9C7B-B0D76D57B530}.Release|x64.Build.0 = Release|Any CPU
		{CCD73C47-D98C-4C9A-9C7B-B0D76D57B530}.Release|x86.ActiveCfg = Release|Any CPU
		{CCD73C47-D98C-4C9A-9C7B-B0D76D57B530}.Release|x86.Build.0 = Release|Any CPU
		{629EC530-D126-42BD-8A86-4A9BD21E2CD0}.Debug|Any CPU.ActiveCfg = Debug|Any CPU
		{629EC530-D126-42BD-8A86-4A9BD21E2CD0}.Debug|Any CPU.Build.0 = Debug|Any CPU
		{629EC530-D126-42BD-8A86-4A9BD21E2CD0}.Debug|x64.ActiveCfg = Debug|Any CPU
		{629EC530-D126-42BD-8A86-4A9BD21E2CD0}.Debug|x64.Build.0 = Debug|Any CPU
		{629EC530-D126-42BD-8A86-4A9BD21E2CD0}.Debug|x86.ActiveCfg = Debug|Any CPU
		{629EC530-D126-42BD-8A86-4A9BD21E2CD0}.Debug|x86.Build.0 = Debug|Any CPU
		{629EC530-D126-42BD-8A86-4A9BD21E2CD0}.Release|Any CPU.ActiveCfg = Release|Any CPU
		{629EC530-D126-42BD-8A86-4A9BD21E2CD0}.Release|Any CPU.Build.0 = Release|Any CPU
		{629EC530-D126-42BD-8A86-4A9BD21E2CD0}.Release|x64.ActiveCfg = Release|Any CPU
		{629EC530-D126-42BD-8A86-4A9BD21E2CD0}.Release|x64.Build.0 = Release|Any CPU
		{629EC530-D126-42BD-8A86-4A9BD21E2CD0}.Release|x86.ActiveCfg = Release|Any CPU
		{629EC530-D126-42BD-8A86-4A9BD21E2CD0}.Release|x86.Build.0 = Release|Any CPU
		{3A74B332-EC71-44A6-9690-2AE33C5FA289}.Debug|Any CPU.ActiveCfg = Debug|Any CPU
		{3A74B332-EC71-44A6-9690-2AE33C5FA289}.Debug|Any CPU.Build.0 = Debug|Any CPU
		{3A74B332-EC71-44A6-9690-2AE33C5FA289}.Debug|x64.ActiveCfg = Debug|Any CPU
		{3A74B332-EC71-44A6-9690-2AE33C5FA289}.Debug|x64.Build.0 = Debug|Any CPU
		{3A74B332-EC71-44A6-9690-2AE33C5FA289}.Debug|x86.ActiveCfg = Debug|Any CPU
		{3A74B332-EC71-44A6-9690-2AE33C5FA289}.Debug|x86.Build.0 = Debug|Any CPU
		{3A74B332-EC71-44A6-9690-2AE33C5FA289}.Release|Any CPU.ActiveCfg = Release|Any CPU
		{3A74B332-EC71-44A6-9690-2AE33C5FA289}.Release|Any CPU.Build.0 = Release|Any CPU
		{3A74B332-EC71-44A6-9690-2AE33C5FA289}.Release|x64.ActiveCfg = Release|Any CPU
		{3A74B332-EC71-44A6-9690-2AE33C5FA289}.Release|x64.Build.0 = Release|Any CPU
		{3A74B332-EC71-44A6-9690-2AE33C5FA289}.Release|x86.ActiveCfg = Release|Any CPU
		{3A74B332-EC71-44A6-9690-2AE33C5FA289}.Release|x86.Build.0 = Release|Any CPU
		{07E1AE54-1FD4-415E-8599-6DE4399C90E0}.Debug|Any CPU.ActiveCfg = Debug|Any CPU
		{07E1AE54-1FD4-415E-8599-6DE4399C90E0}.Debug|Any CPU.Build.0 = Debug|Any CPU
		{07E1AE54-1FD4-415E-8599-6DE4399C90E0}.Debug|x64.ActiveCfg = Debug|Any CPU
		{07E1AE54-1FD4-415E-8599-6DE4399C90E0}.Debug|x64.Build.0 = Debug|Any CPU
		{07E1AE54-1FD4-415E-8599-6DE4399C90E0}.Debug|x86.ActiveCfg = Debug|Any CPU
		{07E1AE54-1FD4-415E-8599-6DE4399C90E0}.Debug|x86.Build.0 = Debug|Any CPU
		{07E1AE54-1FD4-415E-8599-6DE4399C90E0}.Release|Any CPU.ActiveCfg = Release|Any CPU
		{07E1AE54-1FD4-415E-8599-6DE4399C90E0}.Release|Any CPU.Build.0 = Release|Any CPU
		{07E1AE54-1FD4-415E-8599-6DE4399C90E0}.Release|x64.ActiveCfg = Release|Any CPU
		{07E1AE54-1FD4-415E-8599-6DE4399C90E0}.Release|x64.Build.0 = Release|Any CPU
		{07E1AE54-1FD4-415E-8599-6DE4399C90E0}.Release|x86.ActiveCfg = Release|Any CPU
		{07E1AE54-1FD4-415E-8599-6DE4399C90E0}.Release|x86.Build.0 = Release|Any CPU
		{6FCB17A9-EB58-477A-9AA6-781E3DC9BCBD}.Debug|Any CPU.ActiveCfg = Debug|Any CPU
		{6FCB17A9-EB58-477A-9AA6-781E3DC9BCBD}.Debug|Any CPU.Build.0 = Debug|Any CPU
		{6FCB17A9-EB58-477A-9AA6-781E3DC9BCBD}.Debug|x64.ActiveCfg = Debug|Any CPU
		{6FCB17A9-EB58-477A-9AA6-781E3DC9BCBD}.Debug|x64.Build.0 = Debug|Any CPU
		{6FCB17A9-EB58-477A-9AA6-781E3DC9BCBD}.Debug|x86.ActiveCfg = Debug|Any CPU
		{6FCB17A9-EB58-477A-9AA6-781E3DC9BCBD}.Debug|x86.Build.0 = Debug|Any CPU
		{6FCB17A9-EB58-477A-9AA6-781E3DC9BCBD}.Release|Any CPU.ActiveCfg = Release|Any CPU
		{6FCB17A9-EB58-477A-9AA6-781E3DC9BCBD}.Release|Any CPU.Build.0 = Release|Any CPU
		{6FCB17A9-EB58-477A-9AA6-781E3DC9BCBD}.Release|x64.ActiveCfg = Release|Any CPU
		{6FCB17A9-EB58-477A-9AA6-781E3DC9BCBD}.Release|x64.Build.0 = Release|Any CPU
		{6FCB17A9-EB58-477A-9AA6-781E3DC9BCBD}.Release|x86.ActiveCfg = Release|Any CPU
		{6FCB17A9-EB58-477A-9AA6-781E3DC9BCBD}.Release|x86.Build.0 = Release|Any CPU
		{8BEA2ED7-893E-45CB-9ED4-4F2AE0B04B73}.Debug|Any CPU.ActiveCfg = Debug|Any CPU
		{8BEA2ED7-893E-45CB-9ED4-4F2AE0B04B73}.Debug|Any CPU.Build.0 = Debug|Any CPU
		{8BEA2ED7-893E-45CB-9ED4-4F2AE0B04B73}.Debug|x64.ActiveCfg = Debug|Any CPU
		{8BEA2ED7-893E-45CB-9ED4-4F2AE0B04B73}.Debug|x64.Build.0 = Debug|Any CPU
		{8BEA2ED7-893E-45CB-9ED4-4F2AE0B04B73}.Debug|x86.ActiveCfg = Debug|Any CPU
		{8BEA2ED7-893E-45CB-9ED4-4F2AE0B04B73}.Debug|x86.Build.0 = Debug|Any CPU
		{8BEA2ED7-893E-45CB-9ED4-4F2AE0B04B73}.Release|Any CPU.ActiveCfg = Release|Any CPU
		{8BEA2ED7-893E-45CB-9ED4-4F2AE0B04B73}.Release|Any CPU.Build.0 = Release|Any CPU
		{8BEA2ED7-893E-45CB-9ED4-4F2AE0B04B73}.Release|x64.ActiveCfg = Release|Any CPU
		{8BEA2ED7-893E-45CB-9ED4-4F2AE0B04B73}.Release|x64.Build.0 = Release|Any CPU
		{8BEA2ED7-893E-45CB-9ED4-4F2AE0B04B73}.Release|x86.ActiveCfg = Release|Any CPU
		{8BEA2ED7-893E-45CB-9ED4-4F2AE0B04B73}.Release|x86.Build.0 = Release|Any CPU
		{937BC9ED-F572-4E4B-8934-96E301902129}.Debug|Any CPU.ActiveCfg = Debug|Any CPU
		{937BC9ED-F572-4E4B-8934-96E301902129}.Debug|Any CPU.Build.0 = Debug|Any CPU
		{937BC9ED-F572-4E4B-8934-96E301902129}.Debug|x64.ActiveCfg = Debug|Any CPU
		{937BC9ED-F572-4E4B-8934-96E301902129}.Debug|x64.Build.0 = Debug|Any CPU
		{937BC9ED-F572-4E4B-8934-96E301902129}.Debug|x86.ActiveCfg = Debug|Any CPU
		{937BC9ED-F572-4E4B-8934-96E301902129}.Debug|x86.Build.0 = Debug|Any CPU
		{937BC9ED-F572-4E4B-8934-96E301902129}.Release|Any CPU.ActiveCfg = Release|Any CPU
		{937BC9ED-F572-4E4B-8934-96E301902129}.Release|Any CPU.Build.0 = Release|Any CPU
		{937BC9ED-F572-4E4B-8934-96E301902129}.Release|x64.ActiveCfg = Release|Any CPU
		{937BC9ED-F572-4E4B-8934-96E301902129}.Release|x64.Build.0 = Release|Any CPU
		{937BC9ED-F572-4E4B-8934-96E301902129}.Release|x86.ActiveCfg = Release|Any CPU
		{937BC9ED-F572-4E4B-8934-96E301902129}.Release|x86.Build.0 = Release|Any CPU
		{B5EC9292-C200-46EC-955F-A3B04BA30942}.Debug|Any CPU.ActiveCfg = Debug|Any CPU
		{B5EC9292-C200-46EC-955F-A3B04BA30942}.Debug|Any CPU.Build.0 = Debug|Any CPU
		{B5EC9292-C200-46EC-955F-A3B04BA30942}.Debug|x64.ActiveCfg = Debug|Any CPU
		{B5EC9292-C200-46EC-955F-A3B04BA30942}.Debug|x64.Build.0 = Debug|Any CPU
		{B5EC9292-C200-46EC-955F-A3B04BA30942}.Debug|x86.ActiveCfg = Debug|Any CPU
		{B5EC9292-C200-46EC-955F-A3B04BA30942}.Debug|x86.Build.0 = Debug|Any CPU
		{B5EC9292-C200-46EC-955F-A3B04BA30942}.Release|Any CPU.ActiveCfg = Release|Any CPU
		{B5EC9292-C200-46EC-955F-A3B04BA30942}.Release|Any CPU.Build.0 = Release|Any CPU
		{B5EC9292-C200-46EC-955F-A3B04BA30942}.Release|x64.ActiveCfg = Release|Any CPU
		{B5EC9292-C200-46EC-955F-A3B04BA30942}.Release|x64.Build.0 = Release|Any CPU
		{B5EC9292-C200-46EC-955F-A3B04BA30942}.Release|x86.ActiveCfg = Release|Any CPU
		{B5EC9292-C200-46EC-955F-A3B04BA30942}.Release|x86.Build.0 = Release|Any CPU
		{6CE3598C-D3CC-46D2-9257-22B4E22DE865}.Debug|Any CPU.ActiveCfg = Debug|Any CPU
		{6CE3598C-D3CC-46D2-9257-22B4E22DE865}.Debug|Any CPU.Build.0 = Debug|Any CPU
		{6CE3598C-D3CC-46D2-9257-22B4E22DE865}.Debug|x64.ActiveCfg = Debug|Any CPU
		{6CE3598C-D3CC-46D2-9257-22B4E22DE865}.Debug|x64.Build.0 = Debug|Any CPU
		{6CE3598C-D3CC-46D2-9257-22B4E22DE865}.Debug|x86.ActiveCfg = Debug|Any CPU
		{6CE3598C-D3CC-46D2-9257-22B4E22DE865}.Debug|x86.Build.0 = Debug|Any CPU
		{6CE3598C-D3CC-46D2-9257-22B4E22DE865}.Release|Any CPU.ActiveCfg = Release|Any CPU
		{6CE3598C-D3CC-46D2-9257-22B4E22DE865}.Release|Any CPU.Build.0 = Release|Any CPU
		{6CE3598C-D3CC-46D2-9257-22B4E22DE865}.Release|x64.ActiveCfg = Release|Any CPU
		{6CE3598C-D3CC-46D2-9257-22B4E22DE865}.Release|x64.Build.0 = Release|Any CPU
		{6CE3598C-D3CC-46D2-9257-22B4E22DE865}.Release|x86.ActiveCfg = Release|Any CPU
		{6CE3598C-D3CC-46D2-9257-22B4E22DE865}.Release|x86.Build.0 = Release|Any CPU
		{13356E27-0FE5-45CA-893B-24A93741A07B}.Debug|Any CPU.ActiveCfg = Debug|Any CPU
		{13356E27-0FE5-45CA-893B-24A93741A07B}.Debug|Any CPU.Build.0 = Debug|Any CPU
		{13356E27-0FE5-45CA-893B-24A93741A07B}.Debug|x64.ActiveCfg = Debug|Any CPU
		{13356E27-0FE5-45CA-893B-24A93741A07B}.Debug|x64.Build.0 = Debug|Any CPU
		{13356E27-0FE5-45CA-893B-24A93741A07B}.Debug|x86.ActiveCfg = Debug|Any CPU
		{13356E27-0FE5-45CA-893B-24A93741A07B}.Debug|x86.Build.0 = Debug|Any CPU
		{13356E27-0FE5-45CA-893B-24A93741A07B}.Release|Any CPU.ActiveCfg = Release|Any CPU
		{13356E27-0FE5-45CA-893B-24A93741A07B}.Release|Any CPU.Build.0 = Release|Any CPU
		{13356E27-0FE5-45CA-893B-24A93741A07B}.Release|x64.ActiveCfg = Release|Any CPU
		{13356E27-0FE5-45CA-893B-24A93741A07B}.Release|x64.Build.0 = Release|Any CPU
		{13356E27-0FE5-45CA-893B-24A93741A07B}.Release|x86.ActiveCfg = Release|Any CPU
		{13356E27-0FE5-45CA-893B-24A93741A07B}.Release|x86.Build.0 = Release|Any CPU
		{3FD86E37-0806-40AC-81A1-660F772AB5DA}.Debug|Any CPU.ActiveCfg = Debug|Any CPU
		{3FD86E37-0806-40AC-81A1-660F772AB5DA}.Debug|Any CPU.Build.0 = Debug|Any CPU
		{3FD86E37-0806-40AC-81A1-660F772AB5DA}.Debug|x64.ActiveCfg = Debug|Any CPU
		{3FD86E37-0806-40AC-81A1-660F772AB5DA}.Debug|x64.Build.0 = Debug|Any CPU
		{3FD86E37-0806-40AC-81A1-660F772AB5DA}.Debug|x86.ActiveCfg = Debug|Any CPU
		{3FD86E37-0806-40AC-81A1-660F772AB5DA}.Debug|x86.Build.0 = Debug|Any CPU
		{3FD86E37-0806-40AC-81A1-660F772AB5DA}.Release|Any CPU.ActiveCfg = Release|Any CPU
		{3FD86E37-0806-40AC-81A1-660F772AB5DA}.Release|Any CPU.Build.0 = Release|Any CPU
		{3FD86E37-0806-40AC-81A1-660F772AB5DA}.Release|x64.ActiveCfg = Release|Any CPU
		{3FD86E37-0806-40AC-81A1-660F772AB5DA}.Release|x64.Build.0 = Release|Any CPU
		{3FD86E37-0806-40AC-81A1-660F772AB5DA}.Release|x86.ActiveCfg = Release|Any CPU
		{3FD86E37-0806-40AC-81A1-660F772AB5DA}.Release|x86.Build.0 = Release|Any CPU
		{CDCC88FE-6473-4C30-BB6A-DEBBC19B30B2}.Debug|Any CPU.ActiveCfg = Debug|Any CPU
		{CDCC88FE-6473-4C30-BB6A-DEBBC19B30B2}.Debug|Any CPU.Build.0 = Debug|Any CPU
		{CDCC88FE-6473-4C30-BB6A-DEBBC19B30B2}.Debug|x64.ActiveCfg = Debug|Any CPU
		{CDCC88FE-6473-4C30-BB6A-DEBBC19B30B2}.Debug|x64.Build.0 = Debug|Any CPU
		{CDCC88FE-6473-4C30-BB6A-DEBBC19B30B2}.Debug|x86.ActiveCfg = Debug|Any CPU
		{CDCC88FE-6473-4C30-BB6A-DEBBC19B30B2}.Debug|x86.Build.0 = Debug|Any CPU
		{CDCC88FE-6473-4C30-BB6A-DEBBC19B30B2}.Release|Any CPU.ActiveCfg = Release|Any CPU
		{CDCC88FE-6473-4C30-BB6A-DEBBC19B30B2}.Release|Any CPU.Build.0 = Release|Any CPU
		{CDCC88FE-6473-4C30-BB6A-DEBBC19B30B2}.Release|x64.ActiveCfg = Release|Any CPU
		{CDCC88FE-6473-4C30-BB6A-DEBBC19B30B2}.Release|x64.Build.0 = Release|Any CPU
		{CDCC88FE-6473-4C30-BB6A-DEBBC19B30B2}.Release|x86.ActiveCfg = Release|Any CPU
		{CDCC88FE-6473-4C30-BB6A-DEBBC19B30B2}.Release|x86.Build.0 = Release|Any CPU
		{9510B038-0056-4568-82C2-FB119F99BFCA}.Debug|Any CPU.ActiveCfg = Debug|Any CPU
		{9510B038-0056-4568-82C2-FB119F99BFCA}.Debug|Any CPU.Build.0 = Debug|Any CPU
		{9510B038-0056-4568-82C2-FB119F99BFCA}.Debug|x64.ActiveCfg = Debug|Any CPU
		{9510B038-0056-4568-82C2-FB119F99BFCA}.Debug|x64.Build.0 = Debug|Any CPU
		{9510B038-0056-4568-82C2-FB119F99BFCA}.Debug|x86.ActiveCfg = Debug|Any CPU
		{9510B038-0056-4568-82C2-FB119F99BFCA}.Debug|x86.Build.0 = Debug|Any CPU
		{9510B038-0056-4568-82C2-FB119F99BFCA}.Release|Any CPU.ActiveCfg = Release|Any CPU
		{9510B038-0056-4568-82C2-FB119F99BFCA}.Release|Any CPU.Build.0 = Release|Any CPU
		{9510B038-0056-4568-82C2-FB119F99BFCA}.Release|x64.ActiveCfg = Release|Any CPU
		{9510B038-0056-4568-82C2-FB119F99BFCA}.Release|x64.Build.0 = Release|Any CPU
		{9510B038-0056-4568-82C2-FB119F99BFCA}.Release|x86.ActiveCfg = Release|Any CPU
		{9510B038-0056-4568-82C2-FB119F99BFCA}.Release|x86.Build.0 = Release|Any CPU
		{262D6224-774B-4237-BB88-96CC44EB61D6}.Debug|Any CPU.ActiveCfg = Debug|Any CPU
		{262D6224-774B-4237-BB88-96CC44EB61D6}.Debug|Any CPU.Build.0 = Debug|Any CPU
		{262D6224-774B-4237-BB88-96CC44EB61D6}.Debug|x64.ActiveCfg = Debug|Any CPU
		{262D6224-774B-4237-BB88-96CC44EB61D6}.Debug|x64.Build.0 = Debug|Any CPU
		{262D6224-774B-4237-BB88-96CC44EB61D6}.Debug|x86.ActiveCfg = Debug|Any CPU
		{262D6224-774B-4237-BB88-96CC44EB61D6}.Debug|x86.Build.0 = Debug|Any CPU
		{262D6224-774B-4237-BB88-96CC44EB61D6}.Release|Any CPU.ActiveCfg = Release|Any CPU
		{262D6224-774B-4237-BB88-96CC44EB61D6}.Release|Any CPU.Build.0 = Release|Any CPU
		{262D6224-774B-4237-BB88-96CC44EB61D6}.Release|x64.ActiveCfg = Release|Any CPU
		{262D6224-774B-4237-BB88-96CC44EB61D6}.Release|x64.Build.0 = Release|Any CPU
		{262D6224-774B-4237-BB88-96CC44EB61D6}.Release|x86.ActiveCfg = Release|Any CPU
		{262D6224-774B-4237-BB88-96CC44EB61D6}.Release|x86.Build.0 = Release|Any CPU
		{9683A1CE-F5F7-4DD6-BD10-D567F4BADECC}.Debug|Any CPU.ActiveCfg = Debug|Any CPU
		{9683A1CE-F5F7-4DD6-BD10-D567F4BADECC}.Debug|Any CPU.Build.0 = Debug|Any CPU
		{9683A1CE-F5F7-4DD6-BD10-D567F4BADECC}.Debug|x64.ActiveCfg = Debug|Any CPU
		{9683A1CE-F5F7-4DD6-BD10-D567F4BADECC}.Debug|x64.Build.0 = Debug|Any CPU
		{9683A1CE-F5F7-4DD6-BD10-D567F4BADECC}.Debug|x86.ActiveCfg = Debug|Any CPU
		{9683A1CE-F5F7-4DD6-BD10-D567F4BADECC}.Debug|x86.Build.0 = Debug|Any CPU
		{9683A1CE-F5F7-4DD6-BD10-D567F4BADECC}.Release|Any CPU.ActiveCfg = Release|Any CPU
		{9683A1CE-F5F7-4DD6-BD10-D567F4BADECC}.Release|Any CPU.Build.0 = Release|Any CPU
		{9683A1CE-F5F7-4DD6-BD10-D567F4BADECC}.Release|x64.ActiveCfg = Release|Any CPU
		{9683A1CE-F5F7-4DD6-BD10-D567F4BADECC}.Release|x64.Build.0 = Release|Any CPU
		{9683A1CE-F5F7-4DD6-BD10-D567F4BADECC}.Release|x86.ActiveCfg = Release|Any CPU
		{9683A1CE-F5F7-4DD6-BD10-D567F4BADECC}.Release|x86.Build.0 = Release|Any CPU
		{D5C19F74-7681-49B7-9677-68D55367603E}.Debug|Any CPU.ActiveCfg = Debug|Any CPU
		{D5C19F74-7681-49B7-9677-68D55367603E}.Debug|Any CPU.Build.0 = Debug|Any CPU
		{D5C19F74-7681-49B7-9677-68D55367603E}.Debug|x64.ActiveCfg = Debug|Any CPU
		{D5C19F74-7681-49B7-9677-68D55367603E}.Debug|x64.Build.0 = Debug|Any CPU
		{D5C19F74-7681-49B7-9677-68D55367603E}.Debug|x86.ActiveCfg = Debug|Any CPU
		{D5C19F74-7681-49B7-9677-68D55367603E}.Debug|x86.Build.0 = Debug|Any CPU
		{D5C19F74-7681-49B7-9677-68D55367603E}.Release|Any CPU.ActiveCfg = Release|Any CPU
		{D5C19F74-7681-49B7-9677-68D55367603E}.Release|Any CPU.Build.0 = Release|Any CPU
		{D5C19F74-7681-49B7-9677-68D55367603E}.Release|x64.ActiveCfg = Release|Any CPU
		{D5C19F74-7681-49B7-9677-68D55367603E}.Release|x64.Build.0 = Release|Any CPU
		{D5C19F74-7681-49B7-9677-68D55367603E}.Release|x86.ActiveCfg = Release|Any CPU
		{D5C19F74-7681-49B7-9677-68D55367603E}.Release|x86.Build.0 = Release|Any CPU
		{868F9850-22DF-4330-B5ED-04436397F1ED}.Debug|Any CPU.ActiveCfg = Debug|Any CPU
		{868F9850-22DF-4330-B5ED-04436397F1ED}.Debug|Any CPU.Build.0 = Debug|Any CPU
		{868F9850-22DF-4330-B5ED-04436397F1ED}.Debug|x64.ActiveCfg = Debug|Any CPU
		{868F9850-22DF-4330-B5ED-04436397F1ED}.Debug|x64.Build.0 = Debug|Any CPU
		{868F9850-22DF-4330-B5ED-04436397F1ED}.Debug|x86.ActiveCfg = Debug|Any CPU
		{868F9850-22DF-4330-B5ED-04436397F1ED}.Debug|x86.Build.0 = Debug|Any CPU
		{868F9850-22DF-4330-B5ED-04436397F1ED}.Release|Any CPU.ActiveCfg = Release|Any CPU
		{868F9850-22DF-4330-B5ED-04436397F1ED}.Release|Any CPU.Build.0 = Release|Any CPU
		{868F9850-22DF-4330-B5ED-04436397F1ED}.Release|x64.ActiveCfg = Release|Any CPU
		{868F9850-22DF-4330-B5ED-04436397F1ED}.Release|x64.Build.0 = Release|Any CPU
		{868F9850-22DF-4330-B5ED-04436397F1ED}.Release|x86.ActiveCfg = Release|Any CPU
		{868F9850-22DF-4330-B5ED-04436397F1ED}.Release|x86.Build.0 = Release|Any CPU
		{A2C3F780-88DF-4C03-9279-9F574DE392AC}.Debug|Any CPU.ActiveCfg = Debug|Any CPU
		{A2C3F780-88DF-4C03-9279-9F574DE392AC}.Debug|Any CPU.Build.0 = Debug|Any CPU
		{A2C3F780-88DF-4C03-9279-9F574DE392AC}.Debug|x64.ActiveCfg = Debug|Any CPU
		{A2C3F780-88DF-4C03-9279-9F574DE392AC}.Debug|x64.Build.0 = Debug|Any CPU
		{A2C3F780-88DF-4C03-9279-9F574DE392AC}.Debug|x86.ActiveCfg = Debug|Any CPU
		{A2C3F780-88DF-4C03-9279-9F574DE392AC}.Debug|x86.Build.0 = Debug|Any CPU
		{A2C3F780-88DF-4C03-9279-9F574DE392AC}.Release|Any CPU.ActiveCfg = Release|Any CPU
		{A2C3F780-88DF-4C03-9279-9F574DE392AC}.Release|Any CPU.Build.0 = Release|Any CPU
		{A2C3F780-88DF-4C03-9279-9F574DE392AC}.Release|x64.ActiveCfg = Release|Any CPU
		{A2C3F780-88DF-4C03-9279-9F574DE392AC}.Release|x64.Build.0 = Release|Any CPU
		{A2C3F780-88DF-4C03-9279-9F574DE392AC}.Release|x86.ActiveCfg = Release|Any CPU
		{A2C3F780-88DF-4C03-9279-9F574DE392AC}.Release|x86.Build.0 = Release|Any CPU
		{E7FFDE0A-A67D-46E3-A3B0-865D11325C6F}.Debug|Any CPU.ActiveCfg = Debug|Any CPU
		{E7FFDE0A-A67D-46E3-A3B0-865D11325C6F}.Debug|Any CPU.Build.0 = Debug|Any CPU
		{E7FFDE0A-A67D-46E3-A3B0-865D11325C6F}.Debug|x64.ActiveCfg = Debug|Any CPU
		{E7FFDE0A-A67D-46E3-A3B0-865D11325C6F}.Debug|x64.Build.0 = Debug|Any CPU
		{E7FFDE0A-A67D-46E3-A3B0-865D11325C6F}.Debug|x86.ActiveCfg = Debug|Any CPU
		{E7FFDE0A-A67D-46E3-A3B0-865D11325C6F}.Debug|x86.Build.0 = Debug|Any CPU
		{E7FFDE0A-A67D-46E3-A3B0-865D11325C6F}.Release|Any CPU.ActiveCfg = Release|Any CPU
		{E7FFDE0A-A67D-46E3-A3B0-865D11325C6F}.Release|Any CPU.Build.0 = Release|Any CPU
		{E7FFDE0A-A67D-46E3-A3B0-865D11325C6F}.Release|x64.ActiveCfg = Release|Any CPU
		{E7FFDE0A-A67D-46E3-A3B0-865D11325C6F}.Release|x64.Build.0 = Release|Any CPU
		{E7FFDE0A-A67D-46E3-A3B0-865D11325C6F}.Release|x86.ActiveCfg = Release|Any CPU
		{E7FFDE0A-A67D-46E3-A3B0-865D11325C6F}.Release|x86.Build.0 = Release|Any CPU
		{677A0543-5573-48F1-A709-EBFBFBF3FBA8}.Debug|Any CPU.ActiveCfg = Debug|Any CPU
		{677A0543-5573-48F1-A709-EBFBFBF3FBA8}.Debug|Any CPU.Build.0 = Debug|Any CPU
		{677A0543-5573-48F1-A709-EBFBFBF3FBA8}.Debug|x64.ActiveCfg = Debug|Any CPU
		{677A0543-5573-48F1-A709-EBFBFBF3FBA8}.Debug|x64.Build.0 = Debug|Any CPU
		{677A0543-5573-48F1-A709-EBFBFBF3FBA8}.Debug|x86.ActiveCfg = Debug|Any CPU
		{677A0543-5573-48F1-A709-EBFBFBF3FBA8}.Debug|x86.Build.0 = Debug|Any CPU
		{677A0543-5573-48F1-A709-EBFBFBF3FBA8}.Release|Any CPU.ActiveCfg = Release|Any CPU
		{677A0543-5573-48F1-A709-EBFBFBF3FBA8}.Release|Any CPU.Build.0 = Release|Any CPU
		{677A0543-5573-48F1-A709-EBFBFBF3FBA8}.Release|x64.ActiveCfg = Release|Any CPU
		{677A0543-5573-48F1-A709-EBFBFBF3FBA8}.Release|x64.Build.0 = Release|Any CPU
		{677A0543-5573-48F1-A709-EBFBFBF3FBA8}.Release|x86.ActiveCfg = Release|Any CPU
		{677A0543-5573-48F1-A709-EBFBFBF3FBA8}.Release|x86.Build.0 = Release|Any CPU
		{CAAE640B-CFCD-4760-A0DB-5656E650A4B5}.Debug|Any CPU.ActiveCfg = Debug|Any CPU
		{CAAE640B-CFCD-4760-A0DB-5656E650A4B5}.Debug|Any CPU.Build.0 = Debug|Any CPU
		{CAAE640B-CFCD-4760-A0DB-5656E650A4B5}.Debug|x64.ActiveCfg = Debug|Any CPU
		{CAAE640B-CFCD-4760-A0DB-5656E650A4B5}.Debug|x64.Build.0 = Debug|Any CPU
		{CAAE640B-CFCD-4760-A0DB-5656E650A4B5}.Debug|x86.ActiveCfg = Debug|Any CPU
		{CAAE640B-CFCD-4760-A0DB-5656E650A4B5}.Debug|x86.Build.0 = Debug|Any CPU
		{CAAE640B-CFCD-4760-A0DB-5656E650A4B5}.Release|Any CPU.ActiveCfg = Release|Any CPU
		{CAAE640B-CFCD-4760-A0DB-5656E650A4B5}.Release|Any CPU.Build.0 = Release|Any CPU
		{CAAE640B-CFCD-4760-A0DB-5656E650A4B5}.Release|x64.ActiveCfg = Release|Any CPU
		{CAAE640B-CFCD-4760-A0DB-5656E650A4B5}.Release|x64.Build.0 = Release|Any CPU
		{CAAE640B-CFCD-4760-A0DB-5656E650A4B5}.Release|x86.ActiveCfg = Release|Any CPU
		{CAAE640B-CFCD-4760-A0DB-5656E650A4B5}.Release|x86.Build.0 = Release|Any CPU
		{D65477C8-69A0-4705-B6E8-2D8BF89CEED1}.Debug|Any CPU.ActiveCfg = Debug|Any CPU
		{D65477C8-69A0-4705-B6E8-2D8BF89CEED1}.Debug|Any CPU.Build.0 = Debug|Any CPU
		{D65477C8-69A0-4705-B6E8-2D8BF89CEED1}.Debug|x64.ActiveCfg = Debug|Any CPU
		{D65477C8-69A0-4705-B6E8-2D8BF89CEED1}.Debug|x64.Build.0 = Debug|Any CPU
		{D65477C8-69A0-4705-B6E8-2D8BF89CEED1}.Debug|x86.ActiveCfg = Debug|Any CPU
		{D65477C8-69A0-4705-B6E8-2D8BF89CEED1}.Debug|x86.Build.0 = Debug|Any CPU
		{D65477C8-69A0-4705-B6E8-2D8BF89CEED1}.Release|Any CPU.ActiveCfg = Release|Any CPU
		{D65477C8-69A0-4705-B6E8-2D8BF89CEED1}.Release|Any CPU.Build.0 = Release|Any CPU
		{D65477C8-69A0-4705-B6E8-2D8BF89CEED1}.Release|x64.ActiveCfg = Release|Any CPU
		{D65477C8-69A0-4705-B6E8-2D8BF89CEED1}.Release|x64.Build.0 = Release|Any CPU
		{D65477C8-69A0-4705-B6E8-2D8BF89CEED1}.Release|x86.ActiveCfg = Release|Any CPU
		{D65477C8-69A0-4705-B6E8-2D8BF89CEED1}.Release|x86.Build.0 = Release|Any CPU
		{4E97E36E-05E6-4F6B-971A-0CCA5DD5E4D7}.Debug|Any CPU.ActiveCfg = Debug|Any CPU
		{4E97E36E-05E6-4F6B-971A-0CCA5DD5E4D7}.Debug|Any CPU.Build.0 = Debug|Any CPU
		{4E97E36E-05E6-4F6B-971A-0CCA5DD5E4D7}.Debug|x64.ActiveCfg = Debug|Any CPU
		{4E97E36E-05E6-4F6B-971A-0CCA5DD5E4D7}.Debug|x64.Build.0 = Debug|Any CPU
		{4E97E36E-05E6-4F6B-971A-0CCA5DD5E4D7}.Debug|x86.ActiveCfg = Debug|Any CPU
		{4E97E36E-05E6-4F6B-971A-0CCA5DD5E4D7}.Debug|x86.Build.0 = Debug|Any CPU
		{4E97E36E-05E6-4F6B-971A-0CCA5DD5E4D7}.Release|Any CPU.ActiveCfg = Release|Any CPU
		{4E97E36E-05E6-4F6B-971A-0CCA5DD5E4D7}.Release|Any CPU.Build.0 = Release|Any CPU
		{4E97E36E-05E6-4F6B-971A-0CCA5DD5E4D7}.Release|x64.ActiveCfg = Release|Any CPU
		{4E97E36E-05E6-4F6B-971A-0CCA5DD5E4D7}.Release|x64.Build.0 = Release|Any CPU
		{4E97E36E-05E6-4F6B-971A-0CCA5DD5E4D7}.Release|x86.ActiveCfg = Release|Any CPU
		{4E97E36E-05E6-4F6B-971A-0CCA5DD5E4D7}.Release|x86.Build.0 = Release|Any CPU
		{E8340FCA-29C0-4C7B-AAE8-A0548501D928}.Debug|Any CPU.ActiveCfg = Debug|Any CPU
		{E8340FCA-29C0-4C7B-AAE8-A0548501D928}.Debug|Any CPU.Build.0 = Debug|Any CPU
		{E8340FCA-29C0-4C7B-AAE8-A0548501D928}.Debug|x64.ActiveCfg = Debug|Any CPU
		{E8340FCA-29C0-4C7B-AAE8-A0548501D928}.Debug|x64.Build.0 = Debug|Any CPU
		{E8340FCA-29C0-4C7B-AAE8-A0548501D928}.Debug|x86.ActiveCfg = Debug|Any CPU
		{E8340FCA-29C0-4C7B-AAE8-A0548501D928}.Debug|x86.Build.0 = Debug|Any CPU
		{E8340FCA-29C0-4C7B-AAE8-A0548501D928}.Release|Any CPU.ActiveCfg = Release|Any CPU
		{E8340FCA-29C0-4C7B-AAE8-A0548501D928}.Release|Any CPU.Build.0 = Release|Any CPU
		{E8340FCA-29C0-4C7B-AAE8-A0548501D928}.Release|x64.ActiveCfg = Release|Any CPU
		{E8340FCA-29C0-4C7B-AAE8-A0548501D928}.Release|x64.Build.0 = Release|Any CPU
		{E8340FCA-29C0-4C7B-AAE8-A0548501D928}.Release|x86.ActiveCfg = Release|Any CPU
		{E8340FCA-29C0-4C7B-AAE8-A0548501D928}.Release|x86.Build.0 = Release|Any CPU
		{F1CBA702-9C69-4A0A-B880-D6A9E2126264}.Debug|Any CPU.ActiveCfg = Debug|Any CPU
		{F1CBA702-9C69-4A0A-B880-D6A9E2126264}.Debug|Any CPU.Build.0 = Debug|Any CPU
		{F1CBA702-9C69-4A0A-B880-D6A9E2126264}.Debug|x64.ActiveCfg = Debug|Any CPU
		{F1CBA702-9C69-4A0A-B880-D6A9E2126264}.Debug|x64.Build.0 = Debug|Any CPU
		{F1CBA702-9C69-4A0A-B880-D6A9E2126264}.Debug|x86.ActiveCfg = Debug|Any CPU
		{F1CBA702-9C69-4A0A-B880-D6A9E2126264}.Debug|x86.Build.0 = Debug|Any CPU
		{F1CBA702-9C69-4A0A-B880-D6A9E2126264}.Release|Any CPU.ActiveCfg = Release|Any CPU
		{F1CBA702-9C69-4A0A-B880-D6A9E2126264}.Release|Any CPU.Build.0 = Release|Any CPU
		{F1CBA702-9C69-4A0A-B880-D6A9E2126264}.Release|x64.ActiveCfg = Release|Any CPU
		{F1CBA702-9C69-4A0A-B880-D6A9E2126264}.Release|x64.Build.0 = Release|Any CPU
		{F1CBA702-9C69-4A0A-B880-D6A9E2126264}.Release|x86.ActiveCfg = Release|Any CPU
		{F1CBA702-9C69-4A0A-B880-D6A9E2126264}.Release|x86.Build.0 = Release|Any CPU
		{96F32458-F331-41A1-A61D-6224E79BCF35}.Debug|Any CPU.ActiveCfg = Debug|Any CPU
		{96F32458-F331-41A1-A61D-6224E79BCF35}.Debug|Any CPU.Build.0 = Debug|Any CPU
		{96F32458-F331-41A1-A61D-6224E79BCF35}.Debug|x64.ActiveCfg = Debug|Any CPU
		{96F32458-F331-41A1-A61D-6224E79BCF35}.Debug|x64.Build.0 = Debug|Any CPU
		{96F32458-F331-41A1-A61D-6224E79BCF35}.Debug|x86.ActiveCfg = Debug|Any CPU
		{96F32458-F331-41A1-A61D-6224E79BCF35}.Debug|x86.Build.0 = Debug|Any CPU
		{96F32458-F331-41A1-A61D-6224E79BCF35}.Release|Any CPU.ActiveCfg = Release|Any CPU
		{96F32458-F331-41A1-A61D-6224E79BCF35}.Release|Any CPU.Build.0 = Release|Any CPU
		{96F32458-F331-41A1-A61D-6224E79BCF35}.Release|x64.ActiveCfg = Release|Any CPU
		{96F32458-F331-41A1-A61D-6224E79BCF35}.Release|x64.Build.0 = Release|Any CPU
		{96F32458-F331-41A1-A61D-6224E79BCF35}.Release|x86.ActiveCfg = Release|Any CPU
		{96F32458-F331-41A1-A61D-6224E79BCF35}.Release|x86.Build.0 = Release|Any CPU
		{9379C7DD-B56D-4B06-BF88-EE1858574C82}.Debug|Any CPU.ActiveCfg = Debug|Any CPU
		{9379C7DD-B56D-4B06-BF88-EE1858574C82}.Debug|Any CPU.Build.0 = Debug|Any CPU
		{9379C7DD-B56D-4B06-BF88-EE1858574C82}.Debug|x64.ActiveCfg = Debug|Any CPU
		{9379C7DD-B56D-4B06-BF88-EE1858574C82}.Debug|x64.Build.0 = Debug|Any CPU
		{9379C7DD-B56D-4B06-BF88-EE1858574C82}.Debug|x86.ActiveCfg = Debug|Any CPU
		{9379C7DD-B56D-4B06-BF88-EE1858574C82}.Debug|x86.Build.0 = Debug|Any CPU
		{9379C7DD-B56D-4B06-BF88-EE1858574C82}.Release|Any CPU.ActiveCfg = Release|Any CPU
		{9379C7DD-B56D-4B06-BF88-EE1858574C82}.Release|Any CPU.Build.0 = Release|Any CPU
		{9379C7DD-B56D-4B06-BF88-EE1858574C82}.Release|x64.ActiveCfg = Release|Any CPU
		{9379C7DD-B56D-4B06-BF88-EE1858574C82}.Release|x64.Build.0 = Release|Any CPU
		{9379C7DD-B56D-4B06-BF88-EE1858574C82}.Release|x86.ActiveCfg = Release|Any CPU
		{9379C7DD-B56D-4B06-BF88-EE1858574C82}.Release|x86.Build.0 = Release|Any CPU
		{98C31D74-2370-432A-9C92-D4C0F011D913}.Debug|Any CPU.ActiveCfg = Debug|Any CPU
		{98C31D74-2370-432A-9C92-D4C0F011D913}.Debug|Any CPU.Build.0 = Debug|Any CPU
		{98C31D74-2370-432A-9C92-D4C0F011D913}.Debug|x64.ActiveCfg = Debug|Any CPU
		{98C31D74-2370-432A-9C92-D4C0F011D913}.Debug|x64.Build.0 = Debug|Any CPU
		{98C31D74-2370-432A-9C92-D4C0F011D913}.Debug|x86.ActiveCfg = Debug|Any CPU
		{98C31D74-2370-432A-9C92-D4C0F011D913}.Debug|x86.Build.0 = Debug|Any CPU
		{98C31D74-2370-432A-9C92-D4C0F011D913}.Release|Any CPU.ActiveCfg = Release|Any CPU
		{98C31D74-2370-432A-9C92-D4C0F011D913}.Release|Any CPU.Build.0 = Release|Any CPU
		{98C31D74-2370-432A-9C92-D4C0F011D913}.Release|x64.ActiveCfg = Release|Any CPU
		{98C31D74-2370-432A-9C92-D4C0F011D913}.Release|x64.Build.0 = Release|Any CPU
		{98C31D74-2370-432A-9C92-D4C0F011D913}.Release|x86.ActiveCfg = Release|Any CPU
		{98C31D74-2370-432A-9C92-D4C0F011D913}.Release|x86.Build.0 = Release|Any CPU
		{681D6223-6E3E-40BC-BDD4-661FB6F4630E}.Debug|Any CPU.ActiveCfg = Debug|Any CPU
		{681D6223-6E3E-40BC-BDD4-661FB6F4630E}.Debug|Any CPU.Build.0 = Debug|Any CPU
		{681D6223-6E3E-40BC-BDD4-661FB6F4630E}.Debug|x64.ActiveCfg = Debug|Any CPU
		{681D6223-6E3E-40BC-BDD4-661FB6F4630E}.Debug|x64.Build.0 = Debug|Any CPU
		{681D6223-6E3E-40BC-BDD4-661FB6F4630E}.Debug|x86.ActiveCfg = Debug|Any CPU
		{681D6223-6E3E-40BC-BDD4-661FB6F4630E}.Debug|x86.Build.0 = Debug|Any CPU
		{681D6223-6E3E-40BC-BDD4-661FB6F4630E}.Release|Any CPU.ActiveCfg = Release|Any CPU
		{681D6223-6E3E-40BC-BDD4-661FB6F4630E}.Release|Any CPU.Build.0 = Release|Any CPU
		{681D6223-6E3E-40BC-BDD4-661FB6F4630E}.Release|x64.ActiveCfg = Release|Any CPU
		{681D6223-6E3E-40BC-BDD4-661FB6F4630E}.Release|x64.Build.0 = Release|Any CPU
		{681D6223-6E3E-40BC-BDD4-661FB6F4630E}.Release|x86.ActiveCfg = Release|Any CPU
		{681D6223-6E3E-40BC-BDD4-661FB6F4630E}.Release|x86.Build.0 = Release|Any CPU
	EndGlobalSection
	GlobalSection(SolutionProperties) = preSolution
		HideSolutionNode = FALSE
	EndGlobalSection
	GlobalSection(NestedProjects) = preSolution
		{E441E480-04B3-4ACA-9B4A-50D56DAE5743} = {D0239141-95E0-4E00-9931-03DD632177FF}
		{E58FF881-F127-41C5-9C55-327BA9DAD76F} = {D0239141-95E0-4E00-9931-03DD632177FF}
		{ABF37FFE-820A-4BDE-8197-05026250DC91} = {D0239141-95E0-4E00-9931-03DD632177FF}
		{32766EA9-739C-4843-B9CB-7F825E015899} = {11441402-0D1B-406F-AE3A-108D3401B66C}
		{EEFD3271-D0F3-4580-8735-0D65BDAD6D3B} = {ADD80C28-9CC3-4E94-B93B-551214D8519A}
		{7913DDB2-25E4-4612-A6B5-B32114F3B1C5} = {3925DB83-41E1-4AC0-B8BA-D1EE05AEC57E}
		{DABF8544-DEAC-4E5F-8426-ADEE882ED399} = {D054C488-B91F-4F47-A46E-F19597E28F9E}
		{F213B73B-3974-4DD6-8AC7-AFD59FEFB78C} = {EC37A0B8-2073-40DE-B212-43C5C943F692}
		{B28477FC-5D33-451B-9400-56D71B395FBF} = {E768BC6F-0B63-4C51-B2A7-F862385BD290}
		{B70B714F-443F-482F-BAC9-353E54F3A7FB} = {799E403B-D484-4C9D-8895-DB058A858146}
		{1812569F-A118-4069-9F42-4DA623887F07} = {0CA233C0-8E44-4DCF-B66F-CE52DC1E4714}
		{114D337D-D0A4-4CAE-BE05-059DF183CB7E} = {84DF72DC-A0A8-451F-AE8C-1E81A215A2DE}
		{D8D483F5-A9DB-4BF5-B001-371741A67359} = {84DF72DC-A0A8-451F-AE8C-1E81A215A2DE}
		{BE22CC8F-C859-47A9-8CEF-9190A31CEC6C} = {84DF72DC-A0A8-451F-AE8C-1E81A215A2DE}
		{EF352ED7-4556-4F68-9267-F86BD4052174} = {3D2640A0-3F3F-4AF6-836C-AD8F7652F407}
		{E458E58E-07F0-43BB-B065-D59744B0A621} = {E036EF03-359A-4A29-8304-FC2DAA6DF3B7}
		{E2FAB7B5-EF10-4365-BCAC-0A12A136B5F6} = {E4AC1982-856C-4351-BCE6-CF8DC9FB8ACA}
		{D0A2A26F-D54C-47F6-9660-66C58B98FE20} = {E4AC1982-856C-4351-BCE6-CF8DC9FB8ACA}
		{075D1562-5FC7-4CC3-888D-E6BD0F159BE8} = {E4AC1982-856C-4351-BCE6-CF8DC9FB8ACA}
		{D03D45B7-9ACD-44CA-A054-91F46C3B972A} = {E4AC1982-856C-4351-BCE6-CF8DC9FB8ACA}
		{EAC420D1-8CEE-4B11-BD41-50D7F5CDA575} = {1DE02A2E-314C-4824-9DDE-CB6BEB2434A8}
		{D2955B03-CA9A-472F-9861-4E70BCBD67D8} = {84DF72DC-A0A8-451F-AE8C-1E81A215A2DE}
		{B17D4455-1E7E-4CB0-88DC-3F1777C8C265} = {84DF72DC-A0A8-451F-AE8C-1E81A215A2DE}
		{37818A33-70BB-4FDD-9CA2-B018EC8B7882} = {84DF72DC-A0A8-451F-AE8C-1E81A215A2DE}
		{B34F9186-EBBF-4D08-8C9B-6073C16DBF52} = {84DF72DC-A0A8-451F-AE8C-1E81A215A2DE}
		{2C4296EE-5178-4443-8A34-7D878B051C95} = {3925DB83-41E1-4AC0-B8BA-D1EE05AEC57E}
		{2DF98EDC-F0C1-4B32-9050-253BD2311664} = {84DF72DC-A0A8-451F-AE8C-1E81A215A2DE}
		{B8F19B0E-16CC-40E6-9EF0-2CFADCCF1669} = {84DF72DC-A0A8-451F-AE8C-1E81A215A2DE}
		{D53A8361-D360-486E-B369-E8CFA80A9A1C} = {84DF72DC-A0A8-451F-AE8C-1E81A215A2DE}
		{B550D089-0D3E-4694-BE5F-92C740C11BB2} = {84DF72DC-A0A8-451F-AE8C-1E81A215A2DE}
		{F6F21E03-075F-478D-9CCA-7AA4166D6C0F} = {84DF72DC-A0A8-451F-AE8C-1E81A215A2DE}
		{F3EE5A9C-0B65-4D2E-AF4D-E09915FACE8A} = {84DF72DC-A0A8-451F-AE8C-1E81A215A2DE}
		{79960304-F5F4-49FA-B8B8-B2A6F0F750C2} = {E4AC1982-856C-4351-BCE6-CF8DC9FB8ACA}
		{D9FDBB2A-CF59-4828-9796-C95D8655FE40} = {84DF72DC-A0A8-451F-AE8C-1E81A215A2DE}
		{A366E7AE-B4E0-4A64-B9DE-74126DC3CABC} = {84DF72DC-A0A8-451F-AE8C-1E81A215A2DE}
		{8654348C-0FEC-40CC-8330-1CE2B4FFC10A} = {84DF72DC-A0A8-451F-AE8C-1E81A215A2DE}
		{3EBAC104-24EB-4631-807B-45664FC5B941} = {84DF72DC-A0A8-451F-AE8C-1E81A215A2DE}
		{C2F237F7-DA85-45C7-9B26-1805ADA47A41} = {3EBAC104-24EB-4631-807B-45664FC5B941}
		{682FA4E4-78A5-4222-97E8-D6AAAF8FB9A8} = {84DF72DC-A0A8-451F-AE8C-1E81A215A2DE}
		{64C5D784-A45B-4521-8CDE-171155095437} = {3925DB83-41E1-4AC0-B8BA-D1EE05AEC57E}
		{CB582F51-96A2-49A1-860D-CE1C2CD7FD8F} = {84DF72DC-A0A8-451F-AE8C-1E81A215A2DE}
		{F81B8C7D-4AF4-4D73-9761-3C99F863F5DC} = {84DF72DC-A0A8-451F-AE8C-1E81A215A2DE}
		{8ED3A779-5B4C-40E4-8E4C-C070201A9172} = {84DF72DC-A0A8-451F-AE8C-1E81A215A2DE}
		{8D18D1DB-8FEE-4C39-8B66-FA0CF4877C0C} = {542601B8-5A6D-48EC-90F7-9AD229E4F69B}
		{383080A1-7D39-4EE2-97EC-C224220A9D90} = {11441402-0D1B-406F-AE3A-108D3401B66C}
		{0213019F-8C80-4309-9391-7402CC8684CA} = {11441402-0D1B-406F-AE3A-108D3401B66C}
		{2D8C5A77-C915-4D21-9B3C-C6AA738969D2} = {84DF72DC-A0A8-451F-AE8C-1E81A215A2DE}
		{CCD73C47-D98C-4C9A-9C7B-B0D76D57B530} = {D0239141-95E0-4E00-9931-03DD632177FF}
		{629EC530-D126-42BD-8A86-4A9BD21E2CD0} = {84DF72DC-A0A8-451F-AE8C-1E81A215A2DE}
		{3A74B332-EC71-44A6-9690-2AE33C5FA289} = {84DF72DC-A0A8-451F-AE8C-1E81A215A2DE}
		{07E1AE54-1FD4-415E-8599-6DE4399C90E0} = {3925DB83-41E1-4AC0-B8BA-D1EE05AEC57E}
		{6FCB17A9-EB58-477A-9AA6-781E3DC9BCBD} = {84DF72DC-A0A8-451F-AE8C-1E81A215A2DE}
		{910A07DD-4F21-4FA5-9BD0-7D7087B5360F} = {84DF72DC-A0A8-451F-AE8C-1E81A215A2DE}
		{8BEA2ED7-893E-45CB-9ED4-4F2AE0B04B73} = {910A07DD-4F21-4FA5-9BD0-7D7087B5360F}
		{937BC9ED-F572-4E4B-8934-96E301902129} = {11441402-0D1B-406F-AE3A-108D3401B66C}
		{B5EC9292-C200-46EC-955F-A3B04BA30942} = {11441402-0D1B-406F-AE3A-108D3401B66C}
		{6CE3598C-D3CC-46D2-9257-22B4E22DE865} = {11441402-0D1B-406F-AE3A-108D3401B66C}
		{13356E27-0FE5-45CA-893B-24A93741A07B} = {951179A9-A7EF-472F-BE38-8256912E0629}
		{3FD86E37-0806-40AC-81A1-660F772AB5DA} = {11441402-0D1B-406F-AE3A-108D3401B66C}
		{CDCC88FE-6473-4C30-BB6A-DEBBC19B30B2} = {771FEC7A-2904-46BA-BFE8-D64821B2FF44}
		{9510B038-0056-4568-82C2-FB119F99BFCA} = {A79EE624-3D44-480E-BA3B-285032D07979}
		{262D6224-774B-4237-BB88-96CC44EB61D6} = {C5637145-49DC-44E2-BCDD-6F8EA7563AC5}
		{9683A1CE-F5F7-4DD6-BD10-D567F4BADECC} = {951179A9-A7EF-472F-BE38-8256912E0629}
		{D5C19F74-7681-49B7-9677-68D55367603E} = {F5EE8716-C64C-498C-A810-7237E75DC57C}
		{868F9850-22DF-4330-B5ED-04436397F1ED} = {84DF72DC-A0A8-451F-AE8C-1E81A215A2DE}
		{A2C3F780-88DF-4C03-9279-9F574DE392AC} = {84DF72DC-A0A8-451F-AE8C-1E81A215A2DE}
		{E7FFDE0A-A67D-46E3-A3B0-865D11325C6F} = {84DF72DC-A0A8-451F-AE8C-1E81A215A2DE}
		{52E64F17-3D3B-4296-ABE2-35DE4D499EE0} = {84DF72DC-A0A8-451F-AE8C-1E81A215A2DE}
		{677A0543-5573-48F1-A709-EBFBFBF3FBA8} = {52E64F17-3D3B-4296-ABE2-35DE4D499EE0}
		{CAAE640B-CFCD-4760-A0DB-5656E650A4B5} = {11441402-0D1B-406F-AE3A-108D3401B66C}
		{D65477C8-69A0-4705-B6E8-2D8BF89CEED1} = {40539D0B-115F-4D80-81DB-D8BE32E59E91}
		{4E97E36E-05E6-4F6B-971A-0CCA5DD5E4D7} = {0745A0EB-7B17-4A6E-91FC-CD27F12CE3B1}
		{E8340FCA-29C0-4C7B-AAE8-A0548501D928} = {F81CDD9A-1D8B-4D8E-88FD-BEF32A1C66F5}
		{F1CBA702-9C69-4A0A-B880-D6A9E2126264} = {40539D0B-115F-4D80-81DB-D8BE32E59E91}
		{96F32458-F331-41A1-A61D-6224E79BCF35} = {84DF72DC-A0A8-451F-AE8C-1E81A215A2DE}
		{9379C7DD-B56D-4B06-BF88-EE1858574C82} = {40539D0B-115F-4D80-81DB-D8BE32E59E91}
		{98C31D74-2370-432A-9C92-D4C0F011D913} = {40539D0B-115F-4D80-81DB-D8BE32E59E91}
		{681D6223-6E3E-40BC-BDD4-661FB6F4630E} = {951179A9-A7EF-472F-BE38-8256912E0629}
	EndGlobalSection
	GlobalSection(ExtensibilityGlobals) = postSolution
		SolutionGuid = {7D216EA9-F84D-4593-9B16-AA39F622BA27}
	EndGlobalSection
EndGlobal
