
Microsoft Visual Studio Solution File, Format Version 12.00
# Visual Studio Version 17
VisualStudioVersion = 17.5.33530.505
MinimumVisualStudioVersion = 10.0.40219.1
Project("{9A19103F-16F7-4668-BE54-9A1E7A4F7556}") = "JayTom.Dws.Client", "JayTom.Dws.Client\JayTom.Dws.Client.csproj", "{E441E480-04B3-4ACA-9B4A-50D56DAE5743}"
EndProject
Project("{2150E333-8FDC-42A3-9474-1A3956D46DE8}") = "Client", "Client", "{D0239141-95E0-4E00-9931-03DD632177FF}"
EndProject
Project("{9A19103F-16F7-4668-BE54-9A1E7A4F7556}") = "JayTom.Dws.ManagementStudio", "JayTom.Dws.ManagementStudio\JayTom.Dws.ManagementStudio.csproj", "{E58FF881-F127-41C5-9C55-327BA9DAD76F}"
EndProject
Project("{9A19103F-16F7-4668-BE54-9A1E7A4F7556}") = "JayTom.Dws.UpdaterClient", "JayTom.Dws.UpdaterClient\JayTom.Dws.UpdaterClient.csproj", "{ABF37FFE-820A-4BDE-8197-05026250DC91}"
EndProject
Project("{2150E333-8FDC-42A3-9474-1A3956D46DE8}") = "Api", "Api", "{11441402-0D1B-406F-AE3A-108D3401B66C}"
EndProject
Project("{9A19103F-16F7-4668-BE54-9A1E7A4F7556}") = "JayTom.Dws.ManagementApi", "JayTom.Dws.ManagementApi\JayTom.Dws.ManagementApi.csproj", "{32766EA9-739C-4843-B9CB-7F825E015899}"
EndProject
Project("{2150E333-8FDC-42A3-9474-1A3956D46DE8}") = "Application", "Application", "{E768BC6F-0B63-4C51-B2A7-F862385BD290}"
EndProject
Project("{2150E333-8FDC-42A3-9474-1A3956D46DE8}") = "Data", "Data", "{ADD80C28-9CC3-4E94-B93B-551214D8519A}"
EndProject
Project("{2150E333-8FDC-42A3-9474-1A3956D46DE8}") = "Domain", "Domain", "{D054C488-B91F-4F47-A46E-F19597E28F9E}"
EndProject
Project("{2150E333-8FDC-42A3-9474-1A3956D46DE8}") = "Infrastructure", "Infrastructure", "{EC37A0B8-2073-40DE-B212-43C5C943F692}"
EndProject
Project("{2150E333-8FDC-42A3-9474-1A3956D46DE8}") = "Interface", "Interface", "{3D2640A0-3F3F-4AF6-836C-AD8F7652F407}"
EndProject
Project("{2150E333-8FDC-42A3-9474-1A3956D46DE8}") = "Plugin", "Plugin", "{799E403B-D484-4C9D-8895-DB058A858146}"
EndProject
Project("{2150E333-8FDC-42A3-9474-1A3956D46DE8}") = "Service", "Service", "{0745A0EB-7B17-4A6E-91FC-CD27F12CE3B1}"
EndProject
Project("{2150E333-8FDC-42A3-9474-1A3956D46DE8}") = "Test", "Test", "{84DF72DC-A0A8-451F-AE8C-1E81A215A2DE}"
EndProject
Project("{2150E333-8FDC-42A3-9474-1A3956D46DE8}") = "Utils", "Utils", "{0CA233C0-8E44-4DCF-B66F-CE52DC1E4714}"
EndProject
Project("{2150E333-8FDC-42A3-9474-1A3956D46DE8}") = "Device", "Device", "{3925DB83-41E1-4AC0-B8BA-D1EE05AEC57E}"
EndProject
Project("{9A19103F-16F7-4668-BE54-9A1E7A4F7556}") = "JayTom.Dws.Data", "JayTom.Dws.Data\JayTom.Dws.Data.csproj", "{EEFD3271-D0F3-4580-8735-0D65BDAD6D3B}"
EndProject
Project("{9A19103F-16F7-4668-BE54-9A1E7A4F7556}") = "JayTom.Dws.Device", "JayTom.Dws.Device\JayTom.Dws.Device.csproj", "{7913DDB2-25E4-4612-A6B5-B32114F3B1C5}"
EndProject
Project("{9A19103F-16F7-4668-BE54-9A1E7A4F7556}") = "JayTom.Dws.Domain", "JayTom.Dws.Domain\JayTom.Dws.Domain.csproj", "{DABF8544-DEAC-4E5F-8426-ADEE882ED399}"
EndProject
Project("{9A19103F-16F7-4668-BE54-9A1E7A4F7556}") = "JayTom.Dws.Infrastructure", "JayTom.Dws.Infrastructure\JayTom.Dws.Infrastructure.csproj", "{F213B73B-3974-4DD6-8AC7-AFD59FEFB78C}"
EndProject
Project("{9A19103F-16F7-4668-BE54-9A1E7A4F7556}") = "JayTom.Dws.Application", "JayTom.Dws.Application\JayTom.Dws.Application.csproj", "{B28477FC-5D33-451B-9400-56D71B395FBF}"
EndProject
Project("{9A19103F-16F7-4668-BE54-9A1E7A4F7556}") = "JayTom.Dws.Plugin", "JayTom.Dws.Plugin\JayTom.Dws.Plugin.csproj", "{B70B714F-443F-482F-BAC9-353E54F3A7FB}"
EndProject
Project("{9A19103F-16F7-4668-BE54-9A1E7A4F7556}") = "JayTom.Dws.Utils", "JayTom.Dws.Utils\JayTom.Dws.Utils.csproj", "{1812569F-A118-4069-9F42-4DA623887F07}"
EndProject
Project("{9A19103F-16F7-4668-BE54-9A1E7A4F7556}") = "WpfApp1", "WpfApp1\WpfApp1.csproj", "{114D337D-D0A4-4CAE-BE05-059DF183CB7E}"
EndProject
Project("{9A19103F-16F7-4668-BE54-9A1E7A4F7556}") = "WinFormsApp1", "WinFormsApp1\WinFormsApp1.csproj", "{D8D483F5-A9DB-4BF5-B001-371741A67359}"
EndProject
Project("{9A19103F-16F7-4668-BE54-9A1E7A4F7556}") = "ConsoleApp1", "ConsoleApp1\ConsoleApp1.csproj", "{BE22CC8F-C859-47A9-8CEF-9190A31CEC6C}"
EndProject
Project("{9A19103F-16F7-4668-BE54-9A1E7A4F7556}") = "JayTom.Dws.Interface", "JayTom.Dws.Interface\JayTom.Dws.Interface.csproj", "{EF352ED7-4556-4F68-9267-F86BD4052174}"
EndProject
Project("{2150E333-8FDC-42A3-9474-1A3956D46DE8}") = "TemporaryClients", "TemporaryClients", "{E036EF03-359A-4A29-8304-FC2DAA6DF3B7}"
EndProject
Project("{9A19103F-16F7-4668-BE54-9A1E7A4F7556}") = "JayTom.Dws.TemporaryClient", "JayTom.Dws.TemporaryClient\JayTom.Dws.TemporaryClient.csproj", "{E458E58E-07F0-43BB-B065-D59744B0A621}"
EndProject
Project("{2150E333-8FDC-42A3-9474-1A3956D46DE8}") = "PluginInterface", "PluginInterface", "{1DE02A2E-314C-4824-9DDE-CB6BEB2434A8}"
EndProject
Project("{2150E333-8FDC-42A3-9474-1A3956D46DE8}") = "DashboardPagePlugin", "DashboardPagePlugin", "{E2FAB7B5-EF10-4365-BCAC-0A12A136B5F6}"
EndProject
Project("{2150E333-8FDC-42A3-9474-1A3956D46DE8}") = "DataValidationLogicPlugin", "DataValidationLogicPlugin", "{D0A2A26F-D54C-47F6-9660-66C58B98FE20}"
EndProject
Project("{2150E333-8FDC-42A3-9474-1A3956D46DE8}") = "PrinterDevicePlugin", "PrinterDevicePlugin", "{075D1562-5FC7-4CC3-888D-E6BD0F159BE8}"
EndProject
Project("{2150E333-8FDC-42A3-9474-1A3956D46DE8}") = "UploadApiPlugin", "UploadApiPlugin", "{D03D45B7-9ACD-44CA-A054-91F46C3B972A}"
EndProject
Project("{2150E333-8FDC-42A3-9474-1A3956D46DE8}") = "PluginModules", "PluginModules", "{E4AC1982-856C-4351-BCE6-CF8DC9FB8ACA}"
EndProject
Project("{9A19103F-16F7-4668-BE54-9A1E7A4F7556}") = "JayTom.Dws.PluginInterface", "JayTom.Dws.PluginInterface\JayTom.Dws.PluginInterface.csproj", "{EAC420D1-8CEE-4B11-BD41-50D7F5CDA575}"
EndProject
Project("{FAE04EC0-301F-11D3-BF4B-00C04F79EFBC}") = "WebApplication1", "WebApplication1\WebApplication1.csproj", "{D2955B03-CA9A-472F-9861-4E70BCBD67D8}"
EndProject
Global
	GlobalSection(SolutionConfigurationPlatforms) = preSolution
		Debug|Any CPU = Debug|Any CPU
		Debug|x64 = Debug|x64
		Debug|x86 = Debug|x86
		Release|Any CPU = Release|Any CPU
		Release|x64 = Release|x64
		Release|x86 = Release|x86
	EndGlobalSection
	GlobalSection(ProjectConfigurationPlatforms) = postSolution
		{E441E480-04B3-4ACA-9B4A-50D56DAE5743}.Debug|Any CPU.ActiveCfg = Debug|Any CPU
		{E441E480-04B3-4ACA-9B4A-50D56DAE5743}.Debug|Any CPU.Build.0 = Debug|Any CPU
		{E441E480-04B3-4ACA-9B4A-50D56DAE5743}.Debug|x64.ActiveCfg = Debug|x64
		{E441E480-04B3-4ACA-9B4A-50D56DAE5743}.Debug|x64.Build.0 = Debug|x64
		{E441E480-04B3-4ACA-9B4A-50D56DAE5743}.Debug|x86.ActiveCfg = Debug|x86
		{E441E480-04B3-4ACA-9B4A-50D56DAE5743}.Debug|x86.Build.0 = Debug|x86
		{E441E480-04B3-4ACA-9B4A-50D56DAE5743}.Release|Any CPU.ActiveCfg = Release|Any CPU
		{E441E480-04B3-4ACA-9B4A-50D56DAE5743}.Release|Any CPU.Build.0 = Release|Any CPU
		{E441E480-04B3-4ACA-9B4A-50D56DAE5743}.Release|x64.ActiveCfg = Release|x64
		{E441E480-04B3-4ACA-9B4A-50D56DAE5743}.Release|x64.Build.0 = Release|x64
		{E441E480-04B3-4ACA-9B4A-50D56DAE5743}.Release|x86.ActiveCfg = Release|x86
		{E441E480-04B3-4ACA-9B4A-50D56DAE5743}.Release|x86.Build.0 = Release|x86
		{E58FF881-F127-41C5-9C55-327BA9DAD76F}.Debug|Any CPU.ActiveCfg = Debug|Any CPU
		{E58FF881-F127-41C5-9C55-327BA9DAD76F}.Debug|Any CPU.Build.0 = Debug|Any CPU
		{E58FF881-F127-41C5-9C55-327BA9DAD76F}.Debug|x64.ActiveCfg = Debug|x64
		{E58FF881-F127-41C5-9C55-327BA9DAD76F}.Debug|x64.Build.0 = Debug|x64
		{E58FF881-F127-41C5-9C55-327BA9DAD76F}.Debug|x86.ActiveCfg = Debug|x86
		{E58FF881-F127-41C5-9C55-327BA9DAD76F}.Debug|x86.Build.0 = Debug|x86
		{E58FF881-F127-41C5-9C55-327BA9DAD76F}.Release|Any CPU.ActiveCfg = Release|Any CPU
		{E58FF881-F127-41C5-9C55-327BA9DAD76F}.Release|Any CPU.Build.0 = Release|Any CPU
		{E58FF881-F127-41C5-9C55-327BA9DAD76F}.Release|x64.ActiveCfg = Release|x64
		{E58FF881-F127-41C5-9C55-327BA9DAD76F}.Release|x64.Build.0 = Release|x64
		{E58FF881-F127-41C5-9C55-327BA9DAD76F}.Release|x86.ActiveCfg = Release|x86
		{E58FF881-F127-41C5-9C55-327BA9DAD76F}.Release|x86.Build.0 = Release|x86
		{ABF37FFE-820A-4BDE-8197-05026250DC91}.Debug|Any CPU.ActiveCfg = Debug|Any CPU
		{ABF37FFE-820A-4BDE-8197-05026250DC91}.Debug|Any CPU.Build.0 = Debug|Any CPU
		{ABF37FFE-820A-4BDE-8197-05026250DC91}.Debug|x64.ActiveCfg = Debug|x64
		{ABF37FFE-820A-4BDE-8197-05026250DC91}.Debug|x64.Build.0 = Debug|x64
		{ABF37FFE-820A-4BDE-8197-05026250DC91}.Debug|x86.ActiveCfg = Debug|x86
		{ABF37FFE-820A-4BDE-8197-05026250DC91}.Debug|x86.Build.0 = Debug|x86
		{ABF37FFE-820A-4BDE-8197-05026250DC91}.Release|Any CPU.ActiveCfg = Release|Any CPU
		{ABF37FFE-820A-4BDE-8197-05026250DC91}.Release|Any CPU.Build.0 = Release|Any CPU
		{ABF37FFE-820A-4BDE-8197-05026250DC91}.Release|x64.ActiveCfg = Release|x64
		{ABF37FFE-820A-4BDE-8197-05026250DC91}.Release|x64.Build.0 = Release|x64
		{ABF37FFE-820A-4BDE-8197-05026250DC91}.Release|x86.ActiveCfg = Release|x86
		{ABF37FFE-820A-4BDE-8197-05026250DC91}.Release|x86.Build.0 = Release|x86
		{32766EA9-739C-4843-B9CB-7F825E015899}.Debug|Any CPU.ActiveCfg = Debug|Any CPU
		{32766EA9-739C-4843-B9CB-7F825E015899}.Debug|Any CPU.Build.0 = Debug|Any CPU
		{32766EA9-739C-4843-B9CB-7F825E015899}.Debug|x64.ActiveCfg = Debug|x64
		{32766EA9-739C-4843-B9CB-7F825E015899}.Debug|x64.Build.0 = Debug|x64
		{32766EA9-739C-4843-B9CB-7F825E015899}.Debug|x86.ActiveCfg = Debug|x86
		{32766EA9-739C-4843-B9CB-7F825E015899}.Debug|x86.Build.0 = Debug|x86
		{32766EA9-739C-4843-B9CB-7F825E015899}.Release|Any CPU.ActiveCfg = Release|Any CPU
		{32766EA9-739C-4843-B9CB-7F825E015899}.Release|Any CPU.Build.0 = Release|Any CPU
		{32766EA9-739C-4843-B9CB-7F825E015899}.Release|x64.ActiveCfg = Release|x64
		{32766EA9-739C-4843-B9CB-7F825E015899}.Release|x64.Build.0 = Release|x64
		{32766EA9-739C-4843-B9CB-7F825E015899}.Release|x86.ActiveCfg = Release|x86
		{32766EA9-739C-4843-B9CB-7F825E015899}.Release|x86.Build.0 = Release|x86
		{EEFD3271-D0F3-4580-8735-0D65BDAD6D3B}.Debug|Any CPU.ActiveCfg = Debug|Any CPU
		{EEFD3271-D0F3-4580-8735-0D65BDAD6D3B}.Debug|Any CPU.Build.0 = Debug|Any CPU
		{EEFD3271-D0F3-4580-8735-0D65BDAD6D3B}.Debug|x64.ActiveCfg = Debug|x64
		{EEFD3271-D0F3-4580-8735-0D65BDAD6D3B}.Debug|x64.Build.0 = Debug|x64
		{EEFD3271-D0F3-4580-8735-0D65BDAD6D3B}.Debug|x86.ActiveCfg = Debug|x86
		{EEFD3271-D0F3-4580-8735-0D65BDAD6D3B}.Debug|x86.Build.0 = Debug|x86
		{EEFD3271-D0F3-4580-8735-0D65BDAD6D3B}.Release|Any CPU.ActiveCfg = Release|Any CPU
		{EEFD3271-D0F3-4580-8735-0D65BDAD6D3B}.Release|Any CPU.Build.0 = Release|Any CPU
		{EEFD3271-D0F3-4580-8735-0D65BDAD6D3B}.Release|x64.ActiveCfg = Release|x64
		{EEFD3271-D0F3-4580-8735-0D65BDAD6D3B}.Release|x64.Build.0 = Release|x64
		{EEFD3271-D0F3-4580-8735-0D65BDAD6D3B}.Release|x86.ActiveCfg = Release|x86
		{EEFD3271-D0F3-4580-8735-0D65BDAD6D3B}.Release|x86.Build.0 = Release|x86
		{7913DDB2-25E4-4612-A6B5-B32114F3B1C5}.Debug|Any CPU.ActiveCfg = Debug|Any CPU
		{7913DDB2-25E4-4612-A6B5-B32114F3B1C5}.Debug|Any CPU.Build.0 = Debug|Any CPU
		{7913DDB2-25E4-4612-A6B5-B32114F3B1C5}.Debug|x64.ActiveCfg = Debug|x64
		{7913DDB2-25E4-4612-A6B5-B32114F3B1C5}.Debug|x64.Build.0 = Debug|x64
		{7913DDB2-25E4-4612-A6B5-B32114F3B1C5}.Debug|x86.ActiveCfg = Debug|x86
		{7913DDB2-25E4-4612-A6B5-B32114F3B1C5}.Debug|x86.Build.0 = Debug|x86
		{7913DDB2-25E4-4612-A6B5-B32114F3B1C5}.Release|Any CPU.ActiveCfg = Release|Any CPU
		{7913DDB2-25E4-4612-A6B5-B32114F3B1C5}.Release|Any CPU.Build.0 = Release|Any CPU
		{7913DDB2-25E4-4612-A6B5-B32114F3B1C5}.Release|x64.ActiveCfg = Release|x64
		{7913DDB2-25E4-4612-A6B5-B32114F3B1C5}.Release|x64.Build.0 = Release|x64
		{7913DDB2-25E4-4612-A6B5-B32114F3B1C5}.Release|x86.ActiveCfg = Release|x86
		{7913DDB2-25E4-4612-A6B5-B32114F3B1C5}.Release|x86.Build.0 = Release|x86
		{DABF8544-DEAC-4E5F-8426-ADEE882ED399}.Debug|Any CPU.ActiveCfg = Debug|Any CPU
		{DABF8544-DEAC-4E5F-8426-ADEE882ED399}.Debug|Any CPU.Build.0 = Debug|Any CPU
		{DABF8544-DEAC-4E5F-8426-ADEE882ED399}.Debug|x64.ActiveCfg = Debug|x64
		{DABF8544-DEAC-4E5F-8426-ADEE882ED399}.Debug|x64.Build.0 = Debug|x64
		{DABF8544-DEAC-4E5F-8426-ADEE882ED399}.Debug|x86.ActiveCfg = Debug|x86
		{DABF8544-DEAC-4E5F-8426-ADEE882ED399}.Debug|x86.Build.0 = Debug|x86
		{DABF8544-DEAC-4E5F-8426-ADEE882ED399}.Release|Any CPU.ActiveCfg = Release|Any CPU
		{DABF8544-DEAC-4E5F-8426-ADEE882ED399}.Release|Any CPU.Build.0 = Release|Any CPU
		{DABF8544-DEAC-4E5F-8426-ADEE882ED399}.Release|x64.ActiveCfg = Release|x64
		{DABF8544-DEAC-4E5F-8426-ADEE882ED399}.Release|x64.Build.0 = Release|x64
		{DABF8544-DEAC-4E5F-8426-ADEE882ED399}.Release|x86.ActiveCfg = Release|x86
		{DABF8544-DEAC-4E5F-8426-ADEE882ED399}.Release|x86.Build.0 = Release|x86
		{F213B73B-3974-4DD6-8AC7-AFD59FEFB78C}.Debug|Any CPU.ActiveCfg = Debug|Any CPU
		{F213B73B-3974-4DD6-8AC7-AFD59FEFB78C}.Debug|Any CPU.Build.0 = Debug|Any CPU
		{F213B73B-3974-4DD6-8AC7-AFD59FEFB78C}.Debug|x64.ActiveCfg = Debug|x64
		{F213B73B-3974-4DD6-8AC7-AFD59FEFB78C}.Debug|x64.Build.0 = Debug|x64
		{F213B73B-3974-4DD6-8AC7-AFD59FEFB78C}.Debug|x86.ActiveCfg = Debug|x86
		{F213B73B-3974-4DD6-8AC7-AFD59FEFB78C}.Debug|x86.Build.0 = Debug|x86
		{F213B73B-3974-4DD6-8AC7-AFD59FEFB78C}.Release|Any CPU.ActiveCfg = Release|Any CPU
		{F213B73B-3974-4DD6-8AC7-AFD59FEFB78C}.Release|Any CPU.Build.0 = Release|Any CPU
		{F213B73B-3974-4DD6-8AC7-AFD59FEFB78C}.Release|x64.ActiveCfg = Release|x64
		{F213B73B-3974-4DD6-8AC7-AFD59FEFB78C}.Release|x64.Build.0 = Release|x64
		{F213B73B-3974-4DD6-8AC7-AFD59FEFB78C}.Release|x86.ActiveCfg = Release|x86
		{F213B73B-3974-4DD6-8AC7-AFD59FEFB78C}.Release|x86.Build.0 = Release|x86
		{B28477FC-5D33-451B-9400-56D71B395FBF}.Debug|Any CPU.ActiveCfg = Debug|Any CPU
		{B28477FC-5D33-451B-9400-56D71B395FBF}.Debug|Any CPU.Build.0 = Debug|Any CPU
		{B28477FC-5D33-451B-9400-56D71B395FBF}.Debug|x64.ActiveCfg = Debug|x64
		{B28477FC-5D33-451B-9400-56D71B395FBF}.Debug|x64.Build.0 = Debug|x64
		{B28477FC-5D33-451B-9400-56D71B395FBF}.Debug|x86.ActiveCfg = Debug|x86
		{B28477FC-5D33-451B-9400-56D71B395FBF}.Debug|x86.Build.0 = Debug|x86
		{B28477FC-5D33-451B-9400-56D71B395FBF}.Release|Any CPU.ActiveCfg = Release|Any CPU
		{B28477FC-5D33-451B-9400-56D71B395FBF}.Release|Any CPU.Build.0 = Release|Any CPU
		{B28477FC-5D33-451B-9400-56D71B395FBF}.Release|x64.ActiveCfg = Release|x64
		{B28477FC-5D33-451B-9400-56D71B395FBF}.Release|x64.Build.0 = Release|x64
		{B28477FC-5D33-451B-9400-56D71B395FBF}.Release|x86.ActiveCfg = Release|x86
		{B28477FC-5D33-451B-9400-56D71B395FBF}.Release|x86.Build.0 = Release|x86
		{B70B714F-443F-482F-BAC9-353E54F3A7FB}.Debug|Any CPU.ActiveCfg = Debug|Any CPU
		{B70B714F-443F-482F-BAC9-353E54F3A7FB}.Debug|Any CPU.Build.0 = Debug|Any CPU
		{B70B714F-443F-482F-BAC9-353E54F3A7FB}.Debug|x64.ActiveCfg = Debug|x64
		{B70B714F-443F-482F-BAC9-353E54F3A7FB}.Debug|x64.Build.0 = Debug|x64
		{B70B714F-443F-482F-BAC9-353E54F3A7FB}.Debug|x86.ActiveCfg = Debug|x86
		{B70B714F-443F-482F-BAC9-353E54F3A7FB}.Debug|x86.Build.0 = Debug|x86
		{B70B714F-443F-482F-BAC9-353E54F3A7FB}.Release|Any CPU.ActiveCfg = Release|Any CPU
		{B70B714F-443F-482F-BAC9-353E54F3A7FB}.Release|Any CPU.Build.0 = Release|Any CPU
		{B70B714F-443F-482F-BAC9-353E54F3A7FB}.Release|x64.ActiveCfg = Release|x64
		{B70B714F-443F-482F-BAC9-353E54F3A7FB}.Release|x64.Build.0 = Release|x64
		{B70B714F-443F-482F-BAC9-353E54F3A7FB}.Release|x86.ActiveCfg = Release|x86
		{B70B714F-443F-482F-BAC9-353E54F3A7FB}.Release|x86.Build.0 = Release|x86
		{1812569F-A118-4069-9F42-4DA623887F07}.Debug|Any CPU.ActiveCfg = Debug|Any CPU
		{1812569F-A118-4069-9F42-4DA623887F07}.Debug|Any CPU.Build.0 = Debug|Any CPU
		{1812569F-A118-4069-9F42-4DA623887F07}.Debug|x64.ActiveCfg = Debug|x64
		{1812569F-A118-4069-9F42-4DA623887F07}.Debug|x64.Build.0 = Debug|x64
		{1812569F-A118-4069-9F42-4DA623887F07}.Debug|x86.ActiveCfg = Debug|x86
		{1812569F-A118-4069-9F42-4DA623887F07}.Debug|x86.Build.0 = Debug|x86
		{1812569F-A118-4069-9F42-4DA623887F07}.Release|Any CPU.ActiveCfg = Release|Any CPU
		{1812569F-A118-4069-9F42-4DA623887F07}.Release|Any CPU.Build.0 = Release|Any CPU
		{1812569F-A118-4069-9F42-4DA623887F07}.Release|x64.ActiveCfg = Release|x64
		{1812569F-A118-4069-9F42-4DA623887F07}.Release|x64.Build.0 = Release|x64
		{1812569F-A118-4069-9F42-4DA623887F07}.Release|x86.ActiveCfg = Release|x86
		{1812569F-A118-4069-9F42-4DA623887F07}.Release|x86.Build.0 = Release|x86
		{114D337D-D0A4-4CAE-BE05-059DF183CB7E}.Debug|Any CPU.ActiveCfg = Debug|Any CPU
		{114D337D-D0A4-4CAE-BE05-059DF183CB7E}.Debug|Any CPU.Build.0 = Debug|Any CPU
		{114D337D-D0A4-4CAE-BE05-059DF183CB7E}.Debug|x64.ActiveCfg = Debug|x64
		{114D337D-D0A4-4CAE-BE05-059DF183CB7E}.Debug|x64.Build.0 = Debug|x64
		{114D337D-D0A4-4CAE-BE05-059DF183CB7E}.Debug|x86.ActiveCfg = Debug|x64
		{114D337D-D0A4-4CAE-BE05-059DF183CB7E}.Debug|x86.Build.0 = Debug|x64
		{114D337D-D0A4-4CAE-BE05-059DF183CB7E}.Release|Any CPU.ActiveCfg = Release|x64
		{114D337D-D0A4-4CAE-BE05-059DF183CB7E}.Release|x64.ActiveCfg = Release|x64
		{114D337D-D0A4-4CAE-BE05-059DF183CB7E}.Release|x64.Build.0 = Release|x64
		{114D337D-D0A4-4CAE-BE05-059DF183CB7E}.Release|x86.ActiveCfg = Release|x86
		{114D337D-D0A4-4CAE-BE05-059DF183CB7E}.Release|x86.Build.0 = Release|x86
		{D8D483F5-A9DB-4BF5-B001-371741A67359}.Debug|Any CPU.ActiveCfg = Debug|Any CPU
		{D8D483F5-A9DB-4BF5-B001-371741A67359}.Debug|Any CPU.Build.0 = Debug|Any CPU
		{D8D483F5-A9DB-4BF5-B001-371741A67359}.Debug|x64.ActiveCfg = Debug|x64
		{D8D483F5-A9DB-4BF5-B001-371741A67359}.Debug|x64.Build.0 = Debug|x64
		{D8D483F5-A9DB-4BF5-B001-371741A67359}.Debug|x86.ActiveCfg = Debug|x64
		{D8D483F5-A9DB-4BF5-B001-371741A67359}.Debug|x86.Build.0 = Debug|x64
		{D8D483F5-A9DB-4BF5-B001-371741A67359}.Release|Any CPU.ActiveCfg = Release|Any CPU
		{D8D483F5-A9DB-4BF5-B001-371741A67359}.Release|Any CPU.Build.0 = Release|Any CPU
		{D8D483F5-A9DB-4BF5-B001-371741A67359}.Release|x64.ActiveCfg = Release|x64
		{D8D483F5-A9DB-4BF5-B001-371741A67359}.Release|x64.Build.0 = Release|x64
		{D8D483F5-A9DB-4BF5-B001-371741A67359}.Release|x86.ActiveCfg = Release|x86
		{D8D483F5-A9DB-4BF5-B001-371741A67359}.Release|x86.Build.0 = Release|x86
		{BE22CC8F-C859-47A9-8CEF-9190A31CEC6C}.Debug|Any CPU.ActiveCfg = Debug|Any CPU
		{BE22CC8F-C859-47A9-8CEF-9190A31CEC6C}.Debug|Any CPU.Build.0 = Debug|Any CPU
		{BE22CC8F-C859-47A9-8CEF-9190A31CEC6C}.Debug|x64.ActiveCfg = Debug|Any CPU
		{BE22CC8F-C859-47A9-8CEF-9190A31CEC6C}.Debug|x64.Build.0 = Debug|Any CPU
		{BE22CC8F-C859-47A9-8CEF-9190A31CEC6C}.Debug|x86.ActiveCfg = Debug|Any CPU
		{BE22CC8F-C859-47A9-8CEF-9190A31CEC6C}.Debug|x86.Build.0 = Debug|Any CPU
		{BE22CC8F-C859-47A9-8CEF-9190A31CEC6C}.Release|Any CPU.ActiveCfg = Release|Any CPU
		{BE22CC8F-C859-47A9-8CEF-9190A31CEC6C}.Release|Any CPU.Build.0 = Release|Any CPU
		{BE22CC8F-C859-47A9-8CEF-9190A31CEC6C}.Release|x64.ActiveCfg = Release|Any CPU
		{BE22CC8F-C859-47A9-8CEF-9190A31CEC6C}.Release|x64.Build.0 = Release|Any CPU
		{BE22CC8F-C859-47A9-8CEF-9190A31CEC6C}.Release|x86.ActiveCfg = Release|Any CPU
		{BE22CC8F-C859-47A9-8CEF-9190A31CEC6C}.Release|x86.Build.0 = Release|Any CPU
		{EF352ED7-4556-4F68-9267-F86BD4052174}.Debug|Any CPU.ActiveCfg = Debug|Any CPU
		{EF352ED7-4556-4F68-9267-F86BD4052174}.Debug|Any CPU.Build.0 = Debug|Any CPU
		{EF352ED7-4556-4F68-9267-F86BD4052174}.Debug|x64.ActiveCfg = Debug|Any CPU
		{EF352ED7-4556-4F68-9267-F86BD4052174}.Debug|x64.Build.0 = Debug|Any CPU
		{EF352ED7-4556-4F68-9267-F86BD4052174}.Debug|x86.ActiveCfg = Debug|Any CPU
		{EF352ED7-4556-4F68-9267-F86BD4052174}.Debug|x86.Build.0 = Debug|Any CPU
		{EF352ED7-4556-4F68-9267-F86BD4052174}.Release|Any CPU.ActiveCfg = Release|Any CPU
		{EF352ED7-4556-4F68-9267-F86BD4052174}.Release|Any CPU.Build.0 = Release|Any CPU
		{EF352ED7-4556-4F68-9267-F86BD4052174}.Release|x64.ActiveCfg = Release|Any CPU
		{EF352ED7-4556-4F68-9267-F86BD4052174}.Release|x64.Build.0 = Release|Any CPU
		{EF352ED7-4556-4F68-9267-F86BD4052174}.Release|x86.ActiveCfg = Release|Any CPU
		{EF352ED7-4556-4F68-9267-F86BD4052174}.Release|x86.Build.0 = Release|Any CPU
		{E458E58E-07F0-43BB-B065-D59744B0A621}.Debug|Any CPU.ActiveCfg = Debug|Any CPU
		{E458E58E-07F0-43BB-B065-D59744B0A621}.Debug|Any CPU.Build.0 = Debug|Any CPU
		{E458E58E-07F0-43BB-B065-D59744B0A621}.Debug|x64.ActiveCfg = Debug|Any CPU
		{E458E58E-07F0-43BB-B065-D59744B0A621}.Debug|x64.Build.0 = Debug|Any CPU
		{E458E58E-07F0-43BB-B065-D59744B0A621}.Debug|x86.ActiveCfg = Debug|Any CPU
		{E458E58E-07F0-43BB-B065-D59744B0A621}.Debug|x86.Build.0 = Debug|Any CPU
		{E458E58E-07F0-43BB-B065-D59744B0A621}.Release|Any CPU.ActiveCfg = Release|Any CPU
		{E458E58E-07F0-43BB-B065-D59744B0A621}.Release|Any CPU.Build.0 = Release|Any CPU
		{E458E58E-07F0-43BB-B065-D59744B0A621}.Release|x64.ActiveCfg = Release|Any CPU
		{E458E58E-07F0-43BB-B065-D59744B0A621}.Release|x64.Build.0 = Release|Any CPU
		{E458E58E-07F0-43BB-B065-D59744B0A621}.Release|x86.ActiveCfg = Release|Any CPU
		{E458E58E-07F0-43BB-B065-D59744B0A621}.Release|x86.Build.0 = Release|Any CPU
		{EAC420D1-8CEE-4B11-BD41-50D7F5CDA575}.Debug|Any CPU.ActiveCfg = Debug|Any CPU
		{EAC420D1-8CEE-4B11-BD41-50D7F5CDA575}.Debug|Any CPU.Build.0 = Debug|Any CPU
		{EAC420D1-8CEE-4B11-BD41-50D7F5CDA575}.Debug|x64.ActiveCfg = Debug|Any CPU
		{EAC420D1-8CEE-4B11-BD41-50D7F5CDA575}.Debug|x64.Build.0 = Debug|Any CPU
		{EAC420D1-8CEE-4B11-BD41-50D7F5CDA575}.Debug|x86.ActiveCfg = Debug|Any CPU
		{EAC420D1-8CEE-4B11-BD41-50D7F5CDA575}.Debug|x86.Build.0 = Debug|Any CPU
		{EAC420D1-8CEE-4B11-BD41-50D7F5CDA575}.Release|Any CPU.ActiveCfg = Release|Any CPU
		{EAC420D1-8CEE-4B11-BD41-50D7F5CDA575}.Release|Any CPU.Build.0 = Release|Any CPU
		{EAC420D1-8CEE-4B11-BD41-50D7F5CDA575}.Release|x64.ActiveCfg = Release|Any CPU
		{EAC420D1-8CEE-4B11-BD41-50D7F5CDA575}.Release|x64.Build.0 = Release|Any CPU
		{EAC420D1-8CEE-4B11-BD41-50D7F5CDA575}.Release|x86.ActiveCfg = Release|Any CPU
		{EAC420D1-8CEE-4B11-BD41-50D7F5CDA575}.Release|x86.Build.0 = Release|Any CPU
		{D2955B03-CA9A-472F-9861-4E70BCBD67D8}.Debug|Any CPU.ActiveCfg = Debug|Any CPU
		{D2955B03-CA9A-472F-9861-4E70BCBD67D8}.Debug|Any CPU.Build.0 = Debug|Any CPU
		{D2955B03-CA9A-472F-9861-4E70BCBD67D8}.Debug|x64.ActiveCfg = Debug|Any CPU
		{D2955B03-CA9A-472F-9861-4E70BCBD67D8}.Debug|x64.Build.0 = Debug|Any CPU
		{D2955B03-CA9A-472F-9861-4E70BCBD67D8}.Debug|x86.ActiveCfg = Debug|Any CPU
		{D2955B03-CA9A-472F-9861-4E70BCBD67D8}.Debug|x86.Build.0 = Debug|Any CPU
		{D2955B03-CA9A-472F-9861-4E70BCBD67D8}.Release|Any CPU.ActiveCfg = Release|Any CPU
		{D2955B03-CA9A-472F-9861-4E70BCBD67D8}.Release|Any CPU.Build.0 = Release|Any CPU
		{D2955B03-CA9A-472F-9861-4E70BCBD67D8}.Release|x64.ActiveCfg = Release|Any CPU
		{D2955B03-CA9A-472F-9861-4E70BCBD67D8}.Release|x64.Build.0 = Release|Any CPU
		{D2955B03-CA9A-472F-9861-4E70BCBD67D8}.Release|x86.ActiveCfg = Release|Any CPU
		{D2955B03-CA9A-472F-9861-4E70BCBD67D8}.Release|x86.Build.0 = Release|Any CPU
	EndGlobalSection
	GlobalSection(SolutionProperties) = preSolution
		HideSolutionNode = FALSE
	EndGlobalSection
	GlobalSection(NestedProjects) = preSolution
		{E441E480-04B3-4ACA-9B4A-50D56DAE5743} = {D0239141-95E0-4E00-9931-03DD632177FF}
		{E58FF881-F127-41C5-9C55-327BA9DAD76F} = {D0239141-95E0-4E00-9931-03DD632177FF}
		{ABF37FFE-820A-4BDE-8197-05026250DC91} = {D0239141-95E0-4E00-9931-03DD632177FF}
		{32766EA9-739C-4843-B9CB-7F825E015899} = {11441402-0D1B-406F-AE3A-108D3401B66C}
		{EEFD3271-D0F3-4580-8735-0D65BDAD6D3B} = {ADD80C28-9CC3-4E94-B93B-551214D8519A}
		{7913DDB2-25E4-4612-A6B5-B32114F3B1C5} = {3925DB83-41E1-4AC0-B8BA-D1EE05AEC57E}
		{DABF8544-DEAC-4E5F-8426-ADEE882ED399} = {D054C488-B91F-4F47-A46E-F19597E28F9E}
		{F213B73B-3974-4DD6-8AC7-AFD59FEFB78C} = {EC37A0B8-2073-40DE-B212-43C5C943F692}
		{B28477FC-5D33-451B-9400-56D71B395FBF} = {E768BC6F-0B63-4C51-B2A7-F862385BD290}
		{B70B714F-443F-482F-BAC9-353E54F3A7FB} = {799E403B-D484-4C9D-8895-DB058A858146}
		{1812569F-A118-4069-9F42-4DA623887F07} = {0CA233C0-8E44-4DCF-B66F-CE52DC1E4714}
		{114D337D-D0A4-4CAE-BE05-059DF183CB7E} = {84DF72DC-A0A8-451F-AE8C-1E81A215A2DE}
		{D8D483F5-A9DB-4BF5-B001-371741A67359} = {84DF72DC-A0A8-451F-AE8C-1E81A215A2DE}
		{BE22CC8F-C859-47A9-8CEF-9190A31CEC6C} = {84DF72DC-A0A8-451F-AE8C-1E81A215A2DE}
		{EF352ED7-4556-4F68-9267-F86BD4052174} = {3D2640A0-3F3F-4AF6-836C-AD8F7652F407}
		{E458E58E-07F0-43BB-B065-D59744B0A621} = {E036EF03-359A-4A29-8304-FC2DAA6DF3B7}
		{E2FAB7B5-EF10-4365-BCAC-0A12A136B5F6} = {E4AC1982-856C-4351-BCE6-CF8DC9FB8ACA}
		{D0A2A26F-D54C-47F6-9660-66C58B98FE20} = {E4AC1982-856C-4351-BCE6-CF8DC9FB8ACA}
		{075D1562-5FC7-4CC3-888D-E6BD0F159BE8} = {E4AC1982-856C-4351-BCE6-CF8DC9FB8ACA}
		{D03D45B7-9ACD-44CA-A054-91F46C3B972A} = {E4AC1982-856C-4351-BCE6-CF8DC9FB8ACA}
		{EAC420D1-8CEE-4B11-BD41-50D7F5CDA575} = {1DE02A2E-314C-4824-9DDE-CB6BEB2434A8}
		{D2955B03-CA9A-472F-9861-4E70BCBD67D8} = {84DF72DC-A0A8-451F-AE8C-1E81A215A2DE}
	EndGlobalSection
	GlobalSection(ExtensibilityGlobals) = postSolution
		SolutionGuid = {7D216EA9-F84D-4593-9B16-AA39F622BA27}
	EndGlobalSection
EndGlobal
