
Microsoft Visual Studio Solution File, Format Version 12.00
# Visual Studio Version 17
VisualStudioVersion = 17.0.31717.71
MinimumVisualStudioVersion = 10.0.40219.1
Project("{9A19103F-16F7-4668-BE54-9A1E7A4F7556}") = "MyApplication", "MyApplication.csproj", "{CA6EE63C-2F8C-4788-979D-15C574B4F0AE}"
EndProject
Global
	GlobalSection(SolutionConfigurationPlatforms) = preSolution
		Debug|Any CPU = Debug|Any CPU
		Release|Any CPU = Release|Any CPU
	EndGlobalSection
	GlobalSection(ProjectConfigurationPlatforms) = postSolution
		{CA6EE63C-2F8C-4788-979D-15C574B4F0AE}.Debug|Any CPU.ActiveCfg = Debug|Any CPU
		{CA6EE63C-2F8C-4788-979D-15C574B4F0AE}.Debug|Any CPU.Build.0 = Debug|Any CPU
		{CA6EE63C-2F8C-4788-979D-15C574B4F0AE}.Release|Any CPU.ActiveCfg = Release|Any CPU
		{CA6EE63C-2F8C-4788-979D-15C574B4F0AE}.Release|Any CPU.Build.0 = Release|Any CPU
	EndGlobalSection
	GlobalSection(SolutionProperties) = preSolution
		HideSolutionNode = FALSE
	EndGlobalSection
	GlobalSection(ExtensibilityGlobals) = postSolution
		SolutionGuid = {A930C565-700A-4129-AC24-13092446C32E}
	EndGlobalSection
EndGlobal